{"SurveyEntry":{"SurveyID":"SV_8AkVX2Wfri9Dtcx","SurveyName":"Screening Survey","SurveyDescription":null,"SurveyOwnerID":"UR_ebbKXlZLV80ZKU5","SurveyBrandID":"oxfordxpsy","DivisionID":"DV_4U6IG5qCmSNmy6V","SurveyLanguage":"EN-GB","SurveyActiveResponseSet":"RS_0vc4bprD2T20n53","SurveyStatus":"Active","SurveyStartDate":"0000-00-00 00:00:00","SurveyExpirationDate":"0000-00-00 00:00:00","SurveyCreationDate":"2019-06-27 04:17:45","CreatorID":"UR_ebbKXlZLV80ZKU5","LastModified":"2020-11-09 08:25:42","LastAccessed":"0000-00-00 00:00:00","LastActivated":"2019-08-02 09:11:16","Deleted":null},"SurveyElements":[{"SurveyID":"SV_8AkVX2Wfri9Dtcx","Element":"BL","PrimaryAttribute":"Survey Blocks","SecondaryAttribute":null,"TertiaryAttribute":null,"Payload":{"1":{"Type":"Trash","Description":"Trash \/ Unused Questions","ID":"BL_5vCQQ0oOiryRxDD","BlockElements":[{"Type":"Question","QuestionID":"QID49"},{"Type":"Question","QuestionID":"QID30"},{"Type":"Question","QuestionID":"QID31"},{"Type":"Question","QuestionID":"QID32"},{"Type":"Question","QuestionID":"QID34"},{"Type":"Question","QuestionID":"QID36"},{"Type":"Question","QuestionID":"QID40"},{"Type":"Question","QuestionID":"QID41"},{"Type":"Question","QuestionID":"QID37"},{"Type":"Question","QuestionID":"QID39"},{"Type":"Question","QuestionID":"QID29"},{"Type":"Question","QuestionID":"QID5"},{"Type":"Question","QuestionID":"QID7"},{"Type":"Question","QuestionID":"QID51"},{"Type":"Question","QuestionID":"QID55"}],"Options":{"BlockLocking":"false","RandomizeQuestions":"false","BlockVisibility":"Expanded"}},"6":{"Type":"Standard","SubType":"","Description":"Demographics","ID":"BL_djqqoGHoPc51j3T","BlockElements":[{"Type":"Question","QuestionID":"QID58"},{"Type":"Question","QuestionID":"QID42"},{"Type":"Question","QuestionID":"QID43"},{"Type":"Question","QuestionID":"QID44"},{"Type":"Question","QuestionID":"QID53"},{"Type":"Question","QuestionID":"QID45"},{"Type":"Question","QuestionID":"QID47"},{"Type":"Question","QuestionID":"QID48"},{"Type":"Question","QuestionID":"QID46"},{"Type":"Question","QuestionID":"QID50"},{"Type":"Question","QuestionID":"QID59"},{"Type":"Question","QuestionID":"QID56"},{"Type":"Question","QuestionID":"QID57"}]},"8":{"Type":"Standard","SubType":"","Description":"Other questions","ID":"BL_a3k12CQpMDRE3gV","BlockElements":[{"Type":"Question","QuestionID":"QID54"},{"Type":"Question","QuestionID":"QID52"}]}}},{"SurveyID":"SV_8AkVX2Wfri9Dtcx","Element":"FL","PrimaryAttribute":"Survey Flow","SecondaryAttribute":null,"TertiaryAttribute":null,"Payload":{"Type":"Root","FlowID":"FL_1","Flow":[{"Type":"EmbeddedData","FlowID":"FL_5","EmbeddedData":[{"Description":"PROLIFIC_PID","Type":"Recipient","Field":"PROLIFIC_PID","VariableType":"String","DataVisibility":[],"AnalyzeText":false},{"Description":"STUDY_ID","Type":"Recipient","Field":"STUDY_ID","VariableType":"String","DataVisibility":[],"AnalyzeText":false},{"Description":"SESSION_ID","Type":"Recipient","Field":"SESSION_ID","VariableType":"String","DataVisibility":[],"AnalyzeText":false},{"Description":"SAMPLE","Type":"Recipient","Field":"SAMPLE","VariableType":"String","DataVisibility":[],"AnalyzeText":false}]},{"Type":"Standard","ID":"BL_djqqoGHoPc51j3T","FlowID":"FL_11","Autofill":[]}],"Properties":{"Count":17,"RemovedFieldsets":[]}}},{"SurveyID":"SV_8AkVX2Wfri9Dtcx","Element":"SO","PrimaryAttribute":"Survey Options","SecondaryAttribute":null,"TertiaryAttribute":null,"Payload":{"BackButton":"false","SaveAndContinue":"true","SurveyProtection":"PublicSurvey","BallotBoxStuffingPrevention":"false","NoIndex":"Yes","SecureResponseFiles":"true","SurveyExpiration":null,"SurveyTermination":"Redirect","Header":"","Footer":"","ProgressBarDisplay":"None","PartialData":"+1 week","ValidationMessage":null,"PreviousButton":" \u2190 ","NextButton":" \u2192 ","SkinLibrary":"Qualtrics","SkinType":"MQ","Skin":"v4qualtrics1","NewScoring":1,"libraryId":"","nextButtonMid":"","previousButtonMid":"","headerMid":"","footerMid":"","QuestionsPerPage":"","PageTransition":"Slide","Autofocus":"false","Autoadvance":"false","AutoadvancePages":"false","ExternalCSS":null,"CustomStyles":{"errorStyles":{"selector":".Skin .ValidationError","styles":{"color":null,"backgroundColor":null,"borderColor":null}},"errorStylesBG":{"selector":".Skin .HeaderValidationError, .Skin .HeaderValidationError li a","styles":{"color":null,"backgroundColor":null}},"pageStyles":{"selector":"#SurveyEngineBody","styles":{"backgroundColor":null}},"textStyles":{"selector":".SkinInner","styles":{"fontFamily":null,"fontSize":null,"fontWeight":null,"fontStyle":null,"textDecoration":null,"color":"rgb(0, 0, 0)"}},"questionStyles":{"selector":".Skin .QuestionText","styles":{"fontFamily":"","fontSize":"","fontWeight":"","fontStyle":"","textDecoration":"","color":null}},"choiceStyles":{"selector":".Skin .horizontalbar th.ylabel, .Skin .Matrix table td, .Skin .Matrix table th, .Skin .Matrix table thead th, .Skin .Matrix table thead td, .Skin .PGR .DragAndDrop .Items label, .Skin .QuestionBody ul.ChoiceStructure, .Skin .PGR .DragAndDrop .Group ul, .Skin .PGR .DragAndDrop .Group h2, .Skin .PGR .DragAndDrop .Items ul, .Skin .PGR .DragAndDrop .Items h2, .Skin .DD .QuestionBody table.ChoiceStructure, .Skin .PGR .DragAndDrop .NoColumns td.groupsContainerTd div ul, .Skin .PGR .DragAndDrop .NoColumns td.groupsContainerTd div h2, .Skin .SBS thead th, .Skin .SBS td, .Skin .SBS .Answers td, .Skin .SBS .Answers th, .SBS table.ChoiceStructure, .Skin .horizontalbar thead table.LabelDescriptions tr td, .Skin .horizontalbar thead tr td.NotApplicable, .QuestionBody th, .Skin .QuestionBody .MC .MAVR label, .Skin .QuestionBody .MC .SAVR label, .Skin .SBS thead th, .Skin .SBS td, .Skin .RO .DND ul li, .Skin .reg, .SkinInner .ChoiceStructure, .Skin thead, .Skin .GAP .ChoiceStructure thead th, .Skin .GAP .ChoiceStructure .c4, .Skin .GAP .ChoiceStructure th, .Skin .GAP .ChoiceStructure .WhyText, .SkinInner .ChoiceStructure .LightBG, .Skin .QuestionOuter.Highlight .Inner .reg, .Skin .QuestionOuter.Highlight .Inner .alt, .Skin .QuestionOuter.Highlight .Inner .ReadableAlt       ","styles":{"fontFamily":null,"fontSize":null,"fontWeight":null,"fontStyle":null,"textDecoration":null,"color":null}},"headerStyles":{"selector":".Skin div#Header","styles":{"color":"rgb(255, 255, 255)"}},"footerStyles":{"selector":".Skin #Footer","styles":{"color":null}},"questionSeparatorStyles":{"selector":".Skin .Separator","styles":{"backgroundColor":null,"display":"block"}},"highlightStyles":{"selector":".Skin .QuestionOuter.Highlight .Inner, .Skin .QuestionOuter.Highlight .Inner .reg, .Skin .QuestionOuter.Highlight .Inner .alt, .Skin .QuestionOuter.Highlight .Inner .ReadableAlt","styles":{"backgroundColor":null}},"highlightStylesAlt":{"selector":".Skin .QuestionOuter.Highlight .Inner .ReadableAlt, .Skin .QuestionOuter.Highlight .Inner .LightBG","styles":{"backgroundColor":null}},"textEntryStyles":{"selector":".Skin select, .Skin .InputText","styles":{"color":null}},"borderStyles":{"selector":".Skin .CS .horizontalbar table.sliderGrid tr.xlabel th, .Skin .CS .horizontalbar .ylabel, .Skin .CS .horizontalbar table.sliderGrid tr td.value, .Skin .Slider .horizontalbar table.sliderGrid tr.xlabel th, .Skin .BorderColor, .Skin .DarkBorderColor, .Skin .Slider .horizontalbar table.sliderGrid tr td.value, .Skin thead, .Skin .GAP .ChoiceStructure thead th  ","styles":{"borderColor":null}},"altRowStyles":{"selector":".Skin .ReadableAlt, .Skin .LightBG","styles":{"backgroundColor":"rgb(228, 228, 228)"}},"customCSS":null},"HighlightQuestions":"off","EOSMessage":"","ShowExportTags":"false","CollectGeoLocation":"false","SurveyTitle":"Survey","SurveyMetaDescription":"In this study, you will be asked a few questions about yourself.","PasswordProtection":"No","AnonymizeResponse":"No","Password":"","RefererCheck":"No","RefererURL":"http:\/\/","ResponseSummary":"No","EOSMessageLibrary":"","EOSRedirectURL":"https:\/\/app.prolific.co\/submissions\/complete?cc=1MDRTCBN","EmailThankYou":"false","ThankYouEmailMessageLibrary":null,"ThankYouEmailMessage":null,"ValidateMessage":"false","ValidationMessageLibrary":null,"InactiveSurvey":"DefaultMessage","PartialDataCloseAfter":"LastActivity","ActiveResponseSet":null,"InactiveMessageLibrary":"","InactiveMessage":"","AvailableLanguages":{"EN-GB":[]},"RecaptchaV3":"false","RelevantID":"false","ProtectSelectionIds":true,"UseCustomSurveyLinkCompletedMessage":null,"SurveyLinkCompletedMessage":"","SurveyLinkCompletedMessageLibrary":""}},{"SurveyID":"SV_8AkVX2Wfri9Dtcx","Element":"SCO","PrimaryAttribute":"Scoring","SecondaryAttribute":null,"TertiaryAttribute":null,"Payload":{"ScoringCategories":[{"ID":"SC_efeU8tuxnS9PkVv","Name":"Score","Description":""}],"ScoringCategoryGroups":[],"DefaultScoringCategory":"SC_efeU8tuxnS9PkVv","ScoringSummaryCategory":null,"ScoringSummaryAfterQuestions":0,"ScoringSummaryAfterSurvey":0,"AutoScoringCategory":null}},{"SurveyID":"SV_8AkVX2Wfri9Dtcx","Element":"PROJ","PrimaryAttribute":"CORE","SecondaryAttribute":null,"TertiaryAttribute":"1.1.0","Payload":{"ProjectCategory":"CORE","SchemaVersion":"1.1.0"}},{"SurveyID":"SV_8AkVX2Wfri9Dtcx","Element":"STAT","PrimaryAttribute":"Survey Statistics","SecondaryAttribute":null,"TertiaryAttribute":null,"Payload":{"MobileCompatible":false,"ID":"Survey Statistics"}},{"SurveyID":"SV_8AkVX2Wfri9Dtcx","Element":"QC","PrimaryAttribute":"Survey Question Count","SecondaryAttribute":"59","TertiaryAttribute":null,"Payload":null},{"SurveyID":"SV_8AkVX2Wfri9Dtcx","Element":"SQ","PrimaryAttribute":"QID53","SecondaryAttribute":"Are you currently a student?","TertiaryAttribute":null,"Payload":{"QuestionText":"Are you currently a student?","DataExportTag":"Q5","QuestionType":"MC","Selector":"SAHR","SubSelector":"TX","Configuration":{"QuestionDescriptionOption":"UseText","LabelPosition":"BELOW"},"QuestionDescription":"Are you currently a student?","Choices":{"1":{"Display":"Yes"},"4":{"Display":"No"}},"ChoiceOrder":["1","4"],"Validation":{"Settings":{"ForceResponse":"RequestResponse","ForceResponseType":"RequestResponse","Type":"None"}},"Language":[],"NextChoiceId":5,"NextAnswerId":1,"QuestionID":"QID53","QuestionText_Unsafe":"Are you currently a student?","DataVisibility":{"Private":false,"Hidden":false},"RecodeValues":{"1":"1","4":"0"}}},{"SurveyID":"SV_8AkVX2Wfri9Dtcx","Element":"SQ","PrimaryAttribute":"QID49","SecondaryAttribute":"At the start of this study, you read about a measure that the government would introduce and that...","TertiaryAttribute":null,"Payload":{"QuestionText":"At the start of this study, you read about a measure that the government would introduce and that some people objected to. Who were the people most affected by this measure?","DefaultChoices":false,"DataExportTag":"Q21","QuestionType":"TE","Selector":"SL","Configuration":{"QuestionDescriptionOption":"UseText","AllowFreeResponse":"false"},"QuestionDescription":"At the start of this study, you read about a measure that the government would introduce and that...","Validation":{"Settings":{"ForceResponse":"RequestResponse","ForceResponseType":"RequestResponse","Type":"ContentType","MinChars":null,"TotalChars":null,"ContentType":"ValidTextOnly","ValidDateType":"DateWithFormat","ValidPhoneType":"ValidUSPhone","ValidZipType":"ValidUSZip"}},"GradingData":[],"Language":[],"NextChoiceId":4,"NextAnswerId":1,"QuestionID":"QID49","QuestionText_Unsafe":"At the start of this study, you read about a measure that the government would introduce and that some people objected to. Who were the people most affected by this measure?","DataVisibility":{"Private":false,"Hidden":false}}},{"SurveyID":"SV_8AkVX2Wfri9Dtcx","Element":"SQ","PrimaryAttribute":"QID55","SecondaryAttribute":"Click to write the question text","TertiaryAttribute":null,"Payload":{"QuestionText":"Click to write the question text","DataExportTag":"Q26","QuestionType":"MC","Selector":"SAVR","SubSelector":"TX","Configuration":{"QuestionDescriptionOption":"UseText"},"QuestionDescription":"Click to write the question text","Choices":{"1":{"Display":"Click to write Choice 1"},"2":{"Display":"Click to write Choice 2"},"3":{"Display":"Click to write Choice 3"}},"ChoiceOrder":["1","2","3"],"Validation":{"Settings":{"ForceResponse":"OFF","ForceResponseType":"ON","Type":"None"}},"Language":[],"NextChoiceId":4,"NextAnswerId":1,"QuestionID":"QID55"}},{"SurveyID":"SV_8AkVX2Wfri9Dtcx","Element":"SQ","PrimaryAttribute":"QID37","SecondaryAttribute":"Could you explain why you did not find the situation very plausible or believable?","TertiaryAttribute":null,"Payload":{"QuestionText":"Could you explain why you did not find the situation very plausible or believable?","DefaultChoices":false,"DataExportTag":"Q11","QuestionType":"TE","Selector":"ML","Configuration":{"QuestionDescriptionOption":"UseText","AllowFreeResponse":"false"},"QuestionDescription":"Could you explain why you did not find the situation very plausible or believable?","DisplayLogic":{"0":{"0":{"LogicType":"Question","QuestionID":"QID30","QuestionIsInLoop":"no","ChoiceLocator":"q:\/\/QID30\/SelectableChoice\/1","Operator":"Selected","QuestionIDFromLocator":"QID30","LeftOperand":"q:\/\/QID30\/SelectableChoice\/1","Type":"Expression","Description":"<span class=\"ConjDesc\">If<\/span> <span class=\"QuestionDesc\">Do you think this situation is plausible? If you think this situation could happen in real life,...<\/span> <span class=\"LeftOpDesc\">&lt;div style=\"text-align: center;\"&gt;1&lt;\/div&gt;\n\n&lt;div style=\"text-align: center;\"&gt;Not at all plausible&lt;\/div&gt;\n<\/span> <span class=\"OpDesc\">Is Selected<\/span> "},"1":{"LogicType":"Question","QuestionID":"QID30","QuestionIsInLoop":"no","ChoiceLocator":"q:\/\/QID30\/SelectableChoice\/2","Operator":"Selected","QuestionIDFromLocator":"QID30","LeftOperand":"q:\/\/QID30\/SelectableChoice\/2","Type":"Expression","Description":"<span class=\"ConjDesc\">Or<\/span> <span class=\"QuestionDesc\">Do you think this situation is plausible? If you think this situation could happen in real life,...<\/span> <span class=\"LeftOpDesc\">2<\/span> <span class=\"OpDesc\">Is Selected<\/span> ","Conjuction":"Or"},"2":{"LogicType":"Question","QuestionID":"QID30","QuestionIsInLoop":"no","ChoiceLocator":"q:\/\/QID30\/SelectableChoice\/3","Operator":"Selected","QuestionIDFromLocator":"QID30","LeftOperand":"q:\/\/QID30\/SelectableChoice\/3","Type":"Expression","Description":"<span class=\"ConjDesc\">Or<\/span> <span class=\"QuestionDesc\">Do you think this situation is plausible? If you think this situation could happen in real life,...<\/span> <span class=\"LeftOpDesc\">3<\/span> <span class=\"OpDesc\">Is Selected<\/span> ","Conjuction":"Or"},"3":{"LogicType":"Question","QuestionID":"QID30","QuestionIsInLoop":"no","ChoiceLocator":"q:\/\/QID30\/SelectableChoice\/4","Operator":"Selected","QuestionIDFromLocator":"QID30","LeftOperand":"q:\/\/QID30\/SelectableChoice\/4","Type":"Expression","Description":"<span class=\"ConjDesc\">Or<\/span> <span class=\"QuestionDesc\">Do you think this situation is plausible? If you think this situation could happen in real life,...<\/span> <span class=\"LeftOpDesc\">4<\/span> <span class=\"OpDesc\">Is Selected<\/span> ","Conjuction":"Or"},"4":{"LogicType":"Question","QuestionID":"QID31","QuestionIsInLoop":"no","ChoiceLocator":"q:\/\/QID31\/SelectableChoice\/1","Operator":"Selected","QuestionIDFromLocator":"QID31","LeftOperand":"q:\/\/QID31\/SelectableChoice\/1","Type":"Expression","Description":"<span class=\"ConjDesc\">Or<\/span> <span class=\"QuestionDesc\">Do you think this situation is believable? If you would believe someone telling you that this is...<\/span> <span class=\"LeftOpDesc\">&lt;div style=\"text-align: center;\"&gt;1&lt;br \/&gt;\nNot at all believable&lt;\/div&gt;\n<\/span> <span class=\"OpDesc\">Is Selected<\/span> ","Conjuction":"Or"},"5":{"LogicType":"Question","QuestionID":"QID31","QuestionIsInLoop":"no","ChoiceLocator":"q:\/\/QID31\/SelectableChoice\/2","Operator":"Selected","QuestionIDFromLocator":"QID31","LeftOperand":"q:\/\/QID31\/SelectableChoice\/2","Type":"Expression","Description":"<span class=\"ConjDesc\">Or<\/span> <span class=\"QuestionDesc\">Do you think this situation is believable? If you would believe someone telling you that this is...<\/span> <span class=\"LeftOpDesc\">2<\/span> <span class=\"OpDesc\">Is Selected<\/span> ","Conjuction":"Or"},"6":{"LogicType":"Question","QuestionID":"QID31","QuestionIsInLoop":"no","ChoiceLocator":"q:\/\/QID31\/SelectableChoice\/3","Operator":"Selected","QuestionIDFromLocator":"QID31","LeftOperand":"q:\/\/QID31\/SelectableChoice\/3","Type":"Expression","Description":"<span class=\"ConjDesc\">Or<\/span> <span class=\"QuestionDesc\">Do you think this situation is believable? If you would believe someone telling you that this is...<\/span> <span class=\"LeftOpDesc\">3<\/span> <span class=\"OpDesc\">Is Selected<\/span> ","Conjuction":"Or"},"7":{"LogicType":"Question","QuestionID":"QID31","QuestionIsInLoop":"no","ChoiceLocator":"q:\/\/QID31\/SelectableChoice\/4","Operator":"Selected","QuestionIDFromLocator":"QID31","LeftOperand":"q:\/\/QID31\/SelectableChoice\/4","Type":"Expression","Description":"<span class=\"ConjDesc\">Or<\/span> <span class=\"QuestionDesc\">Do you think this situation is believable? If you would believe someone telling you that this is...<\/span> <span class=\"LeftOpDesc\">4<\/span> <span class=\"OpDesc\">Is Selected<\/span> ","Conjuction":"Or"},"Type":"If"},"Type":"BooleanExpression","inPage":false},"Validation":{"Settings":{"ForceResponse":"RequestResponse","ForceResponseType":"RequestResponse","Type":"None"}},"GradingData":[],"Language":[],"NextChoiceId":4,"NextAnswerId":1,"QuestionID":"QID37","QuestionText_Unsafe":"Could you explain why you did not find the situation very plausible or believable?","DataVisibility":{"Private":false,"Hidden":false}}},{"SurveyID":"SV_8AkVX2Wfri9Dtcx","Element":"SQ","PrimaryAttribute":"QID7","SecondaryAttribute":"Dear participant, \u00a0 Thank you for your interest in participating in this study! \u00a0 In this study,..","TertiaryAttribute":null,"Payload":{"QuestionText":"<p>Dear participant,<o:p><\/o:p><\/p>\n\n<p>&nbsp;<\/p>\n\n<p>Thank you for your interest in participating in this study! <o:p><\/o:p><\/p>\n\n<p>&nbsp;<\/p>\n\n<p>In this study, you will be asked to imagine a situation in which a new government measure is being introduced. You will be asked a few questions about what you think about this situation. You will also be asked some brief questions about yourself (for example, your gender).&nbsp; We anticipate that your involvement will take around <strong>5&nbsp;minutes<\/strong>. You will receive <strong>\u00a30.75<\/strong>&nbsp;as compensation for participating.<\/p>\n\n<p>&nbsp;<\/p>\n\n<p><strong>Risks and Benefits:<\/strong><o:p><\/o:p><\/p>\n\n<p>There are no physical risks to participating in this study. However, some questions may make you uncomfortable. Every effort will be made to keep your information confidential. Although this study may not necessarily benefit you personally, we hope that our results will add to current knowledge about social psychological processes and provide an engaging experience.<o:p><\/o:p><\/p>\n\n<p>&nbsp;<\/p>\n\n<p><strong>Confidentiality:<\/strong><o:p><\/o:p><\/p>\n\n<p>The researchers will not know your name, and will not ask for, or have access, to any uniquely identifying information about you. The researchers will have access to your Prolific ID for the purposes of payment and participant management. Prolific will not disclose any of the personal data linked to your account to the researchers. <o:p><\/o:p><\/p>\n\n<p>&nbsp;<br>\nResults from this study may be published in professional journals of psychological research or presented at professional meetings. We may also share the data with other researchers so they can check the accuracy of our conclusions but will only do so if we are confident that your confidentiality is protected.<o:p><\/o:p><\/p>\n\n<p>&nbsp;<\/p>\n\n<p><strong>Voluntary Participation: <\/strong><o:p><\/o:p><\/p>\n\n<p>Participation in this study is completely voluntary. You are free to decline to participate, to end participation at any time for any reason, or to refuse to answer any individual question without penalty. <o:p><\/o:p><\/p>\n\n<p>&nbsp;<\/p>\n\n<p><strong>Questions:<\/strong><o:p><\/o:p><\/p>\n\n<p>If you have any questions about this study, and\/or if you want to obtain copies of the results of this research upon its completion, you may contact the researchers via jenny.veldman@kuleuven.be or colette.vanlaar@kuleuven.be.<\/p>\n\n<p>&nbsp;<\/p>\n\n<p>This study is approved by the Social and Societal Ethics Committee of the University of Leuven in Belgium. In case of questions or comments regarding the ethical aspects of this study, you can contact the ethics committee via SMEC@kuleuven.be.<br>\n&nbsp;<\/p>\n\n<p><strong>If you agree to participate in this study, then you can proceed to the next screen.&nbsp;<\/strong><o:p><\/o:p><\/p>","DefaultChoices":false,"DataExportTag":"Q1","QuestionType":"DB","Selector":"TB","DataVisibility":{"Private":false,"Hidden":false},"Configuration":{"QuestionDescriptionOption":"UseText"},"QuestionDescription":"Dear participant, \u00a0 Thank you for your interest in participating in this study! \u00a0 In this study,...","ChoiceOrder":[],"Validation":{"Settings":{"Type":"None"}},"GradingData":[],"Language":[],"NextChoiceId":1,"NextAnswerId":1,"QuestionID":"QID7","QuestionText_Unsafe":"<p>Dear participant,<o:p><\/o:p><\/p>\n\n<p>&nbsp;<\/p>\n\n<p>Thank you for your interest in participating in this study! <o:p><\/o:p><\/p>\n\n<p>&nbsp;<\/p>\n\n<p>In this study, you will be asked to imagine a situation in which a new government measure is being introduced. You will be asked to evaluate the situation. You will also be asked some brief questions about yourself (for example, your gender).&nbsp; We anticipate that your involvement will take around <strong>XX<\/strong> minutes. You will receive &pound;<strong>XX<\/strong> as compensation for participating.<\/p>\n\n<p>&nbsp;<\/p>\n\n<p><strong>Risks and Benefits:<\/strong><o:p><\/o:p><\/p>\n\n<p>There are no physical risks to participating in this study. However, some questions may make you uncomfortable. Every effort will be made to keep your information confidential. Although this study may not necessarily benefit you personally, we hope that our results will add to current knowledge about social psychological processes and provide an engaging experience.<o:p><\/o:p><\/p>\n\n<p>&nbsp;<\/p>\n\n<p><strong>Confidentiality:<\/strong><o:p><\/o:p><\/p>\n\n<p>The researchers will not know your name, and will not ask for, or have access, to any uniquely identifying information about you. The researchers will have access to your Prolific ID for the purposes of payment and participant management. Prolific will not disclose any of the personal data linked to your account to the researchers. <o:p><\/o:p><\/p>\n\n<p>&nbsp;<br \/>\nResults from this study may be published in professional journals of psychological research or presented at professional meetings. We may also share the data with other researchers so they can check the accuracy of our conclusions but will only do so if we are confident that your confidentiality is protected.<o:p><\/o:p><\/p>\n\n<p>&nbsp;<\/p>\n\n<p><strong>Voluntary Participation: <\/strong><o:p><\/o:p><\/p>\n\n<p>Participation in this study is completely voluntary. You are free to decline to participate, to end participation at any time for any reason, or to refuse to answer any individual question without penalty. <o:p><\/o:p><\/p>\n\n<p>&nbsp;<\/p>\n\n<p><strong>Questions:<\/strong><o:p><\/o:p><\/p>\n\n<p>If you have any questions about this study, and\/or if you want to obtain copies of the results of this research upon its completion, you may contact the researchers via jenny.veldman@kuleuven.be or colette.vanlaar@kuleuven.be.<\/p>\n\n<p>&nbsp;<\/p>\n\n<p>This study is approved by the Social and Societal Ethics Committee of the University of Leuven in Belgium. In case of questions or comments regarding the ethical aspects of this study, you can contact the ethics committee via SMEC@kuleuven.be.<br \/>\n&nbsp;<\/p>\n\n<p><strong>If you agree to participate in this study, then you can proceed to the next screen.&nbsp;<\/strong><o:p><\/o:p><\/p>"}},{"SurveyID":"SV_8AkVX2Wfri9Dtcx","Element":"RS","PrimaryAttribute":"RS_0vc4bprD2T20n53","SecondaryAttribute":"Default Response Set","TertiaryAttribute":null,"Payload":null},{"SurveyID":"SV_8AkVX2Wfri9Dtcx","Element":"SQ","PrimaryAttribute":"QID51","SecondaryAttribute":"Do you agree to participate in this study?","TertiaryAttribute":null,"Payload":{"QuestionText":"<strong>Do you agree to participate in this study?<\/strong>","DataExportTag":"CONSENT","QuestionType":"MC","Selector":"SAHR","SubSelector":"TX","Configuration":{"QuestionDescriptionOption":"UseText","LabelPosition":"BELOW"},"QuestionDescription":"Do you agree to participate in this study?","Choices":{"1":{"Display":"Yes"},"2":{"Display":"Maybe"},"4":{"Display":"No"}},"ChoiceOrder":["1","2","4"],"Validation":{"Settings":{"ForceResponse":"OFF","ForceResponseType":"ON","Type":"None"}},"Language":[],"NextChoiceId":5,"NextAnswerId":1,"QuestionID":"QID51"}},{"SurveyID":"SV_8AkVX2Wfri9Dtcx","Element":"SQ","PrimaryAttribute":"QID45","SecondaryAttribute":"Do you currently have a job?","TertiaryAttribute":null,"Payload":{"QuestionText":"Do you currently have a job?","DataExportTag":"Q6","QuestionType":"MC","Selector":"SAHR","SubSelector":"TX","Configuration":{"QuestionDescriptionOption":"UseText","LabelPosition":"BELOW"},"QuestionDescription":"Do you currently have a job?","Choices":{"1":{"Display":"Yes"},"2":{"Display":"No"}},"ChoiceOrder":["1","2"],"Validation":{"Settings":{"ForceResponse":"RequestResponse","ForceResponseType":"RequestResponse","Type":"None"}},"Language":[],"NextChoiceId":5,"NextAnswerId":1,"QuestionID":"QID45","QuestionText_Unsafe":"Do you currently have a job?","DataVisibility":{"Private":false,"Hidden":false},"RecodeValues":{"1":"1","2":"0"}}},{"SurveyID":"SV_8AkVX2Wfri9Dtcx","Element":"SQ","PrimaryAttribute":"QID39","SecondaryAttribute":"Do you have any other thoughts or comments about the situation that you would like to share?","TertiaryAttribute":null,"Payload":{"QuestionText":"Do you have any other thoughts or comments about the situation that you would like to share?","DefaultChoices":false,"DataExportTag":"Q12","QuestionType":"TE","Selector":"ML","DataVisibility":{"Private":false,"Hidden":false},"Configuration":{"QuestionDescriptionOption":"UseText","AllowFreeResponse":"false"},"QuestionDescription":"Do you have any other thoughts or comments about the situation that you would like to share?","Validation":{"Settings":{"ForceResponse":"RequestResponse","ForceResponseType":"RequestResponse","Type":"None"}},"GradingData":[],"Language":[],"NextChoiceId":4,"NextAnswerId":1,"QuestionID":"QID39","QuestionText_Unsafe":"Do you have any other thoughts or comments about the situation that you would like to share?"}},{"SurveyID":"SV_8AkVX2Wfri9Dtcx","Element":"SQ","PrimaryAttribute":"QID31","SecondaryAttribute":"Do you think this situation is believable? If you would believe someone telling you that this is...","TertiaryAttribute":null,"Payload":{"QuestionText":"<em>Do you think this situation is believable? <\/em>If you would believe someone telling you that this is what the government is planning, choose a higher value. If you would not believe them, choose a lower value.","DataExportTag":"Q5","QuestionType":"MC","Selector":"SAHR","SubSelector":"TX","Configuration":{"QuestionDescriptionOption":"UseText","LabelPosition":"BELOW"},"QuestionDescription":"Do you think this situation is believable? If you would believe someone telling you that this is...","Choices":{"1":{"Display":"<div style=\"text-align: center;\">1<br \/>\nNot at all believable<\/div>\n"},"2":{"Display":"2"},"3":{"Display":"3"},"4":{"Display":"4"},"5":{"Display":"5"},"6":{"Display":"6"},"7":{"Display":"<div style=\"text-align: center;\">7<br \/>\nVery believable<\/div>\n"}},"ChoiceOrder":["1","2","3","4","5","6","7"],"Validation":{"Settings":{"ForceResponse":"RequestResponse","ForceResponseType":"RequestResponse","Type":"None"}},"Language":[],"NextChoiceId":8,"NextAnswerId":1,"QuestionID":"QID31","DataVisibility":{"Private":false,"Hidden":false},"QuestionText_Unsafe":"<em>Do think this situation is believable? <\/em>If you would believe someone telling you that this is what the government is planning, choose a higher value. If you would not believe them, choose a lower value."}},{"SurveyID":"SV_8AkVX2Wfri9Dtcx","Element":"SQ","PrimaryAttribute":"QID30","SecondaryAttribute":"Do you think this situation is plausible? If you think this situation could happen in real life,...","TertiaryAttribute":null,"Payload":{"QuestionText":"<i>Do you think this situation is plausible?<\/i> If you think this situation could happen in real life, choose a higher value. If you think this situation is unrealistic, choose a lower value.","DataExportTag":"Q4","QuestionType":"MC","Selector":"SAHR","SubSelector":"TX","Configuration":{"QuestionDescriptionOption":"UseText","LabelPosition":"BELOW"},"QuestionDescription":"Do you think this situation is plausible? If you think this situation could happen in real life,...","Choices":{"1":{"Display":"<div style=\"text-align: center;\">1<\/div>\n\n<div style=\"text-align: center;\">Not at all plausible<\/div>\n"},"2":{"Display":"2"},"3":{"Display":"3"},"4":{"Display":"4"},"5":{"Display":"5"},"6":{"Display":"6"},"7":{"Display":"<div style=\"text-align: center;\">7<\/div>\n\n<div style=\"text-align: center;\">Very plausible<\/div>\n"}},"ChoiceOrder":["1","2","3","4","5","6","7"],"Validation":{"Settings":{"ForceResponse":"RequestResponse","ForceResponseType":"RequestResponse","Type":"None"}},"Language":[],"NextChoiceId":8,"NextAnswerId":1,"QuestionID":"QID30","DataVisibility":{"Private":false,"Hidden":false},"QuestionText_Unsafe":"<i>Do think this situation is plausible?<\/i> If you think this situation could happen in real life, choose a higher value. If you think this situation is unrealistic, choose a lower value."}},{"SurveyID":"SV_8AkVX2Wfri9Dtcx","Element":"SQ","PrimaryAttribute":"QID32","SecondaryAttribute":"If the government were to introduce this bill in real life, how outraged would you be?","TertiaryAttribute":null,"Payload":{"QuestionText":"If the government were to introduce this bill in real life, how <i>outraged<\/i> would you be?","DataExportTag":"Q6","QuestionType":"MC","Selector":"SAHR","SubSelector":"TX","Configuration":{"QuestionDescriptionOption":"UseText","LabelPosition":"BELOW"},"QuestionDescription":"If the government were to introduce this bill in real life, how outraged would you be?","Choices":{"1":{"Display":"<div style=\"text-align: center;\">1<br \/>\nNot at all outraged<\/div>\n"},"2":{"Display":"2"},"3":{"Display":"3"},"4":{"Display":"4"},"5":{"Display":"5"},"6":{"Display":"6"},"7":{"Display":"<div style=\"text-align: center;\">7<br \/>\nVery outgraged<\/div>\n"}},"ChoiceOrder":["1","2","3","4","5","6","7"],"Validation":{"Settings":{"ForceResponse":"RequestResponse","ForceResponseType":"RequestResponse","Type":"None"}},"Language":[],"NextChoiceId":8,"NextAnswerId":1,"QuestionID":"QID32","DataVisibility":{"Private":false,"Hidden":false},"QuestionText_Unsafe":"If the government were to introduce this bill in real life, how <i>outraged<\/i> would you be?"}},{"SurveyID":"SV_8AkVX2Wfri9Dtcx","Element":"SQ","PrimaryAttribute":"QID34","SecondaryAttribute":"If the government were to introduce this bill in real life, to what extent would\u00a0this bill affect..","TertiaryAttribute":null,"Payload":{"QuestionText":"If the government were to introduce this bill in real life, to what extent would&nbsp;this bill affect <i>you personally<\/i>?","DataExportTag":"Q7","QuestionType":"MC","Selector":"SAHR","SubSelector":"TX","DataVisibility":{"Private":false,"Hidden":false},"Configuration":{"QuestionDescriptionOption":"UseText","LabelPosition":"BELOW"},"QuestionDescription":"If the government were to introduce this bill in real life, to what extent would\u00a0this bill affect...","Choices":{"1":{"Display":"<div style=\"text-align: center;\">1<br \/>\nNot at all<\/div>\n"},"2":{"Display":"2"},"3":{"Display":"3"},"4":{"Display":"4"},"5":{"Display":"5"},"6":{"Display":"6"},"7":{"Display":"<div style=\"text-align: center;\">7<br \/>\nVery much<\/div>\n"}},"ChoiceOrder":["1","2","3","4","5","6","7"],"Validation":{"Settings":{"ForceResponse":"RequestResponse","ForceResponseType":"RequestResponse","Type":"None"}},"Language":[],"NextChoiceId":8,"NextAnswerId":1,"QuestionID":"QID34","QuestionText_Unsafe":"If the government were to introduce this bill in real life, to what extent would&nbsp;this bill affect <i>you personally<\/i>?"}},{"SurveyID":"SV_8AkVX2Wfri9Dtcx","Element":"SQ","PrimaryAttribute":"QID36","SecondaryAttribute":"If the government were to introduce this bill in real life,\u00a0to what extent would\u00a0this bill affect.","TertiaryAttribute":null,"Payload":{"QuestionText":"If the government were to introduce this bill in real life,&nbsp;to what extent would&nbsp;this bill affect <i>people like you<\/i>?","DataExportTag":"Q8","QuestionType":"MC","Selector":"SAHR","SubSelector":"TX","DataVisibility":{"Private":false,"Hidden":false},"Configuration":{"QuestionDescriptionOption":"UseText","LabelPosition":"BELOW"},"QuestionDescription":"If the government were to introduce this bill in real life,\u00a0to what extent would\u00a0this bill affect...","Choices":{"1":{"Display":"<div style=\"text-align: center;\">1<br \/>\nNot at all<\/div>\n"},"2":{"Display":"2"},"3":{"Display":"3"},"4":{"Display":"4"},"5":{"Display":"5"},"6":{"Display":"6"},"7":{"Display":"<div style=\"text-align: center;\">7<br \/>\nVery much<\/div>\n"}},"ChoiceOrder":["1","2","3","4","5","6","7"],"Validation":{"Settings":{"ForceResponse":"RequestResponse","ForceResponseType":"RequestResponse","Type":"None"}},"Language":[],"NextChoiceId":8,"NextAnswerId":1,"QuestionID":"QID36","QuestionText_Unsafe":"If the government were to introduce this bill in real life,&nbsp;to what extent would&nbsp;this bill affect <i>people like you<\/i>?"}},{"SurveyID":"SV_8AkVX2Wfri9Dtcx","Element":"SQ","PrimaryAttribute":"QID58","SecondaryAttribute":"In this survey, we ask a few questions about yourself.","TertiaryAttribute":null,"Payload":{"QuestionText":"<strong>In this survey, we ask a few questions about yourself.<\/strong>","DefaultChoices":false,"DataExportTag":"Q1","QuestionType":"DB","Selector":"TB","Configuration":{"QuestionDescriptionOption":"UseText"},"QuestionDescription":"In this survey, we ask a few questions about yourself.","ChoiceOrder":[],"Validation":{"Settings":{"Type":"None"}},"GradingData":[],"Language":[],"NextChoiceId":4,"NextAnswerId":1,"QuestionID":"QID58","QuestionText_Unsafe":"<strong>In this survey, we ask you a few questions about yourself.<\/strong>","DataVisibility":{"Private":false,"Hidden":false}}},{"SurveyID":"SV_8AkVX2Wfri9Dtcx","Element":"SQ","PrimaryAttribute":"QID5","SecondaryAttribute":"It is very important for this\u00a0study that you read this page carefully. \u00a0 Please read the followin.","TertiaryAttribute":null,"Payload":{"QuestionText":"<div><span style=\"font-size: 22px;\"><span style=\"font-weight: 700;\">It is very important for this&nbsp;study that you read this page carefully.<\/span><\/span><\/div><div>&nbsp;<\/div><div><span style=\"font-weight: 700;\">Please read the following situation carefully and try to imagine what it would be like if this situation was real.<\/span><\/div><div><br>The government is going to introduce a bill that will mostly affect people in working class jobs. Working class jobs, in this case, are jobs done by skilled, semi-skilled, unskilled manual workers or by casual workers. These are jobs that do not usually require a university degree. Other jobs are unlikely to be affected.<br><br>This government measure would make it easier for companies to hire workers during economic growth and to lay off workers during an economic crisis. As a consequence, companies would be able to fire employees with little notice and without giving a reason. Trade unions are opposed to the measure. They argue that the bill would compromise job security, and prevent employees from challenging harassment or other abuse without the fear of being fired. People in working class jobs are particularly at risk, and there is a rise in tension and outrage among them.<\/div><div><br><\/div><div><span style=\"font-weight: 700;\">In the next few pages, we will ask you about your thoughts on the situation described above.<\/span><\/div>","DefaultChoices":false,"DataExportTag":"Q2","QuestionID":"QID5","QuestionType":"DB","Selector":"TB","Configuration":{"QuestionDescriptionOption":"UseText"},"QuestionDescription":"It is very important for this\u00a0study that you read this page carefully. \u00a0 Please read the followin...","ChoiceOrder":[],"Validation":{"Settings":{"Type":"None"}},"GradingData":[],"Language":[],"NextChoiceId":7,"NextAnswerId":1,"DataVisibility":{"Private":false,"Hidden":false},"QuestionText_Unsafe":"<div><span style=\"font-size: 22px;\"><span style=\"font-weight: 700;\">It is very important for this&nbsp;study that you read this page carefully.<\/span><\/span><\/div><div>&nbsp;<\/div><div><span style=\"font-weight: 700;\">Please read the following situation carefully and try to imagine what it would be like if this situation was real.<\/span><\/div><div><br>The government is going to introduce a bill that will mostly affect people in working class jobs. Working class jobs, in this case, are jobs done by skilled, semi-skilled, unskilled manual workers or by casual workers. These are jobs that do not usually require a university degree. Other jobs are unlikely to be affected.<br><br>This government measure would make it easier for companies to hire workers during economic growth and to lay off workers during an economic crisis. As a consequence, companies would be able to fire employees with little notice and without giving a reason. Trade unions are opposed to the measure. They argue that the bill would compromise job security, and prevent employees from challenging harassment or other abuse without the fear of being fired. People in working class jobs are particularly at risk, and there is a rise in tension and outrage among them.<\/div><div><br><\/div><div><span style=\"font-weight: 700;\">In the next few pages, we will ask you about your thoughts on the situation described above.<\/span><\/div>"}},{"SurveyID":"SV_8AkVX2Wfri9Dtcx","Element":"SQ","PrimaryAttribute":"QID29","SecondaryAttribute":"It is very important for this\u00a0study that you read this page carefully. \u00a0 Please read the followin.","TertiaryAttribute":null,"Payload":{"QuestionText":"<div><span style=\"font-size: 22px;\"><span style=\"font-weight: 700;\">It is very important for this&nbsp;study that you read this page carefully.<\/span><\/span><\/div>\n\n<div>&nbsp;<\/div>\n\n<div><span style=\"font-weight: 700;\">Please read the following situation carefully and try to imagine what it would be like if this situation was real.<\/span><\/div>\n\n<div><br>\nThe government is going to introduce a bill that will mostly affect people in&nbsp;professional jobs. Professional jobs are administrative, managerial, or other jobs that usually require a university degree. Other jobs are unlikely to be affected.<br>\n<br>\nThis government measure would make it easier for companies to hire workers during economic growth and to lay off workers during an economic crisis. As a consequence, companies would be able to fire employees with little notice and without giving a reason. Trade unions are opposed to the measure. They argue that the bill would compromise job security, and prevent employees from challenging harassment or other abuse without the fear of being fired. People in professional jobs are particularly at risk, and there is a rise in tension and outrage among them.<\/div>\n\n<div>&nbsp;<\/div>\n\n<div><span style=\"font-weight: 700;\">In the next few pages, we will ask you about your thoughts on the situation described above.<\/span><\/div>","DefaultChoices":false,"QuestionType":"DB","Selector":"TB","Configuration":{"QuestionDescriptionOption":"UseText"},"QuestionDescription":"It is very important for this\u00a0study that you read this page carefully. \u00a0 Please read the followin...","ChoiceOrder":[],"Validation":{"Settings":{"Type":"None"}},"GradingData":[],"Language":[],"NextChoiceId":7,"NextAnswerId":1,"DataVisibility":{"Private":false,"Hidden":false},"QuestionText_Unsafe":"<div><span style=\"font-size: 22px;\"><span style=\"font-weight: 700;\">It is very important for this&nbsp;study that you read this page carefully.<\/span><\/span><\/div>\n\n<div>&nbsp;<\/div>\n\n<div><span style=\"font-weight: 700;\">Please read the following situation carefully and try to imagine what it would be like if this situation was real.<\/span><\/div>\n\n<div><br>\nThe government is going to introduce a bill that will mostly affect people in&nbsp;professional jobs. Professional jobs are administrative, managerial, or professional jobs that usually require a university degree. Other jobs are unlikely to be affected.<br>\n<br>\nThis government measure would make it easier for companies to hire workers during economic growth and to lay off workers during an economic crisis. As a consequence, companies would be able to fire employees with little notice and without giving a reason. Trade unions are opposed to the measure. They argue that the bill would compromise job security, and prevent employees from challenging harassment or other abuse without the fear of being fired. People in professional jobs are particularly at risk, and there is a rise in tension and outrage among them.<\/div>\n\n<div>&nbsp;<\/div>\n\n<div><span style=\"font-weight: 700;\">In the next few pages, we will ask you about your thoughts on the situation described above.<\/span><\/div>","DataExportTag":"Q3","QuestionID":"QID29"}},{"SurveyID":"SV_8AkVX2Wfri9Dtcx","Element":"SQ","PrimaryAttribute":"QID46","SecondaryAttribute":"Keeping in mind how we described these jobs, do you consider your current job a working-class job...","TertiaryAttribute":null,"Payload":{"QuestionText":"<p>Keeping in mind how we described these jobs, do you consider your current job a <strong>working-class job<\/strong> or a <strong>middle-class\/professional job<\/strong>?<\/p>","DataExportTag":"Q9","QuestionType":"MC","Selector":"SAVR","SubSelector":"TX","Configuration":{"QuestionDescriptionOption":"UseText"},"QuestionDescription":"Keeping in mind how we described these jobs, do you consider your current job a working-class job...","Choices":{"1":{"Display":"Working-class job"},"2":{"Display":"Middle-class\/professional job"},"3":{"Display":"Neither"}},"ChoiceOrder":["1","2","3"],"Validation":{"Settings":{"ForceResponse":"OFF","ForceResponseType":"ON","Type":"None"}},"Language":[],"NextChoiceId":4,"NextAnswerId":1,"QuestionID":"QID46","InPageDisplayLogic":{"0":{"0":{"ChoiceLocator":"q:\/\/QID45\/SelectableChoice\/1","Description":"<span class=\"ConjDesc\">If<\/span> <span class=\"QuestionDesc\">Do you currently have a job?<\/span> <span class=\"LeftOpDesc\">Yes<\/span> <span class=\"OpDesc\">Is Selected<\/span> ","LeftOperand":"q:\/\/QID45\/SelectableChoice\/1","LogicType":"Question","Operator":"Selected","QuestionID":"QID45","QuestionIDFromLocator":"QID45","QuestionIsInLoop":"no","Type":"Expression"},"Type":"If"},"Type":"BooleanExpression","inPage":true},"QuestionText_Unsafe":"<p>Keeping in mind how we described these jobs, do you consider your current job a <strong>working-class job<\/strong> or a <strong>middle-class\/professional job<\/strong>?<\/p>","DataVisibility":{"Private":false,"Hidden":false}}},{"SurveyID":"SV_8AkVX2Wfri9Dtcx","Element":"SQ","PrimaryAttribute":"QID59","SecondaryAttribute":"People can feel attachment to different social groups. We would like to know how you personally f...","TertiaryAttribute":null,"Payload":{"QuestionText":"<strong>People can feel attachment to different social groups. We would like to know how you personally feel about the following groups.<\/strong>","DefaultChoices":false,"DataExportTag":"Q11","QuestionType":"DB","Selector":"TB","Configuration":{"QuestionDescriptionOption":"UseText"},"QuestionDescription":"People can feel attachment to different social groups. We would like to know how you personally f...","ChoiceOrder":[],"Validation":{"Settings":{"Type":"None"}},"GradingData":[],"Language":[],"NextChoiceId":4,"NextAnswerId":1,"QuestionID":"QID59","DataVisibility":{"Private":false,"Hidden":false},"QuestionText_Unsafe":"<strong>People can feel attachment to different social groups. We would like to know how you personally feel about the following groups.<\/strong>"}},{"SurveyID":"SV_8AkVX2Wfri9Dtcx","Element":"SQ","PrimaryAttribute":"QID50","SecondaryAttribute":"People often describe their political orientation as left-wing or right-wing. On scale from a lef...","TertiaryAttribute":null,"Payload":{"QuestionText":"People often describe their political orientation as left-wing or right-wing. On scale from a left to right, where would you position yourself?","DefaultChoices":false,"DataExportTag":"Q10","QuestionType":"Matrix","Selector":"Bipolar","Configuration":{"QuestionDescriptionOption":"UseText","TextPosition":"inline","ChoiceColumnWidth":25,"MobileFirst":true},"QuestionDescription":"People often describe their political orientation as left-wing or right-wing. On scale from a lef...","Choices":{"1":{"Display":"Left:Right"}},"ChoiceOrder":["1"],"Validation":{"Settings":{"ForceResponse":"RequestResponse","ForceResponseType":"RequestResponse","Type":"None"}},"GradingData":[],"Language":[],"NextChoiceId":4,"NextAnswerId":8,"Answers":{"1":{"Display":"1"},"2":{"Display":"2"},"3":{"Display":"3"},"4":{"Display":"4"},"5":{"Display":"5"},"6":{"Display":"6"},"7":{"Display":"7"}},"AnswerOrder":["1","2","3","4","5","6","7"],"AnswerColumns":7,"ChoiceDataExportTags":false,"QuestionID":"QID50","QuestionText_Unsafe":"People often describe their political orientation as left-wing or right-wing. On scale from a left to right, where would you position yourself?","DataVisibility":{"Private":false,"Hidden":false}}},{"SurveyID":"SV_8AkVX2Wfri9Dtcx","Element":"SQ","PrimaryAttribute":"QID56","SecondaryAttribute":"Please indicate to what extent you agree or disagree with the following statements.","TertiaryAttribute":null,"Payload":{"QuestionText":"Please indicate to what extent you agree or disagree with the following statements.","DefaultChoices":false,"DataExportTag":"Q12","QuestionType":"Matrix","Selector":"Likert","SubSelector":"SingleAnswer","Configuration":{"QuestionDescriptionOption":"UseText","TextPosition":"inline","ChoiceColumnWidth":25,"RepeatHeaders":"none","WhiteSpace":"OFF","MobileFirst":true,"ChoiceColumnWidthPixels":290},"QuestionDescription":"Please indicate to what extent you agree or disagree with the following statements.","Choices":{"1":{"Display":"It is important to me to belong to the group of people in working-class jobs."},"2":{"Display":"I identify with people in working-class jobs."},"4":{"Display":"Having a working-class job  reflects an important part of how I see myself."}},"ChoiceOrder":["1","4","2"],"Validation":{"Settings":{"ForceResponse":"OFF","ForceResponseType":"ON","Type":"None"}},"GradingData":[],"Language":{"EN":{"Choices":{"1":{"Display":"It is important to me to be someone with a working-class job."},"2":{"Display":"I identify with people in working class jobs."},"4":{"Display":"Having a working-class"}}}},"NextChoiceId":15,"NextAnswerId":15,"Answers":{"8":{"Display":"Strongly agree"},"9":{"Display":"Agree"},"10":{"Display":"Somewhat agree"},"11":{"Display":"Neither agree nor disagree"},"12":{"Display":"Somewhat disagree"},"13":{"Display":"Disagree"},"14":{"Display":"Strongly disagree"}},"AnswerOrder":["8","9","10","11","12","13","14"],"ChoiceDataExportTags":false,"QuestionID":"QID56","QuestionText_Unsafe":"Please indicate to what extent you agree or disagree with the following statements.","DataVisibility":{"Private":false,"Hidden":false},"RecodeValues":{"8":"1","9":"2","10":"3","11":"4","12":"5","13":"6","14":"7"}}},{"SurveyID":"SV_8AkVX2Wfri9Dtcx","Element":"SQ","PrimaryAttribute":"QID57","SecondaryAttribute":"Please indicate to what extent you agree or disagree with the following statements.","TertiaryAttribute":null,"Payload":{"QuestionText":"Please indicate to what extent you agree or disagree with the following statements.","DefaultChoices":false,"DataExportTag":"Q13","QuestionType":"Matrix","Selector":"Likert","SubSelector":"SingleAnswer","DataVisibility":{"Private":false,"Hidden":false},"Configuration":{"QuestionDescriptionOption":"UseText","TextPosition":"inline","ChoiceColumnWidth":25,"RepeatHeaders":"none","WhiteSpace":"OFF","MobileFirst":true,"ChoiceColumnWidthPixels":294},"QuestionDescription":"Please indicate to what extent you agree or disagree with the following statements.","Choices":{"1":{"Display":"It is important to me to belong to the group of people in middle-class\/professional jobs."},"2":{"Display":"I identify with people in middle-class\/professional jobs."},"4":{"Display":"Having a middle-class\/professional job reflects an important part of how I see myself."}},"ChoiceOrder":["1","4","2"],"Validation":{"Settings":{"ForceResponse":"OFF","ForceResponseType":"ON","Type":"None"}},"GradingData":[],"Language":{"EN":{"Choices":{"1":{"Display":"It is important to me to be someone with a working-class job."},"2":{"Display":"I identify with people in working class jobs."},"4":{"Display":"Having a working-class"}}}},"NextChoiceId":15,"NextAnswerId":15,"Answers":{"8":{"Display":"Strongly agree"},"9":{"Display":"Agree"},"10":{"Display":"Somewhat agree"},"11":{"Display":"Neither agree nor disagree"},"12":{"Display":"Somewhat disagree"},"13":{"Display":"Disagree"},"14":{"Display":"Strongly disagree"}},"AnswerOrder":["8","9","10","11","12","13","14"],"ChoiceDataExportTags":false,"QuestionID":"QID57","QuestionText_Unsafe":"Please indicate to what extent you agree or disagree with the following statements.","RecodeValues":{"8":"1","9":"2","10":"3","11":"4","12":"5","13":"6","14":"7"}}},{"SurveyID":"SV_8AkVX2Wfri9Dtcx","Element":"SQ","PrimaryAttribute":"QID41","SecondaryAttribute":"The government measure would mostly affect people in professional jobs. To what extent do you ide...","TertiaryAttribute":null,"Payload":{"QuestionText":"The government measure would mostly affect <i>people in professional jobs<\/i>. To what extent do you identify with this group?","DataExportTag":"Q10","QuestionType":"MC","Selector":"SAHR","SubSelector":"TX","DataVisibility":{"Private":false,"Hidden":false},"Configuration":{"QuestionDescriptionOption":"UseText","LabelPosition":"BELOW"},"QuestionDescription":"The government measure would mostly affect people in professional jobs. To what extent do you ide...","Choices":{"1":{"Display":"<div style=\"text-align: center;\">1<br \/>\nNot at all<\/div>\n"},"2":{"Display":"2"},"3":{"Display":"3"},"4":{"Display":"4"},"5":{"Display":"5"},"6":{"Display":"6"},"7":{"Display":"<div style=\"text-align: center;\">7<br \/>\nVery much<\/div>\n"}},"DisplayLogic":{"0":{"0":{"LogicType":"Question","QuestionID":"QID29","QuestionIsInLoop":"no","ChoiceLocator":"q:\/\/QID29\/DisplayableQuestion\/1","Operator":"Displayed","QuestionIDFromLocator":"QID29","LeftOperand":"q:\/\/QID29\/QuestionDisplayed","Type":"Expression","Description":"<span class=\"ConjDesc\">If<\/span> <span class=\"QuestionDesc\">It is very important for this&amp;nbsp;study that you read this page carefully.\n\n&amp;nbsp;\n\nPlease read the following situation carefully and try to imagine what it would be like if this situation was rea...<\/span> <span class=\"LeftOpDesc\"><\/span> <span class=\"OpDesc\">Is Displayed<\/span> "},"Type":"If"},"Type":"BooleanExpression","inPage":false},"ChoiceOrder":["1","2","3","4","5","6","7"],"Validation":{"Settings":{"ForceResponse":"RequestResponse","ForceResponseType":"RequestResponse","Type":"None"}},"Language":[],"NextChoiceId":8,"NextAnswerId":1,"QuestionID":"QID41","QuestionText_Unsafe":"The government measure would mostly affect <i>people in professional jobs<\/i>. To what extent do you identify with this group?"}},{"SurveyID":"SV_8AkVX2Wfri9Dtcx","Element":"SQ","PrimaryAttribute":"QID40","SecondaryAttribute":"The government measure would mostly affect people in working class jobs. To what extent do you id...","TertiaryAttribute":null,"Payload":{"QuestionText":"The government measure would mostly affect <i>people in working class jobs<\/i>. To what extent do you identify with this group?","DataExportTag":"Q9","QuestionType":"MC","Selector":"SAHR","SubSelector":"TX","DataVisibility":{"Private":false,"Hidden":false},"Configuration":{"QuestionDescriptionOption":"UseText","LabelPosition":"BELOW"},"QuestionDescription":"The government measure would mostly affect people in working class jobs. To what extent do you id...","Choices":{"1":{"Display":"<div style=\"text-align: center;\">1<br \/>\nNot at all<\/div>\n"},"2":{"Display":"2"},"3":{"Display":"3"},"4":{"Display":"4"},"5":{"Display":"5"},"6":{"Display":"6"},"7":{"Display":"<div style=\"text-align: center;\">7<br \/>\nVery much<\/div>\n"}},"DisplayLogic":{"0":{"0":{"LogicType":"Question","QuestionID":"QID5","QuestionIsInLoop":"no","ChoiceLocator":"q:\/\/QID5\/DisplayableQuestion\/1","Operator":"Displayed","QuestionIDFromLocator":"QID5","LeftOperand":"q:\/\/QID5\/QuestionDisplayed","Type":"Expression","Description":"<span class=\"ConjDesc\">If<\/span> <span class=\"QuestionDesc\">It is very important for this&amp;nbsp;study that you read this page carefully.&amp;nbsp;Please read the following situation carefully and try to imagine what it would be like if this situation was real.Th...<\/span> <span class=\"LeftOpDesc\"><\/span> <span class=\"OpDesc\">Is Displayed<\/span> "},"Type":"If"},"Type":"BooleanExpression","inPage":false},"ChoiceOrder":["1","2","3","4","5","6","7"],"Validation":{"Settings":{"ForceResponse":"RequestResponse","ForceResponseType":"RequestResponse","Type":"None"}},"Language":[],"NextChoiceId":8,"NextAnswerId":1,"QuestionID":"QID40","QuestionText_Unsafe":"The government measure would mostly affect <i>people in working class jobs<\/i>. To what extent do you identify with this group?"}},{"SurveyID":"SV_8AkVX2Wfri9Dtcx","Element":"SQ","PrimaryAttribute":"QID47","SecondaryAttribute":"The workforce is often divided in two kinds of jobs. What we call\u00a0working-class jobs\u00a0are jobs don.","TertiaryAttribute":null,"Payload":{"QuestionText":"<p>The workforce is often divided in two kinds of jobs. What we call&nbsp;<span style=\"font-weight: 700;\">working-class jobs<\/span>&nbsp;are jobs done by skilled, semi-skilled, unskilled manual workers or by casual workers. These jobs do not usually require a university degree. What we call&nbsp;<span style=\"font-weight: 700;\">middle-class<\/span>&nbsp;or&nbsp;<span style=\"font-weight: 700;\">professional jobs<\/span>&nbsp;are administrative, managerial, or other jobs that usually require a university degree.<\/p>","DefaultChoices":false,"DataExportTag":"Q7","QuestionType":"DB","Selector":"TB","Configuration":{"QuestionDescriptionOption":"UseText"},"QuestionDescription":"The workforce is often divided in two kinds of jobs. What we call\u00a0working-class jobs\u00a0are jobs don...","ChoiceOrder":[],"Validation":{"Settings":{"Type":"None"}},"GradingData":[],"Language":[],"NextChoiceId":4,"NextAnswerId":1,"QuestionID":"QID47","QuestionText_Unsafe":"<p>The workforce is often divided in two kinds of jobs. What we call&nbsp;<span style=\"font-weight: 700;\">working-class jobs<\/span>&nbsp;are jobs done by skilled, semi-skilled, unskilled manual workers or by casual workers. These jobs do not usually require a university degree. What we call&nbsp;<span style=\"font-weight: 700;\">middle-class<\/span>&nbsp;or&nbsp;<span style=\"font-weight: 700;\">professional jobs<\/span>&nbsp;are administrative, managerial, or other jobs that usually require a university degree.<\/p>","DataVisibility":{"Private":false,"Hidden":false},"InPageDisplayLogic":{"0":{"0":{"ChoiceLocator":"q:\/\/QID45\/SelectableChoice\/1","Description":"<span class=\"ConjDesc\">If<\/span> <span class=\"QuestionDesc\">Do you currently have a job?<\/span> <span class=\"LeftOpDesc\">Yes<\/span> <span class=\"OpDesc\">Is Selected<\/span> ","LeftOperand":"q:\/\/QID45\/SelectableChoice\/1","LogicType":"Question","Operator":"Selected","QuestionID":"QID45","QuestionIDFromLocator":"QID45","QuestionIsInLoop":"no","Type":"Expression"},"1":{"ChoiceLocator":"q:\/\/QID45\/SelectableChoice\/2","Conjuction":"Or","Description":"<span class=\"ConjDesc\">Or<\/span> <span class=\"QuestionDesc\">Do you currently have a job?<\/span> <span class=\"LeftOpDesc\">No<\/span> <span class=\"OpDesc\">Is Selected<\/span> ","LeftOperand":"q:\/\/QID45\/SelectableChoice\/2","LogicType":"Question","Operator":"Selected","QuestionID":"QID45","QuestionIDFromLocator":"QID45","QuestionIsInLoop":"no","Type":"Expression"},"Type":"If"},"Type":"BooleanExpression","inPage":true}}},{"SurveyID":"SV_8AkVX2Wfri9Dtcx","Element":"SQ","PrimaryAttribute":"QID52","SecondaryAttribute":"Think of a ladder (see image) as representing where people stand in society. At the top of the la...","TertiaryAttribute":null,"Payload":{"QuestionText":"Think of a ladder (see image) as representing where people stand in society. At the top of the ladder are the people who are best off&mdash;those who have the most money, most education and the best jobs. At the bottom are the people who are worst off&mdash;who have the least money, least education and the worst jobs or no job. The higher up you are on this ladder, the closer you are to people at the very top and the lower you are, the closer you are to the bottom. Where would you put yourself on the ladder? Choose the number whose position best represents where you would be on this ladder.&nbsp;<br \/>\n&nbsp;\n<div><img src=\"https:\/\/www.prolific.ac\/assets\/img\/ladder.png\" \/><\/div>","DataExportTag":"Q11","QuestionType":"MC","Selector":"SAHR","SubSelector":"TX","Configuration":{"QuestionDescriptionOption":"UseText","LabelPosition":"BELOW"},"QuestionDescription":"Think of a ladder (see image) as representing where people stand in society. At the top of the la...","Choices":{"1":{"Display":"1"},"2":{"Display":"2"},"3":{"Display":"3"},"4":{"Display":"4"},"5":{"Display":"5"},"6":{"Display":"6"},"7":{"Display":"7"},"8":{"Display":"8"},"9":{"Display":"9"},"10":{"Display":"10"}},"ChoiceOrder":["1","2","3","4","5","6","7","8","9","10"],"Validation":{"Settings":{"ForceResponse":"OFF","ForceResponseType":"ON","Type":"None"}},"Language":[],"NextChoiceId":11,"NextAnswerId":1,"QuestionID":"QID52","QuestionText_Unsafe":"Think of a ladder (see image) as representing where people stand in society. At the top of the ladder are the people who are best off&mdash;those who have the most money, most education and the best jobs. At the bottom are the people who are worst off&mdash;who have the least money, least education and the worst jobs or no job. The higher up you are on this ladder, the closer you are to people at the very top and the lower you are, the closer you are to the bottom. Where would you put yourself on the ladder? Choose the number whose position best represents where you would be on this ladder.&nbsp;<br \/>\n&nbsp;\n<div><img src=\"https:\/\/www.prolific.ac\/assets\/img\/ladder.png\" \/><\/div>"}},{"SurveyID":"SV_8AkVX2Wfri9Dtcx","Element":"SQ","PrimaryAttribute":"QID48","SecondaryAttribute":"Think of jobs you have had in the past or will have in the future. Do you think these jobs are wo...","TertiaryAttribute":null,"Payload":{"QuestionText":"<p>Think of jobs you have had in the past or will have in the future. Do you think these jobs are <strong>working-class jobs<\/strong> or <strong>middle-class\/professional jobs<\/strong>?<\/p>","DataExportTag":"Q8","QuestionType":"MC","Selector":"SAVR","SubSelector":"TX","DataVisibility":{"Private":false,"Hidden":false},"Configuration":{"QuestionDescriptionOption":"UseText"},"QuestionDescription":"Think of jobs you have had in the past or will have in the future. Do you think these jobs are wo...","Choices":{"1":{"Display":"Working-class jobs"},"2":{"Display":"Middle-class\/professional jobs"},"3":{"Display":"Neither"}},"ChoiceOrder":["1","2","3"],"Validation":{"Settings":{"ForceResponse":"OFF","ForceResponseType":"RequestResponse","Type":"None"}},"Language":[],"NextChoiceId":4,"NextAnswerId":1,"QuestionID":"QID48","InPageDisplayLogic":{"0":{"0":{"ChoiceLocator":"q:\/\/QID45\/SelectableChoice\/2","Description":"<span class=\"ConjDesc\">If<\/span> <span class=\"QuestionDesc\">Do you currently have a job?<\/span> <span class=\"LeftOpDesc\">No<\/span> <span class=\"OpDesc\">Is Selected<\/span> ","LeftOperand":"q:\/\/QID45\/SelectableChoice\/2","LogicType":"Question","Operator":"Selected","QuestionID":"QID45","QuestionIDFromLocator":"QID45","QuestionIsInLoop":"no","Type":"Expression"},"Type":"If"},"Type":"BooleanExpression","inPage":true},"QuestionText_Unsafe":"<p>Think of jobs you have had in the past or will have in the future. Do you think these jobs are <strong>working-class jobs<\/strong> or <strong>middle-class\/professional jobs<\/strong>?<\/p>"}},{"SurveyID":"SV_8AkVX2Wfri9Dtcx","Element":"SQ","PrimaryAttribute":"QID54","SecondaryAttribute":"What is the highest level of education you have completed?","TertiaryAttribute":null,"Payload":{"QuestionText":"What is the highest level of education you have completed?","DataExportTag":"Q10","QuestionType":"MC","Selector":"SAVR","SubSelector":"TX","Configuration":{"QuestionDescriptionOption":"UseText"},"QuestionDescription":"What is the highest level of education you have completed?","Choices":{"1":{"Display":"No formal qualifications"},"2":{"Display":"Secondary school\/GCSE"},"3":{"Display":"College\/A levels"},"4":{"Display":"Undergraduate degree (BA\/BSc\/other)"},"5":{"Display":"Graduate degree (MA\/MSc\/MPhil\/other)"},"6":{"Display":"Doctorate degree (PhD\/MD\/other)"}},"ChoiceOrder":["1","2","3","4","5","6"],"Validation":{"Settings":{"ForceResponse":"OFF","ForceResponseType":"ON","Type":"None"}},"Language":[],"NextChoiceId":7,"NextAnswerId":1,"QuestionID":"QID54","QuestionText_Unsafe":"What is the highest level of education you have completed?"}},{"SurveyID":"SV_8AkVX2Wfri9Dtcx","Element":"SQ","PrimaryAttribute":"QID43","SecondaryAttribute":"What is your age (in years)?","TertiaryAttribute":null,"Payload":{"QuestionText":"What is your age (in years)?","DefaultChoices":false,"DataExportTag":"Q3","QuestionType":"TE","Selector":"SL","Configuration":{"QuestionDescriptionOption":"UseText","AllowFreeResponse":"false"},"QuestionDescription":"What is your age (in years)?","Validation":{"Settings":{"ForceResponse":"RequestResponse","ForceResponseType":"RequestResponse","Type":"ContentType","ContentType":"ValidNumber","ValidDateType":"DateWithFormat","ValidPhoneType":"ValidUSPhone","ValidZipType":"ValidUSZip","ValidNumber":{"Min":"18","Max":"121"}}},"GradingData":[],"Language":[],"NextChoiceId":4,"NextAnswerId":1,"QuestionID":"QID43","QuestionText_Unsafe":"What is your age (in years)?"}},{"SurveyID":"SV_8AkVX2Wfri9Dtcx","Element":"SQ","PrimaryAttribute":"QID42","SecondaryAttribute":"What is your gender?","TertiaryAttribute":null,"Payload":{"QuestionText":"What is your gender?","DefaultChoices":false,"DataExportTag":"Q2","QuestionID":"QID42","QuestionType":"TE","Selector":"SL","DataVisibility":{"Private":false,"Hidden":false},"Configuration":{"QuestionDescriptionOption":"UseText","AllowFreeResponse":"false"},"QuestionDescription":"What is your gender?","Validation":{"Settings":{"ForceResponse":"RequestResponse","ForceResponseType":"RequestResponse","Type":"None"}},"GradingData":[],"Language":[],"NextChoiceId":5,"NextAnswerId":1,"QuestionText_Unsafe":"What is your gender?"}},{"SurveyID":"SV_8AkVX2Wfri9Dtcx","Element":"SQ","PrimaryAttribute":"QID44","SecondaryAttribute":"What is your nationality?","TertiaryAttribute":null,"Payload":{"QuestionText":"What is your nationality?","DataExportTag":"Q4","QuestionType":"MC","Selector":"SAVR","SubSelector":"TX","Configuration":{"QuestionDescriptionOption":"UseText"},"QuestionDescription":"What is your nationality?","Choices":{"1":{"Display":"United Kingdom"},"3":{"Display":"Other:","TextEntry":"true"}},"ChoiceOrder":["1","3"],"Validation":{"Settings":{"ForceResponse":"RequestResponse","ForceResponseType":"RequestResponse","Type":"None"}},"Language":[],"NextChoiceId":4,"NextAnswerId":1,"QuestionID":"QID44","QuestionText_Unsafe":"What is your nationality?","DataVisibility":{"Private":false,"Hidden":false},"RecodeValues":{"1":"0","3":"1"}}}]}