{"SurveyEntry":{"SurveyID":"SV_0kWPimXURDVIzYN","SurveyName":"Study 1","SurveyDescription":null,"SurveyOwnerID":"UR_ebbKXlZLV80ZKU5","SurveyBrandID":"oxfordxpsy","DivisionID":"DV_4U6IG5qCmSNmy6V","SurveyLanguage":"EN-GB","SurveyActiveResponseSet":"RS_7NxpaM8gJ1uFkIB","SurveyStatus":"Active","SurveyStartDate":"0000-00-00 00:00:00","SurveyExpirationDate":"0000-00-00 00:00:00","SurveyCreationDate":"2019-07-03 09:14:45","CreatorID":"UR_ebbKXlZLV80ZKU5","LastModified":"2020-11-09 08:35:06","LastAccessed":"0000-00-00 00:00:00","LastActivated":"2019-08-19 04:26:06","Deleted":null},"SurveyElements":[{"SurveyID":"SV_0kWPimXURDVIzYN","Element":"BL","PrimaryAttribute":"Survey Blocks","SecondaryAttribute":null,"TertiaryAttribute":null,"Payload":{"1":{"Type":"Trash","Description":"Trash \/ Unused Questions","ID":"BL_5vCQQ0oOiryRxDD","BlockElements":[{"Type":"Question","QuestionID":"QID61"},{"Type":"Question","QuestionID":"QID62"}],"Options":{"BlockLocking":"false","RandomizeQuestions":"false","BlockVisibility":"Expanded"}},"2":{"Type":"Standard","SubType":"","Description":"Consent","ID":"BL_82gAFJh1YDcbzlb","BlockElements":[{"Type":"Question","QuestionID":"QID7"}]},"3":{"Type":"Standard","SubType":"","Description":"Vignette (Working-Class Jobs)","ID":"BL_9AVXkxMPH0XntFr","BlockElements":[{"Type":"Question","QuestionID":"QID5"}]},"4":{"Type":"Standard","SubType":"","Description":"Vignette (Professional Jobs)","ID":"BL_3UELrqUmX05xKsZ","BlockElements":[{"Type":"Question","QuestionID":"QID29"}]},"7":{"Type":"Standard","SubType":"","Description":"Attention Check","ID":"BL_d4IjOCgltl9P6eN","Options":{"BlockLocking":"false","RandomizeQuestions":"false","BlockVisibility":"Expanded"},"BlockElements":[{"Type":"Question","QuestionID":"QID49"}]},"8":{"Type":"Standard","SubType":"","Description":"Item Responses (Working-Class Jobs)","ID":"BL_bDUrGPQpcpjWZcV","BlockElements":[{"Type":"Question","QuestionID":"QID52"}]},"9":{"Type":"Standard","SubType":"","Description":"Item Responses (Professional Jobs)","ID":"BL_6tUzr9sxTDOG7qZ","BlockElements":[{"Type":"Question","QuestionID":"QID53"}]},"10":{"Type":"Standard","SubType":"","Description":"Reactions","ID":"BL_4PciaE3ZpJ1U9Kt","BlockElements":[{"Type":"Question","QuestionID":"QID54"},{"Type":"Question","QuestionID":"QID55"},{"Type":"Question","QuestionID":"QID56"},{"Type":"Question","QuestionID":"QID57"},{"Type":"Question","QuestionID":"QID60"}]},"11":{"Type":"Standard","SubType":"","Description":"SDO","ID":"BL_3HMDiFjOkrFJDa5","BlockElements":[{"Type":"Question","QuestionID":"QID58"}]},"12":{"Type":"Standard","SubType":"","Description":"SJB","ID":"BL_51O4vPDGVUpQGFf","BlockElements":[{"Type":"Question","QuestionID":"QID63"}]}}},{"SurveyID":"SV_0kWPimXURDVIzYN","Element":"FL","PrimaryAttribute":"Survey Flow","SecondaryAttribute":null,"TertiaryAttribute":null,"Payload":{"Type":"Root","FlowID":"FL_1","Flow":[{"Type":"EmbeddedData","FlowID":"FL_5","EmbeddedData":[{"Description":"PROLIFIC_PID","Type":"Recipient","Field":"PROLIFIC_PID","VariableType":"String","DataVisibility":[],"AnalyzeText":false},{"Description":"STUDY_ID","Type":"Recipient","Field":"STUDY_ID","VariableType":"String","DataVisibility":[],"AnalyzeText":false},{"Description":"SESSION_ID","Type":"Recipient","Field":"SESSION_ID","VariableType":"String","DataVisibility":[],"AnalyzeText":false},{"Description":"SAMPLE","Type":"Recipient","Field":"SAMPLE","VariableType":"String","DataVisibility":[],"AnalyzeText":false}]},{"Type":"Standard","ID":"BL_82gAFJh1YDcbzlb","FlowID":"FL_3","Autofill":[]},{"Type":"Branch","FlowID":"FL_25","Description":"New Branch","BranchLogic":{"0":{"0":{"LogicType":"EmbeddedField","LeftOperand":"SAMPLE","Operator":"Contains","RightOperand":"WJ","_HiddenExpression":false,"Type":"Expression","Description":"<span class=\"ConjDesc\">If<\/span>  <span class=\"LeftOpDesc\">SAMPLE<\/span> <span class=\"OpDesc\">Contains<\/span> <span class=\"RightOpDesc\"> WJ <\/span>"},"Type":"If"},"Type":"BooleanExpression"},"Flow":[{"Type":"BlockRandomizer","FlowID":"FL_17","SubSet":1,"EvenPresentation":true,"Flow":[{"Type":"Group","FlowID":"FL_20","Description":"Working-Class Jobs","Flow":[{"Type":"Block","ID":"BL_9AVXkxMPH0XntFr","FlowID":"FL_21","Autofill":[]},{"Type":"Block","ID":"BL_bDUrGPQpcpjWZcV","FlowID":"FL_22","Autofill":[]}]},{"Type":"Group","FlowID":"FL_23","Description":"Professional Jobs","Flow":[{"Type":"Block","ID":"BL_3UELrqUmX05xKsZ","FlowID":"FL_24","Autofill":[]},{"Type":"Block","ID":"BL_6tUzr9sxTDOG7qZ","FlowID":"FL_35","Autofill":[]}]}]}]},{"Type":"Branch","FlowID":"FL_26","Description":"New Branch","BranchLogic":{"0":{"0":{"LogicType":"EmbeddedField","LeftOperand":"SAMPLE","Operator":"Contains","RightOperand":"PJ","_HiddenExpression":false,"Type":"Expression","Description":"<span class=\"ConjDesc\">If<\/span>  <span class=\"LeftOpDesc\">SAMPLE<\/span> <span class=\"OpDesc\">Contains<\/span> <span class=\"RightOpDesc\"> PJ <\/span>"},"Type":"If"},"Type":"BooleanExpression"},"Flow":[{"Type":"BlockRandomizer","FlowID":"FL_27","SubSet":1,"EvenPresentation":true,"Flow":[{"Type":"Group","FlowID":"FL_28","Description":"Working-Class Jobs","Flow":[{"Type":"Block","ID":"BL_9AVXkxMPH0XntFr","FlowID":"FL_29","Autofill":[]},{"Type":"Block","ID":"BL_bDUrGPQpcpjWZcV","FlowID":"FL_30","Autofill":[]}]},{"Type":"Group","FlowID":"FL_31","Description":"Professional Jobs","Flow":[{"Type":"Block","ID":"BL_3UELrqUmX05xKsZ","FlowID":"FL_32","Autofill":[]},{"Type":"Standard","ID":"BL_6tUzr9sxTDOG7qZ","FlowID":"FL_33","Autofill":[]}]}]}]},{"Type":"Block","ID":"BL_4PciaE3ZpJ1U9Kt","FlowID":"FL_40","Autofill":[]},{"Type":"Block","ID":"BL_3HMDiFjOkrFJDa5","FlowID":"FL_39","Autofill":[]},{"Type":"Standard","ID":"BL_51O4vPDGVUpQGFf","FlowID":"FL_42","Autofill":[]},{"Type":"Standard","ID":"BL_d4IjOCgltl9P6eN","FlowID":"FL_12","Autofill":[]},{"Type":"EndSurvey","FlowID":"FL_41"}],"Properties":{"Count":42,"RemovedFieldsets":[]}}},{"SurveyID":"SV_0kWPimXURDVIzYN","Element":"SO","PrimaryAttribute":"Survey Options","SecondaryAttribute":null,"TertiaryAttribute":null,"Payload":{"BackButton":"false","SaveAndContinue":"true","SurveyProtection":"PublicSurvey","BallotBoxStuffingPrevention":"false","NoIndex":"Yes","SecureResponseFiles":"true","SurveyExpiration":null,"SurveyTermination":"Redirect","Header":"","Footer":"","ProgressBarDisplay":"None","PartialData":"+4 hour","ValidationMessage":null,"PreviousButton":" \u2190 ","NextButton":" \u2192 ","SkinLibrary":"Qualtrics","SkinType":"MQ","Skin":"v4qualtrics1","NewScoring":1,"libraryId":"","nextButtonMid":"","previousButtonMid":"","headerMid":"","footerMid":"","QuestionsPerPage":"","PageTransition":"Slide","Autofocus":"false","Autoadvance":"false","AutoadvancePages":"false","ExternalCSS":null,"CustomStyles":{"errorStyles":{"selector":".Skin .ValidationError","styles":{"color":null,"backgroundColor":null,"borderColor":null}},"errorStylesBG":{"selector":".Skin .HeaderValidationError, .Skin .HeaderValidationError li a","styles":{"color":null,"backgroundColor":null}},"pageStyles":{"selector":"#SurveyEngineBody","styles":{"backgroundColor":null}},"textStyles":{"selector":".SkinInner","styles":{"fontFamily":null,"fontSize":null,"fontWeight":null,"fontStyle":null,"textDecoration":null,"color":"rgb(0, 0, 0)"}},"questionStyles":{"selector":".Skin .QuestionText","styles":{"fontFamily":"","fontSize":"","fontWeight":"","fontStyle":"","textDecoration":"","color":null}},"choiceStyles":{"selector":".Skin .horizontalbar th.ylabel, .Skin .Matrix table td, .Skin .Matrix table th, .Skin .Matrix table thead th, .Skin .Matrix table thead td, .Skin .PGR .DragAndDrop .Items label, .Skin .QuestionBody ul.ChoiceStructure, .Skin .PGR .DragAndDrop .Group ul, .Skin .PGR .DragAndDrop .Group h2, .Skin .PGR .DragAndDrop .Items ul, .Skin .PGR .DragAndDrop .Items h2, .Skin .DD .QuestionBody table.ChoiceStructure, .Skin .PGR .DragAndDrop .NoColumns td.groupsContainerTd div ul, .Skin .PGR .DragAndDrop .NoColumns td.groupsContainerTd div h2, .Skin .SBS thead th, .Skin .SBS td, .Skin .SBS .Answers td, .Skin .SBS .Answers th, .SBS table.ChoiceStructure, .Skin .horizontalbar thead table.LabelDescriptions tr td, .Skin .horizontalbar thead tr td.NotApplicable, .QuestionBody th, .Skin .QuestionBody .MC .MAVR label, .Skin .QuestionBody .MC .SAVR label, .Skin .SBS thead th, .Skin .SBS td, .Skin .RO .DND ul li, .Skin .reg, .SkinInner .ChoiceStructure, .Skin thead, .Skin .GAP .ChoiceStructure thead th, .Skin .GAP .ChoiceStructure .c4, .Skin .GAP .ChoiceStructure th, .Skin .GAP .ChoiceStructure .WhyText, .SkinInner .ChoiceStructure .LightBG, .Skin .QuestionOuter.Highlight .Inner .reg, .Skin .QuestionOuter.Highlight .Inner .alt, .Skin .QuestionOuter.Highlight .Inner .ReadableAlt       ","styles":{"fontFamily":null,"fontSize":null,"fontWeight":null,"fontStyle":null,"textDecoration":null,"color":null}},"headerStyles":{"selector":".Skin div#Header","styles":{"color":"rgb(255, 255, 255)"}},"footerStyles":{"selector":".Skin #Footer","styles":{"color":null}},"questionSeparatorStyles":{"selector":".Skin .Separator","styles":{"backgroundColor":null,"display":"block"}},"highlightStyles":{"selector":".Skin .QuestionOuter.Highlight .Inner, .Skin .QuestionOuter.Highlight .Inner .reg, .Skin .QuestionOuter.Highlight .Inner .alt, .Skin .QuestionOuter.Highlight .Inner .ReadableAlt","styles":{"backgroundColor":null}},"highlightStylesAlt":{"selector":".Skin .QuestionOuter.Highlight .Inner .ReadableAlt, .Skin .QuestionOuter.Highlight .Inner .LightBG","styles":{"backgroundColor":null}},"textEntryStyles":{"selector":".Skin select, .Skin .InputText","styles":{"color":null}},"borderStyles":{"selector":".Skin .CS .horizontalbar table.sliderGrid tr.xlabel th, .Skin .CS .horizontalbar .ylabel, .Skin .CS .horizontalbar table.sliderGrid tr td.value, .Skin .Slider .horizontalbar table.sliderGrid tr.xlabel th, .Skin .BorderColor, .Skin .DarkBorderColor, .Skin .Slider .horizontalbar table.sliderGrid tr td.value, .Skin thead, .Skin .GAP .ChoiceStructure thead th  ","styles":{"borderColor":null}},"altRowStyles":{"selector":".Skin .ReadableAlt, .Skin .LightBG","styles":{"backgroundColor":"rgb(228, 228, 228)"}},"customCSS":null},"HighlightQuestions":"off","EOSMessage":"","ShowExportTags":"false","CollectGeoLocation":"false","SurveyTitle":"Study 1","SurveyMetaDescription":"In this study, you will be asked to imagine a situation in which a new government measure is being introduced. You will be asked a few questions about what you think about this situation and the kind of actions people might take in response to it.","PasswordProtection":"No","AnonymizeResponse":"No","Password":"","RefererCheck":"No","RefererURL":"http:\/\/","ResponseSummary":"No","EOSMessageLibrary":"","EOSRedirectURL":"https:\/\/app.prolific.co\/submissions\/complete?cc=CCU3AXCA","EmailThankYou":"false","ThankYouEmailMessageLibrary":null,"ThankYouEmailMessage":null,"ValidateMessage":"false","ValidationMessageLibrary":null,"InactiveSurvey":"DefaultMessage","PartialDataCloseAfter":"LastActivity","ActiveResponseSet":null,"InactiveMessageLibrary":"","InactiveMessage":"","AvailableLanguages":{"EN-GB":[]},"RecaptchaV3":"false","RelevantID":"false","ProtectSelectionIds":true,"UseCustomSurveyLinkCompletedMessage":null,"SurveyLinkCompletedMessage":"","SurveyLinkCompletedMessageLibrary":""}},{"SurveyID":"SV_0kWPimXURDVIzYN","Element":"SCO","PrimaryAttribute":"Scoring","SecondaryAttribute":null,"TertiaryAttribute":null,"Payload":{"ScoringCategories":[{"ID":"SC_efeU8tuxnS9PkVv","Name":"Score","Description":""}],"ScoringCategoryGroups":[],"DefaultScoringCategory":"SC_efeU8tuxnS9PkVv","ScoringSummaryCategory":null,"ScoringSummaryAfterQuestions":0,"ScoringSummaryAfterSurvey":0,"AutoScoringCategory":null}},{"SurveyID":"SV_0kWPimXURDVIzYN","Element":"PROJ","PrimaryAttribute":"CORE","SecondaryAttribute":null,"TertiaryAttribute":"1.1.0","Payload":{"ProjectCategory":"CORE","SchemaVersion":"1.1.0"}},{"SurveyID":"SV_0kWPimXURDVIzYN","Element":"STAT","PrimaryAttribute":"Survey Statistics","SecondaryAttribute":null,"TertiaryAttribute":null,"Payload":{"MobileCompatible":false,"ID":"Survey Statistics"}},{"SurveyID":"SV_0kWPimXURDVIzYN","Element":"QC","PrimaryAttribute":"Survey Question Count","SecondaryAttribute":"63","TertiaryAttribute":null,"Payload":null},{"SurveyID":"SV_0kWPimXURDVIzYN","Element":"SQ","PrimaryAttribute":"QID49","SecondaryAttribute":"At the start of this study, you read about a bill that the government planned to introduce and th...","TertiaryAttribute":null,"Payload":{"QuestionText":"At the start of this study, you read about a bill that the government planned to introduce and that some people objected to. Who were the people most affected by this measure?","DefaultChoices":false,"DataExportTag":"Q13","QuestionType":"TE","Selector":"SL","Configuration":{"QuestionDescriptionOption":"UseText","AllowFreeResponse":"false"},"QuestionDescription":"At the start of this study, you read about a bill that the government planned to introduce and th...","Validation":{"Settings":{"ForceResponse":"RequestResponse","ForceResponseType":"RequestResponse","Type":"ContentType","ContentType":"ValidTextOnly","ValidDateType":"DateWithFormat","ValidPhoneType":"ValidUSPhone","ValidZipType":"ValidUSZip"}},"GradingData":[],"Language":[],"NextChoiceId":4,"NextAnswerId":1,"QuestionID":"QID49","QuestionText_Unsafe":"At the start of this study, you read about a bill that the government planned to introduce and that some people objected to. Who were the people most affected by this measure?","DataVisibility":{"Private":false,"Hidden":false}}},{"SurveyID":"SV_0kWPimXURDVIzYN","Element":"SQ","PrimaryAttribute":"QID61","SecondaryAttribute":"Click to write the question text","TertiaryAttribute":null,"Payload":{"QuestionText":"Click to write the question text","DataExportTag":"Q13","QuestionType":"MC","Selector":"SAVR","SubSelector":"TX","Configuration":{"QuestionDescriptionOption":"UseText"},"QuestionDescription":"Click to write the question text","Choices":{"1":{"Display":"Click to write Choice 1"},"2":{"Display":"Click to write Choice 2"},"3":{"Display":"Click to write Choice 3"}},"ChoiceOrder":["1","2","3"],"Validation":{"Settings":{"ForceResponse":"OFF","ForceResponseType":"ON","Type":"None"}},"Language":[],"NextChoiceId":4,"NextAnswerId":1,"QuestionID":"QID61"}},{"SurveyID":"SV_0kWPimXURDVIzYN","Element":"SQ","PrimaryAttribute":"QID62","SecondaryAttribute":"Click to write the question text","TertiaryAttribute":null,"Payload":{"QuestionText":"Click to write the question text","DataExportTag":"Q14","QuestionType":"MC","Selector":"SAVR","SubSelector":"TX","Configuration":{"QuestionDescriptionOption":"UseText"},"QuestionDescription":"Click to write the question text","Choices":{"1":{"Display":"Click to write Choice 1"},"2":{"Display":"Click to write Choice 2"},"3":{"Display":"Click to write Choice 3"}},"ChoiceOrder":["1","2","3"],"Validation":{"Settings":{"ForceResponse":"OFF","ForceResponseType":"ON","Type":"None"}},"Language":[],"NextChoiceId":4,"NextAnswerId":1,"QuestionID":"QID62"}},{"SurveyID":"SV_0kWPimXURDVIzYN","Element":"SQ","PrimaryAttribute":"QID7","SecondaryAttribute":"Dear participant, \u00a0 Thank you for your interest in participating in this study! \u00a0 In this study,..","TertiaryAttribute":null,"Payload":{"QuestionText":"<p>Dear participant,<o:p><\/o:p><\/p>\n\n<p>&nbsp;<\/p>\n\n<p>Thank you for your interest in participating in this study! <o:p><\/o:p><\/p>\n\n<p>&nbsp;<\/p>\n\n<p>In this study, you will be asked to imagine a situation in which a new government measure is being introduced. You will be asked a few questions about what you think about this situation and the kind of actions people might take in response to it. You will also be asked a few questions about your beliefs. We anticipate that your involvement will take around <strong>5&nbsp;minutes<\/strong>. You will receive <strong>&pound;0.75<\/strong>&nbsp;as compensation for participating.&nbsp;The research is conducted as part of an international collaboration at the University of Leuven, Belgium.<\/p>\n\n<p>&nbsp;<\/p>\n\n<p><strong>Risks and Benefits:<\/strong><o:p><\/o:p><\/p>\n\n<p>There are no physical risks to participating in this study. However, some questions may make you uncomfortable. Every effort will be made to keep your information confidential. Although this study may not necessarily benefit you personally, we hope that our results will add to current knowledge about social psychological processes and provide an engaging experience.<o:p><\/o:p><\/p>\n\n<p>&nbsp;<\/p>\n\n<p><strong>Confidentiality:<\/strong><o:p><\/o:p><\/p>\n\n<p>The researchers will not know your name, and will not ask for, or have access, to any uniquely identifying information about you. The researchers will have access to your Prolific ID for the purposes of payment and participant management. Prolific will not disclose any of the personal data linked to your account to the researchers. The researchers will link your responses in this study to your responses in a screening survey you have filled in earlier.<o:p><\/o:p><\/p>\n\n<p>&nbsp;<br \/>\nResults from this study may be published in professional journals of psychological research or presented at professional meetings. We may also share the data with other researchers so they can check the accuracy of our conclusions but will only do so if we are confident that your confidentiality is protected.<o:p><\/o:p><\/p>\n\n<p>&nbsp;<\/p>\n\n<p><strong>Voluntary Participation: <\/strong><o:p><\/o:p><\/p>\n\n<p>Participation in this study is completely voluntary. You are free to decline to participate, to end participation at any time for any reason, or to refuse to answer any individual question without penalty. <o:p><\/o:p><\/p>\n\n<p>&nbsp;<\/p>\n\n<p><strong>Questions:<\/strong><o:p><\/o:p><\/p>\n\n<p>If you have any questions about this study, and\/or if you want to obtain copies of the results of this research upon its completion, you may contact the researchers via jenny.veldman@kuleuven.be or colette.vanlaar@kuleuven.be.<\/p>\n\n<p>&nbsp;<\/p>\n\n<p>This study is approved by the Social and Societal Ethics Committee of the University of Leuven in Belgium. In case of questions or comments regarding the ethical aspects of this study, you can contact the ethics committee via SMEC@kuleuven.be.<br \/>\n&nbsp;<\/p>\n\n<p><strong>If you agree to participate in this study, then you can proceed to the next screen.&nbsp;<\/strong><o:p><\/o:p><\/p>","DefaultChoices":false,"DataExportTag":"Q1","QuestionType":"DB","Selector":"TB","DataVisibility":{"Private":false,"Hidden":false},"Configuration":{"QuestionDescriptionOption":"UseText"},"QuestionDescription":"Dear participant, \u00a0 Thank you for your interest in participating in this study! \u00a0 In this study,...","ChoiceOrder":[],"Validation":{"Settings":{"Type":"None"}},"GradingData":[],"Language":[],"NextChoiceId":1,"NextAnswerId":1,"QuestionID":"QID7","QuestionText_Unsafe":"<p>Dear participant,<o:p><\/o:p><\/p>\n\n<p>&nbsp;<\/p>\n\n<p>Thank you for your interest in participating in this study! <o:p><\/o:p><\/p>\n\n<p>&nbsp;<\/p>\n\n<p>In this study, you will be asked to imagine a situation in which a new government measure is being introduced. You will be asked a few questions about what you think about this situation and the kind of actions people might take in response to it. You will also be asked a few questions about your beliefs. We anticipate that your involvement will take around <strong>X&nbsp;minutes<\/strong>. You will receive <strong>\u00a3X.XX<\/strong>&nbsp;as compensation for participating.&nbsp;The research is conducted as part of an international collaboration at the University of Leuven, Belgium.<\/p>\n\n<p>&nbsp;<\/p>\n\n<p><strong>Risks and Benefits:<\/strong><o:p><\/o:p><\/p>\n\n<p>There are no physical risks to participating in this study. However, some questions may make you uncomfortable. Every effort will be made to keep your information confidential. Although this study may not necessarily benefit you personally, we hope that our results will add to current knowledge about social psychological processes and provide an engaging experience.<o:p><\/o:p><\/p>\n\n<p>&nbsp;<\/p>\n\n<p><strong>Confidentiality:<\/strong><o:p><\/o:p><\/p>\n\n<p>The researchers will not know your name, and will not ask for, or have access, to any uniquely identifying information about you. The researchers will have access to your Prolific ID for the purposes of payment and participant management. Prolific will not disclose any of the personal data linked to your account to the researchers. The researchers will link your responses in this study to your responses in a screening survey you have filled in earlier.<o:p><\/o:p><\/p>\n\n<p>&nbsp;<br>\nResults from this study may be published in professional journals of psychological research or presented at professional meetings. We may also share the data with other researchers so they can check the accuracy of our conclusions but will only do so if we are confident that your confidentiality is protected.<o:p><\/o:p><\/p>\n\n<p>&nbsp;<\/p>\n\n<p><strong>Voluntary Participation: <\/strong><o:p><\/o:p><\/p>\n\n<p>Participation in this study is completely voluntary. You are free to decline to participate, to end participation at any time for any reason, or to refuse to answer any individual question without penalty. <o:p><\/o:p><\/p>\n\n<p>&nbsp;<\/p>\n\n<p><strong>Questions:<\/strong><o:p><\/o:p><\/p>\n\n<p>If you have any questions about this study, and\/or if you want to obtain copies of the results of this research upon its completion, you may contact the researchers via jenny.veldman@kuleuven.be or colette.vanlaar@kuleuven.be.<\/p>\n\n<p>&nbsp;<\/p>\n\n<p>This study is approved by the Social and Societal Ethics Committee of the University of Leuven in Belgium. In case of questions or comments regarding the ethical aspects of this study, you can contact the ethics committee via SMEC@kuleuven.be.<br>\n&nbsp;<\/p>\n\n<p><strong>If you agree to participate in this study, then you can proceed to the next screen.&nbsp;<\/strong><o:p><\/o:p><\/p>"}},{"SurveyID":"SV_0kWPimXURDVIzYN","Element":"RS","PrimaryAttribute":"RS_7NxpaM8gJ1uFkIB","SecondaryAttribute":"Default Response Set","TertiaryAttribute":null,"Payload":null},{"SurveyID":"SV_0kWPimXURDVIzYN","Element":"SQ","PrimaryAttribute":"QID60","SecondaryAttribute":"How often, if at all, have you participated in protest actions such as the ones we have asked abo...","TertiaryAttribute":null,"Payload":{"QuestionText":"How often, if at all, have you participated in protest actions such as the ones we have asked about earlier?","DataExportTag":"Q10","QuestionType":"MC","Selector":"SAHR","SubSelector":"TX","Configuration":{"QuestionDescriptionOption":"UseText","LabelPosition":"BELOW"},"QuestionDescription":"How often, if at all, have you participated in protest actions such as the ones we have asked abo...","Choices":{"1":{"Display":"Never"},"2":{"Display":"Rarely"},"3":{"Display":"Sometimes"},"4":{"Display":"Often"},"5":{"Display":"Very often"}},"ChoiceOrder":["1","2","3","4","5"],"Validation":{"Settings":{"ForceResponse":"RequestResponse","ForceResponseType":"RequestResponse","Type":"None"}},"Language":[],"NextChoiceId":6,"NextAnswerId":1,"QuestionID":"QID60","QuestionText_Unsafe":"How often, if at all, have you participated in protest actions such as the ones we have asked about earlier?","DataVisibility":{"Private":false,"Hidden":false}}},{"SurveyID":"SV_0kWPimXURDVIzYN","Element":"SQ","PrimaryAttribute":"QID54","SecondaryAttribute":"If the government were to introduce this bill in real life, how outraged would you be?","TertiaryAttribute":null,"Payload":{"QuestionText":"If the government were to introduce this bill in real life, how <i>outraged<\/i> would you be?","DataExportTag":"Q6","QuestionType":"MC","Selector":"SAHR","SubSelector":"TX","DataVisibility":{"Private":false,"Hidden":false},"Configuration":{"QuestionDescriptionOption":"UseText","LabelPosition":"BELOW"},"QuestionDescription":"If the government were to introduce this bill in real life, how outraged would you be?","Choices":{"1":{"Display":"<div style=\"text-align: center;\">1<br \/>\nNot at all outraged<\/div>\n"},"2":{"Display":"2"},"3":{"Display":"3"},"4":{"Display":"4"},"5":{"Display":"5"},"6":{"Display":"6"},"7":{"Display":"<div style=\"text-align: center;\">7<br \/>\nVery outraged<\/div>"}},"ChoiceOrder":["1","2","3","4","5","6","7"],"Validation":{"Settings":{"ForceResponse":"RequestResponse","ForceResponseType":"RequestResponse","Type":"None"}},"Language":[],"NextChoiceId":8,"NextAnswerId":1,"QuestionID":"QID54","QuestionText_Unsafe":"If the government were to introduce this bill in real life, how <i>outraged<\/i> would you be?"}},{"SurveyID":"SV_0kWPimXURDVIzYN","Element":"SQ","PrimaryAttribute":"QID55","SecondaryAttribute":"If the government were to introduce this bill in real life, to what extent would\u00a0this bill affect..","TertiaryAttribute":null,"Payload":{"QuestionText":"If the government were to introduce this bill in real life, to what extent would&nbsp;this bill affect <i>you personally<\/i>?","DataExportTag":"Q7","QuestionType":"MC","Selector":"SAHR","SubSelector":"TX","DataVisibility":{"Private":false,"Hidden":false},"Configuration":{"QuestionDescriptionOption":"UseText","LabelPosition":"BELOW"},"QuestionDescription":"If the government were to introduce this bill in real life, to what extent would\u00a0this bill affect...","Choices":{"1":{"Display":"<div style=\"text-align: center;\">1<br \/>\nNot at all<\/div>\n"},"2":{"Display":"2"},"3":{"Display":"3"},"4":{"Display":"4"},"5":{"Display":"5"},"6":{"Display":"6"},"7":{"Display":"<div style=\"text-align: center;\">7<br \/>\nVery much<\/div>\n"}},"ChoiceOrder":["1","2","3","4","5","6","7"],"Validation":{"Settings":{"ForceResponse":"RequestResponse","ForceResponseType":"RequestResponse","Type":"None"}},"Language":[],"NextChoiceId":8,"NextAnswerId":1,"QuestionID":"QID55","QuestionText_Unsafe":"If the government were to introduce this bill in real life, to what extent would&nbsp;this bill affect <i>you personally<\/i>?"}},{"SurveyID":"SV_0kWPimXURDVIzYN","Element":"SQ","PrimaryAttribute":"QID56","SecondaryAttribute":"If the government were to introduce this bill in real life,\u00a0to what extent would\u00a0this bill affect.","TertiaryAttribute":null,"Payload":{"QuestionText":"If the government were to introduce this bill in real life,&nbsp;to what extent would&nbsp;this bill affect <i>people like you<\/i>?","DataExportTag":"Q8","QuestionType":"MC","Selector":"SAHR","SubSelector":"TX","DataVisibility":{"Private":false,"Hidden":false},"Configuration":{"QuestionDescriptionOption":"UseText","LabelPosition":"BELOW"},"QuestionDescription":"If the government were to introduce this bill in real life,\u00a0to what extent would\u00a0this bill affect...","Choices":{"1":{"Display":"<div style=\"text-align: center;\">1<br \/>\nNot at all<\/div>\n"},"2":{"Display":"2"},"3":{"Display":"3"},"4":{"Display":"4"},"5":{"Display":"5"},"6":{"Display":"6"},"7":{"Display":"<div style=\"text-align: center;\">7<br \/>\nVery much<\/div>\n"}},"ChoiceOrder":["1","2","3","4","5","6","7"],"Validation":{"Settings":{"ForceResponse":"RequestResponse","ForceResponseType":"RequestResponse","Type":"None"}},"Language":[],"NextChoiceId":8,"NextAnswerId":1,"QuestionID":"QID56","QuestionText_Unsafe":"If the government were to introduce this bill in real life,&nbsp;to what extent would&nbsp;this bill affect <i>people like you<\/i>?"}},{"SurveyID":"SV_0kWPimXURDVIzYN","Element":"SQ","PrimaryAttribute":"QID5","SecondaryAttribute":"It is very important for this\u00a0study that you read this page carefully. \u00a0 Please read the followin.","TertiaryAttribute":null,"Payload":{"QuestionText":"<div><span style=\"font-size: 22px;\"><span style=\"font-weight: 700;\">It is very important for this&nbsp;study that you read this page carefully.<\/span><\/span><\/div><div>&nbsp;<\/div><div><span style=\"font-weight: 700;\">Please read the following situation carefully and try to imagine what it would be like if this situation was real.<\/span><\/div><div><br>The government, though not necessarily the current government, is going to introduce a bill that will mostly affect people in working-class jobs. Working-class jobs, in this case, are jobs done by skilled, semi-skilled, unskilled manual workers or by casual workers. These are jobs that do not usually require a university degree. Other jobs are unlikely to be affected.<br><br>This government measure would make it easier for companies to hire workers during economic growth and to lay off workers during an economic crisis. As a consequence, companies would be able to fire employees with little notice and without giving a reason. Trade unions are opposed to the measure. They argue that the bill would compromise job security, and prevent employees from challenging harassment or other abuse without the fear of being fired. People in working-class jobs are particularly at risk, and there is a rise in tension and outrage among them.<\/div><div><br><\/div><div><span style=\"font-weight: 700;\">In the next few pages, we will ask you about your thoughts on this situation.<\/span><\/div>","DefaultChoices":false,"DataExportTag":"Q2","QuestionID":"QID5","QuestionType":"DB","Selector":"TB","Configuration":{"QuestionDescriptionOption":"UseText"},"QuestionDescription":"It is very important for this\u00a0study that you read this page carefully. \u00a0 Please read the followin...","ChoiceOrder":[],"Validation":{"Settings":{"Type":"None"}},"GradingData":[],"Language":[],"NextChoiceId":7,"NextAnswerId":1,"DataVisibility":{"Private":false,"Hidden":false},"QuestionText_Unsafe":"<div><span style=\"font-size: 22px;\"><span style=\"font-weight: 700;\">It is very important for this&nbsp;study that you read this page carefully.<\/span><\/span><\/div><div>&nbsp;<\/div><div><span style=\"font-weight: 700;\">Please read the following situation carefully and try to imagine what it would be like if this situation was real.<\/span><\/div><div><br>The government, though not necessarily the current government, is going to introduce a bill that will mostly affect people in working-class jobs. Working-class jobs, in this case, are jobs done by skilled, semi-skilled, unskilled manual workers or by casual workers. These are jobs that do not usually require a university degree. Other jobs are unlikely to be affected.<br><br>This government measure would make it easier for companies to hire workers during economic growth and to lay off workers during an economic crisis. As a consequence, companies would be able to fire employees with little notice and without giving a reason. Trade unions are opposed to the measure. They argue that the bill would compromise job security, and prevent employees from challenging harassment or other abuse without the fear of being fired. People in working-class jobs are particularly at risk, and there is a rise in tension and outrage among them.<\/div><div><br><\/div><div><span style=\"font-weight: 700;\">In the next few pages, we will ask you about your thoughts on this situation.<\/span><\/div>"}},{"SurveyID":"SV_0kWPimXURDVIzYN","Element":"SQ","PrimaryAttribute":"QID29","SecondaryAttribute":"It is very important for this\u00a0study that you read this page carefully. \u00a0 Please read the followin.","TertiaryAttribute":null,"Payload":{"QuestionText":"<div><span style=\"font-size: 22px;\"><span style=\"font-weight: 700;\">It is very important for this&nbsp;study that you read this page carefully.<\/span><\/span><\/div>\n\n<div>&nbsp;<\/div>\n\n<div><span style=\"font-weight: 700;\">Please read the following situation carefully and try to imagine what it would be like if this situation was real.<\/span><\/div>\n\n<div><br>\nThe government, though not necessarily the current government, is going to introduce a bill that will mostly affect people in&nbsp;professional jobs. Professional jobs are administrative, managerial, or other jobs that usually require a university degree. Other jobs are unlikely to be affected.<\/div><div>\n<br>\nThis government measure would make it easier for companies to hire workers during economic growth and to lay off workers during an economic crisis. As a consequence, companies would be able to fire employees with little notice and without giving a reason. Trade unions are opposed to the measure. They argue that the bill would compromise job security, and prevent employees from challenging harassment or other abuse without the fear of being fired. People in professional jobs are particularly at risk, and there is a rise in tension and outrage among them.<\/div>\n\n<div>&nbsp;<\/div>\n\n<div><span style=\"font-weight: 700;\">In the next few pages, we will ask you about your thoughts on this situation.<\/span><\/div>","DefaultChoices":false,"QuestionType":"DB","Selector":"TB","Configuration":{"QuestionDescriptionOption":"UseText"},"QuestionDescription":"It is very important for this\u00a0study that you read this page carefully. \u00a0 Please read the followin...","ChoiceOrder":[],"Validation":{"Settings":{"Type":"None"}},"GradingData":[],"Language":[],"NextChoiceId":7,"NextAnswerId":1,"DataVisibility":{"Private":false,"Hidden":false},"QuestionText_Unsafe":"<div><span style=\"font-size: 22px;\"><span style=\"font-weight: 700;\">It is very important for this&nbsp;study that you read this page carefully.<\/span><\/span><\/div>\n\n<div>&nbsp;<\/div>\n\n<div><span style=\"font-weight: 700;\">Please read the following situation carefully and try to imagine what it would be like if this situation was real.<\/span><\/div>\n\n<div><br>\nThe government, though not necessarily the current government, is going to introduce a bill that will mostly affect people in&nbsp;professional jobs. Professional jobs are administrative, managerial, or other jobs that usually require a university degree. Other jobs are unlikely to be affected.<\/div><div>\n<br>\nThis government measure would make it easier for companies to hire workers during economic growth and to lay off workers during an economic crisis. As a consequence, companies would be able to fire employees with little notice and without giving a reason. Trade unions are opposed to the measure. They argue that the bill would compromise job security, and prevent employees from challenging harassment or other abuse without the fear of being fired. People in professional jobs are particularly at risk, and there is a rise in tension and outrage among them.<\/div>\n\n<div>&nbsp;<\/div>\n\n<div><span style=\"font-weight: 700;\">In the next few pages, we will ask you about your thoughts on this situation.<\/span><\/div>","DataExportTag":"Q4","QuestionID":"QID29"}},{"SurveyID":"SV_0kWPimXURDVIzYN","Element":"SQ","PrimaryAttribute":"QID63","SecondaryAttribute":"Please indicate to what extent you agree or disagree with the following statements.","TertiaryAttribute":null,"Payload":{"QuestionText":"Please indicate to what extent you agree or disagree with the following statements.","DefaultChoices":false,"DataExportTag":"Q12","QuestionType":"Matrix","Selector":"Likert","SubSelector":"SingleAnswer","Configuration":{"QuestionDescriptionOption":"UseText","TextPosition":"inline","ChoiceColumnWidth":25,"RepeatHeaders":"none","WhiteSpace":"OFF","MobileFirst":true,"ChoiceColumnWidthPixels":196},"QuestionDescription":"Please indicate to what extent you agree or disagree with the following statements.","Choices":{"1":{"Display":"In general, I find society to be fair."},"2":{"Display":"In general, our political system operates as it should."},"3":{"Display":"The United Kingdom is the best country in the world to live in."},"4":{"Display":"Most policies serve the greater good."},"5":{"Display":"Everyone has a fair shot at wealth and happiness."},"6":{"Display":"Our society is getting worse every year."},"7":{"Display":"Society is set up so that people usually get what they deserve."},"8":{"Display":"Our society needs to be radically restructured."}},"ChoiceOrder":["1","2","8","3","4","5","6","7"],"Validation":{"Settings":{"ForceResponse":"RequestResponse","ForceResponseType":"RequestResponse","Type":"None"}},"GradingData":[],"Language":{"EN":{"Choices":{"8":{"Display":"Our society needs to be radically restructured."}}}},"NextChoiceId":9,"NextAnswerId":8,"Answers":{"1":{"Display":"Strongly disagree"},"2":{"Display":"Disagree"},"3":{"Display":"Somewhat disagree"},"4":{"Display":"Neither agree nor disagree"},"5":{"Display":"Somewhat agree"},"6":{"Display":"Agree"},"7":{"Display":"Strongly agree"}},"AnswerOrder":["1","2","3","4","5","6","7"],"ChoiceDataExportTags":{"1":"Q12_1","2":"Q12_2","3":"Q12_4","4":"Q12_5","5":"Q12_6","6":"Q12_7","7":"Q12_8","8":"Q12_3"},"QuestionID":"QID63","QuestionText_Unsafe":"Please indicate to what extent you agree or disagree with the following statements.","DataVisibility":{"Private":false,"Hidden":false}}},{"SurveyID":"SV_0kWPimXURDVIzYN","Element":"SQ","PrimaryAttribute":"QID58","SecondaryAttribute":"Show how much you favour or oppose each idea below by selecting one of the answer options. You ca...","TertiaryAttribute":null,"Payload":{"QuestionText":"Show how much you favour or oppose each idea below by selecting one of the answer options. You can work quickly; your first feeling is generally best.","DefaultChoices":false,"DataExportTag":"Q11","QuestionID":"QID58","QuestionType":"Matrix","Selector":"Likert","SubSelector":"SingleAnswer","Configuration":{"QuestionDescriptionOption":"UseText","TextPosition":"inline","ChoiceColumnWidth":25,"RepeatHeaders":"none","WhiteSpace":"OFF","MobileFirst":true,"ChoiceColumnWidthPixels":187},"QuestionDescription":"Show how much you favour or oppose each idea below by selecting one of the answer options. You ca...","Choices":{"1":{"Display":"An ideal society requires some groups to be on top and others to be on the bottom."},"2":{"Display":"Some groups of people are simply inferior to other groups."},"3":{"Display":"No one group should dominate in society."},"4":{"Display":"Groups at the bottom are just as deserving as groups at the top."},"5":{"Display":"Group equality should not be our primary goal."},"6":{"Display":"It is unjust to try to make groups equal."},"7":{"Display":"We should do what we can to equalize conditions for different groups."},"8":{"Display":"We should work to give all groups an equal chance to succeed."}},"ChoiceOrder":["1","2","3","4","5","6","7","8"],"Validation":{"Settings":{"ForceResponse":"RequestResponse","ForceResponseType":"RequestResponse","Type":"None"}},"GradingData":[],"Language":{"EN":{"Choices":{"3":{"Display":"No one group should dominate in society."},"4":{"Display":"Groups at the bottom are just as deserving as groups at the top."},"5":{"Display":"Click to write Statement 5"},"8":{"Display":"We should work to give all groups an equal chance to succeed."}},"Answers":{"2":{"Display":"Somewhat Oppose"},"3":{"Display":"Slightly Oppose"}}}},"NextChoiceId":9,"NextAnswerId":15,"Answers":{"1":{"Display":"Strongly Oppose"},"2":{"Display":"Somewhat Oppose"},"3":{"Display":"Slightly Oppose"},"4":{"Display":"Neutral"},"5":{"Display":"Slightly Favour"},"6":{"Display":"Somewhat Favour"},"7":{"Display":"Strongly Favour"}},"AnswerOrder":["1","2","3","4","5","6","7"],"ChoiceDataExportTags":{"1":"Q11_1","2":"Q11_2","3":"Q11_3","4":"Q11_4","5":"Q11_5","6":"Q11_6","7":"Q11_7","8":"Q11_8"},"QuestionText_Unsafe":"Show how much you favour or oppose each idea below by selecting one of the answer options. You can work quickly; your first feeling is generally best.","DataVisibility":{"Private":false,"Hidden":false}}},{"SurveyID":"SV_0kWPimXURDVIzYN","Element":"SQ","PrimaryAttribute":"QID52","SecondaryAttribute":"Think about the situation described on the previous page. Here is a list of actions that people i...","TertiaryAttribute":null,"Payload":{"QuestionText":"Think about the situation described on the previous page. Here is a list of actions that people in working-class jobs might take to protest against the proposed government bill.\n<div>&nbsp;<\/div>\n\n<div><strong>Do you think this action is an acceptable means for people in working-class jobs to protest against the government bill?<\/strong><\/div>","DefaultChoices":false,"DataExportTag":"Q3","QuestionType":"Matrix","Selector":"Likert","SubSelector":"SingleAnswer","Configuration":{"QuestionDescriptionOption":"UseText","TextPosition":"inline","ChoiceColumnWidth":25,"MobileFirst":true,"ChoiceColumnWidthPixels":402,"RepeatHeaders":"none","WhiteSpace":"OFF"},"QuestionDescription":"Think about the situation described on the previous page. Here is a list of actions that people i...","Choices":{"1":{"Display":"disrupt traffic (e.g., blocking roads)"},"4":{"Display":"refuse to accept honours or awards in protest"},"5":{"Display":"attend or organise a protest rally"},"6":{"Display":"attend or organise a protest march"},"7":{"Display":"refuse to honour national symbols and traditions (e.g., refusing to sing the national anthem) until the bill is abandoned"},"8":{"Display":"donate to political parties who oppose the bill"},"9":{"Display":"enter and refuse to leave a building (occupation) "},"10":{"Display":"refuse to work (strike)"},"11":{"Display":"deface flags or other national symbols"},"12":{"Display":"join or form a group of activists who oppose the bill"},"13":{"Display":"do not buy goods or services from companies who support the bill (consumers' boycott)"},"14":{"Display":"hold meetings to inform the public"},"15":{"Display":"visit people in their homes to convince them about the issue (canvassing, door knocking)"},"16":{"Display":"donate to activist groups who oppose the bill"},"17":{"Display":"mock or insult individuals who support the bill"},"18":{"Display":"pay for adverts on social media (e.g., Facebook, Twitter, Instagram) to influence public opinion"},"19":{"Display":"stand or sit in a building and refuse to leave (stand-in, sit-in)"},"20":{"Display":"use social media (e.g., Facebook, Twitter, Instagram) to influence the public"},"21":{"Display":"paste up posters with political messages in places where it is allowed and encouraged"},"22":{"Display":"make a public speech"},"23":{"Display":"spray paint political messages in public places"},"24":{"Display":"paste up posters with political messages in places where it is not allowed or encouraged"},"25":{"Display":"hold meetings to influence the public"},"26":{"Display":"refuse to cooperate with the police and other government agencies"},"27":{"Display":"participate in a public meeting of representatives and elected officials"}},"ChoiceOrder":["1","4","5","6","7","8","9","10","11","12","13","14","15","16","17","18","19","20","21","22","23","24","25","26","27"],"Validation":{"Settings":{"ForceResponse":"RequestResponse","ForceResponseType":"RequestResponse","Type":"None"}},"GradingData":[],"Language":[],"NextChoiceId":32,"NextAnswerId":57,"Answers":{"5":{"Display":"Yes"},"6":{"Display":"No"}},"AnswerOrder":["5","6"],"ChoiceDataExportTags":{"1":"Q3_1","4":"Q3_2","5":"Q3_3","6":"Q3_4","7":"Q3_5","8":"Q3_6","9":"Q3_7","10":"Q3_8","11":"Q3_9","12":"Q3_10","13":"Q3_11","14":"Q3_12","15":"Q3_13","16":"Q3_14","17":"Q3_15","18":"Q3_16","19":"Q3_17","20":"Q3_18","21":"Q3_19","22":"Q3_20","23":"Q3_21","24":"Q3_22","25":"Q3_23","26":"Q3_24","27":"Q3_25"},"QuestionID":"QID52","Randomization":{"Advanced":null,"TotalRandSubset":"","Type":"All"},"DataVisibility":{"Private":false,"Hidden":false},"QuestionText_Unsafe":"Think about the situation described on the previous page. Here is a list of actions that people in working-class jobs might take to protest against the proposed government bill.\n<div>&nbsp;<\/div>\n\n<div><strong>Do you think this action is an acceptable means for people in working-class jobs to protest against the government bill?<\/strong><\/div>","RecodeValues":{"5":"1","6":"0"}}},{"SurveyID":"SV_0kWPimXURDVIzYN","Element":"SQ","PrimaryAttribute":"QID53","SecondaryAttribute":"Think about the situation described on the previous page. Here is a list of actions that people i...","TertiaryAttribute":null,"Payload":{"QuestionText":"Think about the situation described on the previous page. Here is a list of actions that people in professional jobs might take to protest against the proposed government bill.\n<div>&nbsp;<\/div>\n\n<div><strong>Do you think this action is an acceptable means for people in professional jobs to protest against the government bill?<\/strong><\/div>","DefaultChoices":false,"QuestionType":"Matrix","Selector":"Likert","SubSelector":"SingleAnswer","Configuration":{"QuestionDescriptionOption":"UseText","TextPosition":"inline","ChoiceColumnWidth":25,"MobileFirst":true,"ChoiceColumnWidthPixels":402,"RepeatHeaders":"none","WhiteSpace":"OFF"},"QuestionDescription":"Think about the situation described on the previous page. Here is a list of actions that people i...","Choices":{"1":{"Display":"disrupt traffic (e.g., blocking roads)"},"4":{"Display":"refuse to accept honours or awards in protest"},"5":{"Display":"attend or organise a protest rally"},"6":{"Display":"attend or organise a protest march"},"7":{"Display":"refuse to honour national symbols and traditions (e.g., refusing to sing the national anthem) until the bill is abandoned"},"8":{"Display":"donate to political parties who oppose the bill"},"9":{"Display":"enter and refuse to leave a building (occupation) "},"10":{"Display":"refuse to work (strike)"},"11":{"Display":"deface flags or other national symbols"},"12":{"Display":"join or form a group of activists who oppose the bill"},"13":{"Display":"do not buy goods or services from companies who support the bill (consumers' boycott)"},"14":{"Display":"hold meetings to inform the public"},"15":{"Display":"visit people in their homes to convince them about the issue (canvassing, door knocking)"},"16":{"Display":"donate to activist groups who oppose the bill"},"17":{"Display":"mock or insult individuals who support the bill"},"18":{"Display":"pay for adverts on social media (e.g., Facebook, Twitter, Instagram) to influence public opinion"},"19":{"Display":"stand or sit in a building and refuse to leave (stand-in, sit-in)"},"20":{"Display":"use social media (e.g., Facebook, Twitter, Instagram) to influence the public"},"21":{"Display":"paste up posters with political messages in places where it is allowed and encouraged"},"22":{"Display":"make a public speech"},"23":{"Display":"spray paint political messages in public places"},"24":{"Display":"paste up posters with political messages in places where it is not allowed or encouraged"},"25":{"Display":"hold meetings to influence the public"},"26":{"Display":"refuse to cooperate with the police and other government agencies"},"27":{"Display":"participate in a public meeting of representatives and elected officials"}},"ChoiceOrder":["1","4","5","6","7","8","9","10","11","12","13","14","15","16","17","18","19","20","21","22","23","24","25","26","27"],"Validation":{"Settings":{"ForceResponse":"RequestResponse","ForceResponseType":"RequestResponse","Type":"None"}},"GradingData":[],"Language":[],"NextChoiceId":32,"NextAnswerId":57,"Answers":{"5":{"Display":"Yes"},"6":{"Display":"No"}},"AnswerOrder":["5","6"],"ChoiceDataExportTags":{"1":"Q5_1","4":"Q5_2","5":"Q5_3","6":"Q5_4","7":"Q5_5","8":"Q5_6","9":"Q5_7","10":"Q5_8","11":"Q5_9","12":"Q5_10","13":"Q5_11","14":"Q5_12","15":"Q5_13","16":"Q5_14","17":"Q5_15","18":"Q5_16","19":"Q5_17","20":"Q5_18","21":"Q5_19","22":"Q5_20","23":"Q5_21","24":"Q5_22","25":"Q5_23","26":"Q5_24","27":"Q5_25"},"Randomization":{"Advanced":null,"TotalRandSubset":"","Type":"All"},"DataVisibility":{"Private":false,"Hidden":false},"QuestionText_Unsafe":"Think about the situation described on the previous page. Here is a list of actions that people in professional jobs might take to protest against the proposed government bill.\n<div>&nbsp;<\/div>\n\n<div><strong>Do you think this action is an acceptable means for people in professional jobs to protest against the government bill?<\/strong><\/div>","DataExportTag":"Q5","QuestionID":"QID53","RecodeValues":{"5":"1","6":"0"}}},{"SurveyID":"SV_0kWPimXURDVIzYN","Element":"SQ","PrimaryAttribute":"QID57","SecondaryAttribute":"To what extent do you identify with people with the kinds of jobs most affected by the proposed g...","TertiaryAttribute":null,"Payload":{"QuestionText":"To what extent do you identify with people with the kinds of jobs most affected by the proposed government bill?","DataExportTag":"Q9","QuestionType":"MC","Selector":"SAHR","SubSelector":"TX","DataVisibility":{"Private":false,"Hidden":false},"Configuration":{"QuestionDescriptionOption":"UseText","LabelPosition":"BELOW"},"QuestionDescription":"To what extent do you identify with people with the kinds of jobs most affected by the proposed g...","Choices":{"1":{"Display":"<div style=\"text-align: center;\">1<br \/>\nNot at all<\/div>\n"},"2":{"Display":"2"},"3":{"Display":"3"},"4":{"Display":"4"},"5":{"Display":"5"},"6":{"Display":"6"},"7":{"Display":"<div style=\"text-align: center;\">7<br \/>\nVery much<\/div>\n"}},"ChoiceOrder":["1","2","3","4","5","6","7"],"Validation":{"Settings":{"ForceResponse":"RequestResponse","ForceResponseType":"RequestResponse","Type":"None"}},"Language":[],"NextChoiceId":8,"NextAnswerId":1,"QuestionID":"QID57","QuestionText_Unsafe":"To what extent do you identify with people with the kinds of jobs most affected by the proposed government bill?"}}]}