{"SurveyEntry":{"SurveyID":"SV_6PttCi67hcWcvvD","SurveyName":"Pilot Study 1","SurveyDescription":null,"SurveyOwnerID":"UR_ebbKXlZLV80ZKU5","SurveyBrandID":"oxfordxpsy","DivisionID":"DV_4U6IG5qCmSNmy6V","SurveyLanguage":"EN-GB","SurveyActiveResponseSet":"RS_3dDKrodQiiRUwq9","SurveyStatus":"Active","SurveyStartDate":"0000-00-00 00:00:00","SurveyExpirationDate":"0000-00-00 00:00:00","SurveyCreationDate":"2017-11-24 09:00:06","CreatorID":"UR_ebbKXlZLV80ZKU5","LastModified":"2021-05-31 14:23:00","LastAccessed":"0000-00-00 00:00:00","LastActivated":"2018-07-05 08:02:42","Deleted":null},"SurveyElements":[{"SurveyID":"SV_6PttCi67hcWcvvD","Element":"BL","PrimaryAttribute":"Survey Blocks","SecondaryAttribute":null,"TertiaryAttribute":null,"Payload":{"1":{"Type":"Trash","Description":"Trash \/ Unused Questions","ID":"BL_dp5DIixNBKPXrEN","BlockElements":[],"Options":{"BlockLocking":"false","RandomizeQuestions":"false","BlockVisibility":"Expanded"}},"2":{"Type":"Standard","SubType":"","Description":"Actions","ID":"BL_ekDbRde0xZ9MhrD","BlockElements":[{"Type":"Question","QuestionID":"QID13"},{"Type":"Question","QuestionID":"QID16"},{"Type":"Question","QuestionID":"QID1"},{"Type":"Page Break"},{"Type":"Question","QuestionID":"QID7"}]},"3":{"Type":"Standard","SubType":"","Description":"Instructions","ID":"BL_enyXzeru6UsfI0J","BlockElements":[{"Type":"Question","QuestionID":"QID12"}],"Options":{"BlockLocking":"false","RandomizeQuestions":"false","PreviousButton":"","previousButtonMID":"","NextButton":"Add\/Edit Actions","nextButtonMID":"","previousButtonLibraryID":"","nextButtonLibraryID":""}},"4":{"Type":"Standard","SubType":"","Description":"Informed consent","ID":"BL_0D0W6105LtywHC5","BlockElements":[{"Type":"Question","QuestionID":"QID14"}]}}},{"SurveyID":"SV_6PttCi67hcWcvvD","Element":"FL","PrimaryAttribute":"Survey Flow","SecondaryAttribute":null,"TertiaryAttribute":null,"Payload":{"Type":"Root","FlowID":"FL_1","Flow":[{"Type":"EmbeddedData","FlowID":"FL_49","EmbeddedData":[{"Description":"PID","Type":"Recipient","Field":"PID","VariableType":"String","DataVisibility":[],"AnalyzeText":false},{"Description":"SAMPLE","Type":"Recipient","Field":"SAMPLE","VariableType":"String","DataVisibility":[],"AnalyzeText":false}]},{"Type":"Standard","ID":"BL_0D0W6105LtywHC5","FlowID":"FL_48"},{"Type":"Standard","ID":"BL_ekDbRde0xZ9MhrD","FlowID":"FL_3"},{"Type":"Branch","FlowID":"FL_22","Description":"New Branch","ExcludeFromProgressBar":"true","Options":{"excludeFromProgressBar":"true"},"BranchLogic":{"0":{"0":{"LogicType":"Question","QuestionID":"QID7","QuestionIsInLoop":"no","ChoiceLocator":"q:\/\/QID7\/SelectableChoice\/Group\/x1\/0","Operator":"Selected","QuestionIDFromLocator":"QID7","LeftOperand":"q:\/\/QID7\/SelectableChoice\/Group\/x1\/0","Type":"Expression","Description":"<span class=\"ConjDesc\">If<\/span> <span class=\"QuestionDesc\">On the left, you see the actions you have named on the previous page. Think about each action. Ca...<\/span> <span class=\"LeftOpDesc\">Action 1 - Always acceptable<\/span> <span class=\"OpDesc\">Is Selected<\/span> "},"1":{"LogicType":"Question","QuestionID":"QID7","QuestionIsInLoop":"no","ChoiceLocator":"q:\/\/QID7\/SelectableChoice\/Group\/x2\/0","Operator":"Selected","QuestionIDFromLocator":"QID7","LeftOperand":"q:\/\/QID7\/SelectableChoice\/Group\/x2\/0","Type":"Expression","Description":"<span class=\"ConjDesc\">Or<\/span> <span class=\"QuestionDesc\">On the left, you see the actions you have named on the previous page. Think about each action. Ca...<\/span> <span class=\"LeftOpDesc\">Action 2 - Always acceptable<\/span> <span class=\"OpDesc\">Is Selected<\/span> ","Conjuction":"Or"},"2":{"LogicType":"Question","QuestionID":"QID7","QuestionIsInLoop":"no","ChoiceLocator":"q:\/\/QID7\/SelectableChoice\/Group\/x3\/0","Operator":"Selected","QuestionIDFromLocator":"QID7","LeftOperand":"q:\/\/QID7\/SelectableChoice\/Group\/x3\/0","Type":"Expression","Description":"<span class=\"ConjDesc\">Or<\/span> <span class=\"QuestionDesc\">On the left, you see the actions you have named on the previous page. Think about each action. Ca...<\/span> <span class=\"LeftOpDesc\">Action 3 - Always acceptable<\/span> <span class=\"OpDesc\">Is Selected<\/span> ","Conjuction":"Or"},"3":{"LogicType":"Question","QuestionID":"QID7","QuestionIsInLoop":"no","ChoiceLocator":"q:\/\/QID7\/SelectableChoice\/Group\/x4\/0","Operator":"Selected","QuestionIDFromLocator":"QID7","LeftOperand":"q:\/\/QID7\/SelectableChoice\/Group\/x4\/0","Type":"Expression","Description":"<span class=\"ConjDesc\">Or<\/span> <span class=\"QuestionDesc\">On the left, you see the actions you have named on the previous page. Think about each action. Ca...<\/span> <span class=\"LeftOpDesc\">Action 4 - Always acceptable<\/span> <span class=\"OpDesc\">Is Selected<\/span> ","Conjuction":"Or"},"4":{"LogicType":"Question","QuestionID":"QID7","QuestionIsInLoop":"no","ChoiceLocator":"q:\/\/QID7\/SelectableChoice\/Group\/x5\/0","Operator":"Selected","QuestionIDFromLocator":"QID7","LeftOperand":"q:\/\/QID7\/SelectableChoice\/Group\/x5\/0","Type":"Expression","Description":"<span class=\"ConjDesc\">Or<\/span> <span class=\"QuestionDesc\">On the left, you see the actions you have named on the previous page. Think about each action. Ca...<\/span> <span class=\"LeftOpDesc\">Action 5 - Always acceptable<\/span> <span class=\"OpDesc\">Is Selected<\/span> ","Conjuction":"Or"},"5":{"LogicType":"Question","QuestionID":"QID7","QuestionIsInLoop":"no","ChoiceLocator":"q:\/\/QID7\/SelectableChoice\/Group\/x6\/0","Operator":"Selected","QuestionIDFromLocator":"QID7","LeftOperand":"q:\/\/QID7\/SelectableChoice\/Group\/x6\/0","Type":"Expression","Description":"<span class=\"ConjDesc\">Or<\/span> <span class=\"QuestionDesc\">On the left, you see the actions you have named on the previous page. Think about each action. Ca...<\/span> <span class=\"LeftOpDesc\">Action 6 - Always acceptable<\/span> <span class=\"OpDesc\">Is Selected<\/span> ","Conjuction":"Or"},"6":{"LogicType":"Question","QuestionID":"QID7","QuestionIsInLoop":"no","ChoiceLocator":"q:\/\/QID7\/SelectableChoice\/Group\/x7\/0","Operator":"Selected","QuestionIDFromLocator":"QID7","LeftOperand":"q:\/\/QID7\/SelectableChoice\/Group\/x7\/0","Type":"Expression","Description":"<span class=\"ConjDesc\">Or<\/span> <span class=\"QuestionDesc\">On the left, you see the actions you have named on the previous page. Think about each action. Ca...<\/span> <span class=\"LeftOpDesc\">Action 7 - Always acceptable<\/span> <span class=\"OpDesc\">Is Selected<\/span> ","Conjuction":"Or"},"7":{"LogicType":"Question","QuestionID":"QID7","QuestionIsInLoop":"no","ChoiceLocator":"q:\/\/QID7\/SelectableChoice\/Group\/x8\/0","Operator":"Selected","QuestionIDFromLocator":"QID7","LeftOperand":"q:\/\/QID7\/SelectableChoice\/Group\/x8\/0","Type":"Expression","Description":"<span class=\"ConjDesc\">Or<\/span> <span class=\"QuestionDesc\">On the left, you see the actions you have named on the previous page. Think about each action. Ca...<\/span> <span class=\"LeftOpDesc\">Action 8 - Always acceptable<\/span> <span class=\"OpDesc\">Is Selected<\/span> ","Conjuction":"Or"},"8":{"LogicType":"Question","QuestionID":"QID7","QuestionIsInLoop":"no","ChoiceLocator":"q:\/\/QID7\/SelectableChoice\/Group\/x9\/0","Operator":"Selected","QuestionIDFromLocator":"QID7","LeftOperand":"q:\/\/QID7\/SelectableChoice\/Group\/x9\/0","Type":"Expression","Description":"<span class=\"ConjDesc\">Or<\/span> <span class=\"QuestionDesc\">On the left, you see the actions you have named on the previous page. Think about each action. Ca...<\/span> <span class=\"LeftOpDesc\">Action 9 - Always acceptable<\/span> <span class=\"OpDesc\">Is Selected<\/span> ","Conjuction":"Or"},"9":{"LogicType":"Question","QuestionID":"QID7","QuestionIsInLoop":"no","ChoiceLocator":"q:\/\/QID7\/SelectableChoice\/Group\/x10\/0","Operator":"Selected","QuestionIDFromLocator":"QID7","LeftOperand":"q:\/\/QID7\/SelectableChoice\/Group\/x10\/0","Type":"Expression","Description":"<span class=\"ConjDesc\">Or<\/span> <span class=\"QuestionDesc\">On the left, you see the actions you have named on the previous page. Think about each action. Ca...<\/span> <span class=\"LeftOpDesc\">Action 10 - Always acceptable<\/span> <span class=\"OpDesc\">Is Selected<\/span> ","Conjuction":"Or"},"Type":"If"},"Type":"BooleanExpression"},"Flow":[{"Type":"Branch","FlowID":"FL_30","Description":"New Branch","ExcludeFromProgressBar":"true","Options":{"excludeFromProgressBar":"true"},"BranchLogic":{"0":{"0":{"LogicType":"Question","QuestionID":"QID7","QuestionIsInLoop":"no","ChoiceLocator":"q:\/\/QID7\/SelectableChoice\/Group\/x1\/1","Operator":"Selected","QuestionIDFromLocator":"QID7","LeftOperand":"q:\/\/QID7\/SelectableChoice\/Group\/x1\/1","Type":"Expression","Description":"<span class=\"ConjDesc\">If<\/span> <span class=\"QuestionDesc\">On the left, you see the actions you have named on the previous page. Think about each action. Ca...<\/span> <span class=\"LeftOpDesc\">Action 1 - Sometimes acceptable<\/span> <span class=\"OpDesc\">Is Selected<\/span> "},"1":{"LogicType":"Question","QuestionID":"QID7","QuestionIsInLoop":"no","ChoiceLocator":"q:\/\/QID7\/SelectableChoice\/Group\/x2\/1","Operator":"Selected","QuestionIDFromLocator":"QID7","LeftOperand":"q:\/\/QID7\/SelectableChoice\/Group\/x2\/1","Type":"Expression","Description":"<span class=\"ConjDesc\">Or<\/span> <span class=\"QuestionDesc\">On the left, you see the actions you have named on the previous page. Think about each action. Ca...<\/span> <span class=\"LeftOpDesc\">Action 2 - Sometimes acceptable<\/span> <span class=\"OpDesc\">Is Selected<\/span> ","Conjuction":"Or"},"2":{"LogicType":"Question","QuestionID":"QID7","QuestionIsInLoop":"no","ChoiceLocator":"q:\/\/QID7\/SelectableChoice\/Group\/x3\/1","Operator":"Selected","QuestionIDFromLocator":"QID7","LeftOperand":"q:\/\/QID7\/SelectableChoice\/Group\/x3\/1","Type":"Expression","Description":"<span class=\"ConjDesc\">Or<\/span> <span class=\"QuestionDesc\">On the left, you see the actions you have named on the previous page. Think about each action. Ca...<\/span> <span class=\"LeftOpDesc\">Action 3 - Sometimes acceptable<\/span> <span class=\"OpDesc\">Is Selected<\/span> ","Conjuction":"Or"},"3":{"LogicType":"Question","QuestionID":"QID7","QuestionIsInLoop":"no","ChoiceLocator":"q:\/\/QID7\/SelectableChoice\/Group\/x4\/1","Operator":"Selected","QuestionIDFromLocator":"QID7","LeftOperand":"q:\/\/QID7\/SelectableChoice\/Group\/x4\/1","Type":"Expression","Description":"<span class=\"ConjDesc\">Or<\/span> <span class=\"QuestionDesc\">On the left, you see the actions you have named on the previous page. Think about each action. Ca...<\/span> <span class=\"LeftOpDesc\">Action 4 - Sometimes acceptable<\/span> <span class=\"OpDesc\">Is Selected<\/span> ","Conjuction":"Or"},"4":{"LogicType":"Question","QuestionID":"QID7","QuestionIsInLoop":"no","ChoiceLocator":"q:\/\/QID7\/SelectableChoice\/Group\/x5\/1","Operator":"Selected","QuestionIDFromLocator":"QID7","LeftOperand":"q:\/\/QID7\/SelectableChoice\/Group\/x5\/1","Type":"Expression","Description":"<span class=\"ConjDesc\">Or<\/span> <span class=\"QuestionDesc\">On the left, you see the actions you have named on the previous page. Think about each action. Ca...<\/span> <span class=\"LeftOpDesc\">Action 5 - Sometimes acceptable<\/span> <span class=\"OpDesc\">Is Selected<\/span> ","Conjuction":"Or"},"5":{"LogicType":"Question","QuestionID":"QID7","QuestionIsInLoop":"no","ChoiceLocator":"q:\/\/QID7\/SelectableChoice\/Group\/x6\/1","Operator":"Selected","QuestionIDFromLocator":"QID7","LeftOperand":"q:\/\/QID7\/SelectableChoice\/Group\/x6\/1","Type":"Expression","Description":"<span class=\"ConjDesc\">Or<\/span> <span class=\"QuestionDesc\">On the left, you see the actions you have named on the previous page. Think about each action. Ca...<\/span> <span class=\"LeftOpDesc\">Action 6 - Sometimes acceptable<\/span> <span class=\"OpDesc\">Is Selected<\/span> ","Conjuction":"Or"},"6":{"LogicType":"Question","QuestionID":"QID7","QuestionIsInLoop":"no","ChoiceLocator":"q:\/\/QID7\/SelectableChoice\/Group\/x7\/1","Operator":"Selected","QuestionIDFromLocator":"QID7","LeftOperand":"q:\/\/QID7\/SelectableChoice\/Group\/x7\/1","Type":"Expression","Description":"<span class=\"ConjDesc\">Or<\/span> <span class=\"QuestionDesc\">On the left, you see the actions you have named on the previous page. Think about each action. Ca...<\/span> <span class=\"LeftOpDesc\">Action 7 - Sometimes acceptable<\/span> <span class=\"OpDesc\">Is Selected<\/span> ","Conjuction":"Or"},"7":{"LogicType":"Question","QuestionID":"QID7","QuestionIsInLoop":"no","ChoiceLocator":"q:\/\/QID7\/SelectableChoice\/Group\/x8\/1","Operator":"Selected","QuestionIDFromLocator":"QID7","LeftOperand":"q:\/\/QID7\/SelectableChoice\/Group\/x8\/1","Type":"Expression","Description":"<span class=\"ConjDesc\">Or<\/span> <span class=\"QuestionDesc\">On the left, you see the actions you have named on the previous page. Think about each action. Ca...<\/span> <span class=\"LeftOpDesc\">Action 8 - Sometimes acceptable<\/span> <span class=\"OpDesc\">Is Selected<\/span> ","Conjuction":"Or"},"8":{"LogicType":"Question","QuestionID":"QID7","QuestionIsInLoop":"no","ChoiceLocator":"q:\/\/QID7\/SelectableChoice\/Group\/x9\/1","Operator":"Selected","QuestionIDFromLocator":"QID7","LeftOperand":"q:\/\/QID7\/SelectableChoice\/Group\/x9\/1","Type":"Expression","Description":"<span class=\"ConjDesc\">Or<\/span> <span class=\"QuestionDesc\">On the left, you see the actions you have named on the previous page. Think about each action. Ca...<\/span> <span class=\"LeftOpDesc\">Action 9 - Sometimes acceptable<\/span> <span class=\"OpDesc\">Is Selected<\/span> ","Conjuction":"Or"},"9":{"LogicType":"Question","QuestionID":"QID7","QuestionIsInLoop":"no","ChoiceLocator":"q:\/\/QID7\/SelectableChoice\/Group\/x10\/1","Operator":"Selected","QuestionIDFromLocator":"QID7","LeftOperand":"q:\/\/QID7\/SelectableChoice\/Group\/x10\/1","Type":"Expression","Description":"<span class=\"ConjDesc\">Or<\/span> <span class=\"QuestionDesc\">On the left, you see the actions you have named on the previous page. Think about each action. Ca...<\/span> <span class=\"LeftOpDesc\">Action 10 - Sometimes acceptable<\/span> <span class=\"OpDesc\">Is Selected<\/span> ","Conjuction":"Or"},"Type":"If"},"Type":"BooleanExpression"},"Flow":[{"Type":"Branch","FlowID":"FL_31","Description":"New Branch","ExcludeFromProgressBar":"true","Options":{"excludeFromProgressBar":"true"},"BranchLogic":{"0":{"0":{"LogicType":"Question","QuestionID":"QID7","QuestionIsInLoop":"no","ChoiceLocator":"q:\/\/QID7\/SelectableChoice\/Group\/x1\/2","Operator":"Selected","QuestionIDFromLocator":"QID7","LeftOperand":"q:\/\/QID7\/SelectableChoice\/Group\/x1\/2","Type":"Expression","Description":"<span class=\"ConjDesc\">If<\/span> <span class=\"QuestionDesc\">On the left, you see the actions you have named on the previous page. Think about each action. Ca...<\/span> <span class=\"LeftOpDesc\">Action 1 - Never acceptable<\/span> <span class=\"OpDesc\">Is Selected<\/span> "},"1":{"LogicType":"Question","QuestionID":"QID7","QuestionIsInLoop":"no","ChoiceLocator":"q:\/\/QID7\/SelectableChoice\/Group\/x2\/2","Operator":"Selected","QuestionIDFromLocator":"QID7","LeftOperand":"q:\/\/QID7\/SelectableChoice\/Group\/x2\/2","Type":"Expression","Description":"<span class=\"ConjDesc\">Or<\/span> <span class=\"QuestionDesc\">On the left, you see the actions you have named on the previous page. Think about each action. Ca...<\/span> <span class=\"LeftOpDesc\">Action 2 - Never acceptable<\/span> <span class=\"OpDesc\">Is Selected<\/span> ","Conjuction":"Or"},"2":{"LogicType":"Question","QuestionID":"QID7","QuestionIsInLoop":"no","ChoiceLocator":"q:\/\/QID7\/SelectableChoice\/Group\/x3\/2","Operator":"Selected","QuestionIDFromLocator":"QID7","LeftOperand":"q:\/\/QID7\/SelectableChoice\/Group\/x3\/2","Type":"Expression","Description":"<span class=\"ConjDesc\">Or<\/span> <span class=\"QuestionDesc\">On the left, you see the actions you have named on the previous page. Think about each action. Ca...<\/span> <span class=\"LeftOpDesc\">Action 3 - Never acceptable<\/span> <span class=\"OpDesc\">Is Selected<\/span> ","Conjuction":"Or"},"3":{"LogicType":"Question","QuestionID":"QID7","QuestionIsInLoop":"no","ChoiceLocator":"q:\/\/QID7\/SelectableChoice\/Group\/x4\/2","Operator":"Selected","QuestionIDFromLocator":"QID7","LeftOperand":"q:\/\/QID7\/SelectableChoice\/Group\/x4\/2","Type":"Expression","Description":"<span class=\"ConjDesc\">Or<\/span> <span class=\"QuestionDesc\">On the left, you see the actions you have named on the previous page. Think about each action. Ca...<\/span> <span class=\"LeftOpDesc\">Action 4 - Never acceptable<\/span> <span class=\"OpDesc\">Is Selected<\/span> ","Conjuction":"Or"},"4":{"LogicType":"Question","QuestionID":"QID7","QuestionIsInLoop":"no","ChoiceLocator":"q:\/\/QID7\/SelectableChoice\/Group\/x5\/2","Operator":"Selected","QuestionIDFromLocator":"QID7","LeftOperand":"q:\/\/QID7\/SelectableChoice\/Group\/x5\/2","Type":"Expression","Description":"<span class=\"ConjDesc\">Or<\/span> <span class=\"QuestionDesc\">On the left, you see the actions you have named on the previous page. Think about each action. Ca...<\/span> <span class=\"LeftOpDesc\">Action 5 - Never acceptable<\/span> <span class=\"OpDesc\">Is Selected<\/span> ","Conjuction":"Or"},"5":{"LogicType":"Question","QuestionID":"QID7","QuestionIsInLoop":"no","ChoiceLocator":"q:\/\/QID7\/SelectableChoice\/Group\/x6\/2","Operator":"Selected","QuestionIDFromLocator":"QID7","LeftOperand":"q:\/\/QID7\/SelectableChoice\/Group\/x6\/2","Type":"Expression","Description":"<span class=\"ConjDesc\">Or<\/span> <span class=\"QuestionDesc\">On the left, you see the actions you have named on the previous page. Think about each action. Ca...<\/span> <span class=\"LeftOpDesc\">Action 6 - Never acceptable<\/span> <span class=\"OpDesc\">Is Selected<\/span> ","Conjuction":"Or"},"6":{"LogicType":"Question","QuestionID":"QID7","QuestionIsInLoop":"no","ChoiceLocator":"q:\/\/QID7\/SelectableChoice\/Group\/x7\/2","Operator":"Selected","QuestionIDFromLocator":"QID7","LeftOperand":"q:\/\/QID7\/SelectableChoice\/Group\/x7\/2","Type":"Expression","Description":"<span class=\"ConjDesc\">Or<\/span> <span class=\"QuestionDesc\">On the left, you see the actions you have named on the previous page. Think about each action. Ca...<\/span> <span class=\"LeftOpDesc\">Action 7 - Never acceptable<\/span> <span class=\"OpDesc\">Is Selected<\/span> ","Conjuction":"Or"},"7":{"LogicType":"Question","QuestionID":"QID7","QuestionIsInLoop":"no","ChoiceLocator":"q:\/\/QID7\/SelectableChoice\/Group\/x8\/2","Operator":"Selected","QuestionIDFromLocator":"QID7","LeftOperand":"q:\/\/QID7\/SelectableChoice\/Group\/x8\/2","Type":"Expression","Description":"<span class=\"ConjDesc\">Or<\/span> <span class=\"QuestionDesc\">On the left, you see the actions you have named on the previous page. Think about each action. Ca...<\/span> <span class=\"LeftOpDesc\">Action 8 - Never acceptable<\/span> <span class=\"OpDesc\">Is Selected<\/span> ","Conjuction":"Or"},"8":{"LogicType":"Question","QuestionID":"QID7","QuestionIsInLoop":"no","ChoiceLocator":"q:\/\/QID7\/SelectableChoice\/Group\/x9\/2","Operator":"Selected","QuestionIDFromLocator":"QID7","LeftOperand":"q:\/\/QID7\/SelectableChoice\/Group\/x9\/2","Type":"Expression","Description":"<span class=\"ConjDesc\">Or<\/span> <span class=\"QuestionDesc\">On the left, you see the actions you have named on the previous page. Think about each action. Ca...<\/span> <span class=\"LeftOpDesc\">Action 9 - Never acceptable<\/span> <span class=\"OpDesc\">Is Selected<\/span> ","Conjuction":"Or"},"9":{"LogicType":"Question","QuestionID":"QID7","QuestionIsInLoop":"no","ChoiceLocator":"q:\/\/QID7\/SelectableChoice\/Group\/x10\/2","Operator":"Selected","QuestionIDFromLocator":"QID7","LeftOperand":"q:\/\/QID7\/SelectableChoice\/Group\/x10\/2","Type":"Expression","Description":"<span class=\"ConjDesc\">Or<\/span> <span class=\"QuestionDesc\">On the left, you see the actions you have named on the previous page. Think about each action. Ca...<\/span> <span class=\"LeftOpDesc\">Action 10 - Never acceptable<\/span> <span class=\"OpDesc\">Is Selected<\/span> ","Conjuction":"Or"},"Type":"If"},"Type":"BooleanExpression"},"Flow":[{"Type":"EndSurvey","FlowID":"FL_32"}]}]}]},{"Type":"Standard","ID":"BL_enyXzeru6UsfI0J","FlowID":"FL_19"},{"Type":"Block","ID":"BL_ekDbRde0xZ9MhrD","FlowID":"FL_25"},{"Type":"Branch","FlowID":"FL_34","Description":"New Branch","ExcludeFromProgressBar":"true","Options":{"excludeFromProgressBar":"true"},"BranchLogic":{"0":{"0":{"LogicType":"Question","QuestionID":"QID7","QuestionIsInLoop":"no","ChoiceLocator":"q:\/\/QID7\/SelectableChoice\/Group\/x1\/0","Operator":"Selected","QuestionIDFromLocator":"QID7","LeftOperand":"q:\/\/QID7\/SelectableChoice\/Group\/x1\/0","Type":"Expression","Description":"<span class=\"ConjDesc\">If<\/span> <span class=\"QuestionDesc\">On the left, you see the actions you have named on the previous page. Think about each action. Ca...<\/span> <span class=\"LeftOpDesc\">Action 1 - Always acceptable<\/span> <span class=\"OpDesc\">Is Selected<\/span> "},"1":{"LogicType":"Question","QuestionID":"QID7","QuestionIsInLoop":"no","ChoiceLocator":"q:\/\/QID7\/SelectableChoice\/Group\/x2\/0","Operator":"Selected","QuestionIDFromLocator":"QID7","LeftOperand":"q:\/\/QID7\/SelectableChoice\/Group\/x2\/0","Type":"Expression","Description":"<span class=\"ConjDesc\">Or<\/span> <span class=\"QuestionDesc\">On the left, you see the actions you have named on the previous page. Think about each action. Ca...<\/span> <span class=\"LeftOpDesc\">Action 2 - Always acceptable<\/span> <span class=\"OpDesc\">Is Selected<\/span> ","Conjuction":"Or"},"2":{"LogicType":"Question","QuestionID":"QID7","QuestionIsInLoop":"no","ChoiceLocator":"q:\/\/QID7\/SelectableChoice\/Group\/x3\/0","Operator":"Selected","QuestionIDFromLocator":"QID7","LeftOperand":"q:\/\/QID7\/SelectableChoice\/Group\/x3\/0","Type":"Expression","Description":"<span class=\"ConjDesc\">Or<\/span> <span class=\"QuestionDesc\">On the left, you see the actions you have named on the previous page. Think about each action. Ca...<\/span> <span class=\"LeftOpDesc\">Action 3 - Always acceptable<\/span> <span class=\"OpDesc\">Is Selected<\/span> ","Conjuction":"Or"},"3":{"LogicType":"Question","QuestionID":"QID7","QuestionIsInLoop":"no","ChoiceLocator":"q:\/\/QID7\/SelectableChoice\/Group\/x4\/0","Operator":"Selected","QuestionIDFromLocator":"QID7","LeftOperand":"q:\/\/QID7\/SelectableChoice\/Group\/x4\/0","Type":"Expression","Description":"<span class=\"ConjDesc\">Or<\/span> <span class=\"QuestionDesc\">On the left, you see the actions you have named on the previous page. Think about each action. Ca...<\/span> <span class=\"LeftOpDesc\">Action 4 - Always acceptable<\/span> <span class=\"OpDesc\">Is Selected<\/span> ","Conjuction":"Or"},"4":{"LogicType":"Question","QuestionID":"QID7","QuestionIsInLoop":"no","ChoiceLocator":"q:\/\/QID7\/SelectableChoice\/Group\/x5\/0","Operator":"Selected","QuestionIDFromLocator":"QID7","LeftOperand":"q:\/\/QID7\/SelectableChoice\/Group\/x5\/0","Type":"Expression","Description":"<span class=\"ConjDesc\">Or<\/span> <span class=\"QuestionDesc\">On the left, you see the actions you have named on the previous page. Think about each action. Ca...<\/span> <span class=\"LeftOpDesc\">Action 5 - Always acceptable<\/span> <span class=\"OpDesc\">Is Selected<\/span> ","Conjuction":"Or"},"5":{"LogicType":"Question","QuestionID":"QID7","QuestionIsInLoop":"no","ChoiceLocator":"q:\/\/QID7\/SelectableChoice\/Group\/x6\/0","Operator":"Selected","QuestionIDFromLocator":"QID7","LeftOperand":"q:\/\/QID7\/SelectableChoice\/Group\/x6\/0","Type":"Expression","Description":"<span class=\"ConjDesc\">Or<\/span> <span class=\"QuestionDesc\">On the left, you see the actions you have named on the previous page. Think about each action. Ca...<\/span> <span class=\"LeftOpDesc\">Action 6 - Always acceptable<\/span> <span class=\"OpDesc\">Is Selected<\/span> ","Conjuction":"Or"},"6":{"LogicType":"Question","QuestionID":"QID7","QuestionIsInLoop":"no","ChoiceLocator":"q:\/\/QID7\/SelectableChoice\/Group\/x7\/0","Operator":"Selected","QuestionIDFromLocator":"QID7","LeftOperand":"q:\/\/QID7\/SelectableChoice\/Group\/x7\/0","Type":"Expression","Description":"<span class=\"ConjDesc\">Or<\/span> <span class=\"QuestionDesc\">On the left, you see the actions you have named on the previous page. Think about each action. Ca...<\/span> <span class=\"LeftOpDesc\">Action 7 - Always acceptable<\/span> <span class=\"OpDesc\">Is Selected<\/span> ","Conjuction":"Or"},"7":{"LogicType":"Question","QuestionID":"QID7","QuestionIsInLoop":"no","ChoiceLocator":"q:\/\/QID7\/SelectableChoice\/Group\/x8\/0","Operator":"Selected","QuestionIDFromLocator":"QID7","LeftOperand":"q:\/\/QID7\/SelectableChoice\/Group\/x8\/0","Type":"Expression","Description":"<span class=\"ConjDesc\">Or<\/span> <span class=\"QuestionDesc\">On the left, you see the actions you have named on the previous page. Think about each action. Ca...<\/span> <span class=\"LeftOpDesc\">Action 8 - Always acceptable<\/span> <span class=\"OpDesc\">Is Selected<\/span> ","Conjuction":"Or"},"8":{"LogicType":"Question","QuestionID":"QID7","QuestionIsInLoop":"no","ChoiceLocator":"q:\/\/QID7\/SelectableChoice\/Group\/x9\/0","Operator":"Selected","QuestionIDFromLocator":"QID7","LeftOperand":"q:\/\/QID7\/SelectableChoice\/Group\/x9\/0","Type":"Expression","Description":"<span class=\"ConjDesc\">Or<\/span> <span class=\"QuestionDesc\">On the left, you see the actions you have named on the previous page. Think about each action. Ca...<\/span> <span class=\"LeftOpDesc\">Action 9 - Always acceptable<\/span> <span class=\"OpDesc\">Is Selected<\/span> ","Conjuction":"Or"},"9":{"LogicType":"Question","QuestionID":"QID7","QuestionIsInLoop":"no","ChoiceLocator":"q:\/\/QID7\/SelectableChoice\/Group\/x10\/0","Operator":"Selected","QuestionIDFromLocator":"QID7","LeftOperand":"q:\/\/QID7\/SelectableChoice\/Group\/x10\/0","Type":"Expression","Description":"<span class=\"ConjDesc\">Or<\/span> <span class=\"QuestionDesc\">On the left, you see the actions you have named on the previous page. Think about each action. Ca...<\/span> <span class=\"LeftOpDesc\">Action 10 - Always acceptable<\/span> <span class=\"OpDesc\">Is Selected<\/span> ","Conjuction":"Or"},"Type":"If"},"Type":"BooleanExpression"},"Flow":[{"Type":"Branch","FlowID":"FL_35","Description":"New Branch","ExcludeFromProgressBar":"true","Options":{"excludeFromProgressBar":"true"},"BranchLogic":{"0":{"0":{"LogicType":"Question","QuestionID":"QID7","QuestionIsInLoop":"no","ChoiceLocator":"q:\/\/QID7\/SelectableChoice\/Group\/x1\/1","Operator":"Selected","QuestionIDFromLocator":"QID7","LeftOperand":"q:\/\/QID7\/SelectableChoice\/Group\/x1\/1","Type":"Expression","Description":"<span class=\"ConjDesc\">If<\/span> <span class=\"QuestionDesc\">On the left, you see the actions you have named on the previous page. Think about each action. Ca...<\/span> <span class=\"LeftOpDesc\">Action 1 - Sometimes acceptable<\/span> <span class=\"OpDesc\">Is Selected<\/span> "},"1":{"LogicType":"Question","QuestionID":"QID7","QuestionIsInLoop":"no","ChoiceLocator":"q:\/\/QID7\/SelectableChoice\/Group\/x2\/1","Operator":"Selected","QuestionIDFromLocator":"QID7","LeftOperand":"q:\/\/QID7\/SelectableChoice\/Group\/x2\/1","Type":"Expression","Description":"<span class=\"ConjDesc\">Or<\/span> <span class=\"QuestionDesc\">On the left, you see the actions you have named on the previous page. Think about each action. Ca...<\/span> <span class=\"LeftOpDesc\">Action 2 - Sometimes acceptable<\/span> <span class=\"OpDesc\">Is Selected<\/span> ","Conjuction":"Or"},"2":{"LogicType":"Question","QuestionID":"QID7","QuestionIsInLoop":"no","ChoiceLocator":"q:\/\/QID7\/SelectableChoice\/Group\/x3\/1","Operator":"Selected","QuestionIDFromLocator":"QID7","LeftOperand":"q:\/\/QID7\/SelectableChoice\/Group\/x3\/1","Type":"Expression","Description":"<span class=\"ConjDesc\">Or<\/span> <span class=\"QuestionDesc\">On the left, you see the actions you have named on the previous page. Think about each action. Ca...<\/span> <span class=\"LeftOpDesc\">Action 3 - Sometimes acceptable<\/span> <span class=\"OpDesc\">Is Selected<\/span> ","Conjuction":"Or"},"3":{"LogicType":"Question","QuestionID":"QID7","QuestionIsInLoop":"no","ChoiceLocator":"q:\/\/QID7\/SelectableChoice\/Group\/x4\/1","Operator":"Selected","QuestionIDFromLocator":"QID7","LeftOperand":"q:\/\/QID7\/SelectableChoice\/Group\/x4\/1","Type":"Expression","Description":"<span class=\"ConjDesc\">Or<\/span> <span class=\"QuestionDesc\">On the left, you see the actions you have named on the previous page. Think about each action. Ca...<\/span> <span class=\"LeftOpDesc\">Action 4 - Sometimes acceptable<\/span> <span class=\"OpDesc\">Is Selected<\/span> ","Conjuction":"Or"},"4":{"LogicType":"Question","QuestionID":"QID7","QuestionIsInLoop":"no","ChoiceLocator":"q:\/\/QID7\/SelectableChoice\/Group\/x5\/1","Operator":"Selected","QuestionIDFromLocator":"QID7","LeftOperand":"q:\/\/QID7\/SelectableChoice\/Group\/x5\/1","Type":"Expression","Description":"<span class=\"ConjDesc\">Or<\/span> <span class=\"QuestionDesc\">On the left, you see the actions you have named on the previous page. Think about each action. Ca...<\/span> <span class=\"LeftOpDesc\">Action 5 - Sometimes acceptable<\/span> <span class=\"OpDesc\">Is Selected<\/span> ","Conjuction":"Or"},"5":{"LogicType":"Question","QuestionID":"QID7","QuestionIsInLoop":"no","ChoiceLocator":"q:\/\/QID7\/SelectableChoice\/Group\/x6\/1","Operator":"Selected","QuestionIDFromLocator":"QID7","LeftOperand":"q:\/\/QID7\/SelectableChoice\/Group\/x6\/1","Type":"Expression","Description":"<span class=\"ConjDesc\">Or<\/span> <span class=\"QuestionDesc\">On the left, you see the actions you have named on the previous page. Think about each action. Ca...<\/span> <span class=\"LeftOpDesc\">Action 6 - Sometimes acceptable<\/span> <span class=\"OpDesc\">Is Selected<\/span> ","Conjuction":"Or"},"6":{"LogicType":"Question","QuestionID":"QID7","QuestionIsInLoop":"no","ChoiceLocator":"q:\/\/QID7\/SelectableChoice\/Group\/x7\/1","Operator":"Selected","QuestionIDFromLocator":"QID7","LeftOperand":"q:\/\/QID7\/SelectableChoice\/Group\/x7\/1","Type":"Expression","Description":"<span class=\"ConjDesc\">Or<\/span> <span class=\"QuestionDesc\">On the left, you see the actions you have named on the previous page. Think about each action. Ca...<\/span> <span class=\"LeftOpDesc\">Action 7 - Sometimes acceptable<\/span> <span class=\"OpDesc\">Is Selected<\/span> ","Conjuction":"Or"},"7":{"LogicType":"Question","QuestionID":"QID7","QuestionIsInLoop":"no","ChoiceLocator":"q:\/\/QID7\/SelectableChoice\/Group\/x8\/1","Operator":"Selected","QuestionIDFromLocator":"QID7","LeftOperand":"q:\/\/QID7\/SelectableChoice\/Group\/x8\/1","Type":"Expression","Description":"<span class=\"ConjDesc\">Or<\/span> <span class=\"QuestionDesc\">On the left, you see the actions you have named on the previous page. Think about each action. Ca...<\/span> <span class=\"LeftOpDesc\">Action 8 - Sometimes acceptable<\/span> <span class=\"OpDesc\">Is Selected<\/span> ","Conjuction":"Or"},"8":{"LogicType":"Question","QuestionID":"QID7","QuestionIsInLoop":"no","ChoiceLocator":"q:\/\/QID7\/SelectableChoice\/Group\/x9\/1","Operator":"Selected","QuestionIDFromLocator":"QID7","LeftOperand":"q:\/\/QID7\/SelectableChoice\/Group\/x9\/1","Type":"Expression","Description":"<span class=\"ConjDesc\">Or<\/span> <span class=\"QuestionDesc\">On the left, you see the actions you have named on the previous page. Think about each action. Ca...<\/span> <span class=\"LeftOpDesc\">Action 9 - Sometimes acceptable<\/span> <span class=\"OpDesc\">Is Selected<\/span> ","Conjuction":"Or"},"9":{"LogicType":"Question","QuestionID":"QID7","QuestionIsInLoop":"no","ChoiceLocator":"q:\/\/QID7\/SelectableChoice\/Group\/x10\/1","Operator":"Selected","QuestionIDFromLocator":"QID7","LeftOperand":"q:\/\/QID7\/SelectableChoice\/Group\/x10\/1","Type":"Expression","Description":"<span class=\"ConjDesc\">Or<\/span> <span class=\"QuestionDesc\">On the left, you see the actions you have named on the previous page. Think about each action. Ca...<\/span> <span class=\"LeftOpDesc\">Action 10 - Sometimes acceptable<\/span> <span class=\"OpDesc\">Is Selected<\/span> ","Conjuction":"Or"},"Type":"If"},"Type":"BooleanExpression"},"Flow":[{"Type":"Branch","FlowID":"FL_36","Description":"New Branch","ExcludeFromProgressBar":"true","Options":{"excludeFromProgressBar":"true"},"BranchLogic":{"0":{"0":{"LogicType":"Question","QuestionID":"QID7","QuestionIsInLoop":"no","ChoiceLocator":"q:\/\/QID7\/SelectableChoice\/Group\/x1\/2","Operator":"Selected","QuestionIDFromLocator":"QID7","LeftOperand":"q:\/\/QID7\/SelectableChoice\/Group\/x1\/2","Type":"Expression","Description":"<span class=\"ConjDesc\">If<\/span> <span class=\"QuestionDesc\">On the left, you see the actions you have named on the previous page. Think about each action. Ca...<\/span> <span class=\"LeftOpDesc\">Action 1 - Never acceptable<\/span> <span class=\"OpDesc\">Is Selected<\/span> "},"1":{"LogicType":"Question","QuestionID":"QID7","QuestionIsInLoop":"no","ChoiceLocator":"q:\/\/QID7\/SelectableChoice\/Group\/x2\/2","Operator":"Selected","QuestionIDFromLocator":"QID7","LeftOperand":"q:\/\/QID7\/SelectableChoice\/Group\/x2\/2","Type":"Expression","Description":"<span class=\"ConjDesc\">Or<\/span> <span class=\"QuestionDesc\">On the left, you see the actions you have named on the previous page. Think about each action. Ca...<\/span> <span class=\"LeftOpDesc\">Action 2 - Never acceptable<\/span> <span class=\"OpDesc\">Is Selected<\/span> ","Conjuction":"Or"},"2":{"LogicType":"Question","QuestionID":"QID7","QuestionIsInLoop":"no","ChoiceLocator":"q:\/\/QID7\/SelectableChoice\/Group\/x3\/2","Operator":"Selected","QuestionIDFromLocator":"QID7","LeftOperand":"q:\/\/QID7\/SelectableChoice\/Group\/x3\/2","Type":"Expression","Description":"<span class=\"ConjDesc\">Or<\/span> <span class=\"QuestionDesc\">On the left, you see the actions you have named on the previous page. Think about each action. Ca...<\/span> <span class=\"LeftOpDesc\">Action 3 - Never acceptable<\/span> <span class=\"OpDesc\">Is Selected<\/span> ","Conjuction":"Or"},"3":{"LogicType":"Question","QuestionID":"QID7","QuestionIsInLoop":"no","ChoiceLocator":"q:\/\/QID7\/SelectableChoice\/Group\/x4\/2","Operator":"Selected","QuestionIDFromLocator":"QID7","LeftOperand":"q:\/\/QID7\/SelectableChoice\/Group\/x4\/2","Type":"Expression","Description":"<span class=\"ConjDesc\">Or<\/span> <span class=\"QuestionDesc\">On the left, you see the actions you have named on the previous page. Think about each action. Ca...<\/span> <span class=\"LeftOpDesc\">Action 4 - Never acceptable<\/span> <span class=\"OpDesc\">Is Selected<\/span> ","Conjuction":"Or"},"4":{"LogicType":"Question","QuestionID":"QID7","QuestionIsInLoop":"no","ChoiceLocator":"q:\/\/QID7\/SelectableChoice\/Group\/x5\/2","Operator":"Selected","QuestionIDFromLocator":"QID7","LeftOperand":"q:\/\/QID7\/SelectableChoice\/Group\/x5\/2","Type":"Expression","Description":"<span class=\"ConjDesc\">Or<\/span> <span class=\"QuestionDesc\">On the left, you see the actions you have named on the previous page. Think about each action. Ca...<\/span> <span class=\"LeftOpDesc\">Action 5 - Never acceptable<\/span> <span class=\"OpDesc\">Is Selected<\/span> ","Conjuction":"Or"},"5":{"LogicType":"Question","QuestionID":"QID7","QuestionIsInLoop":"no","ChoiceLocator":"q:\/\/QID7\/SelectableChoice\/Group\/x6\/2","Operator":"Selected","QuestionIDFromLocator":"QID7","LeftOperand":"q:\/\/QID7\/SelectableChoice\/Group\/x6\/2","Type":"Expression","Description":"<span class=\"ConjDesc\">Or<\/span> <span class=\"QuestionDesc\">On the left, you see the actions you have named on the previous page. Think about each action. Ca...<\/span> <span class=\"LeftOpDesc\">Action 6 - Never acceptable<\/span> <span class=\"OpDesc\">Is Selected<\/span> ","Conjuction":"Or"},"6":{"LogicType":"Question","QuestionID":"QID7","QuestionIsInLoop":"no","ChoiceLocator":"q:\/\/QID7\/SelectableChoice\/Group\/x7\/2","Operator":"Selected","QuestionIDFromLocator":"QID7","LeftOperand":"q:\/\/QID7\/SelectableChoice\/Group\/x7\/2","Type":"Expression","Description":"<span class=\"ConjDesc\">Or<\/span> <span class=\"QuestionDesc\">On the left, you see the actions you have named on the previous page. Think about each action. Ca...<\/span> <span class=\"LeftOpDesc\">Action 7 - Never acceptable<\/span> <span class=\"OpDesc\">Is Selected<\/span> ","Conjuction":"Or"},"7":{"LogicType":"Question","QuestionID":"QID7","QuestionIsInLoop":"no","ChoiceLocator":"q:\/\/QID7\/SelectableChoice\/Group\/x8\/2","Operator":"Selected","QuestionIDFromLocator":"QID7","LeftOperand":"q:\/\/QID7\/SelectableChoice\/Group\/x8\/2","Type":"Expression","Description":"<span class=\"ConjDesc\">Or<\/span> <span class=\"QuestionDesc\">On the left, you see the actions you have named on the previous page. Think about each action. Ca...<\/span> <span class=\"LeftOpDesc\">Action 8 - Never acceptable<\/span> <span class=\"OpDesc\">Is Selected<\/span> ","Conjuction":"Or"},"8":{"LogicType":"Question","QuestionID":"QID7","QuestionIsInLoop":"no","ChoiceLocator":"q:\/\/QID7\/SelectableChoice\/Group\/x9\/2","Operator":"Selected","QuestionIDFromLocator":"QID7","LeftOperand":"q:\/\/QID7\/SelectableChoice\/Group\/x9\/2","Type":"Expression","Description":"<span class=\"ConjDesc\">Or<\/span> <span class=\"QuestionDesc\">On the left, you see the actions you have named on the previous page. Think about each action. Ca...<\/span> <span class=\"LeftOpDesc\">Action 9 - Never acceptable<\/span> <span class=\"OpDesc\">Is Selected<\/span> ","Conjuction":"Or"},"9":{"LogicType":"Question","QuestionID":"QID7","QuestionIsInLoop":"no","ChoiceLocator":"q:\/\/QID7\/SelectableChoice\/Group\/x10\/2","Operator":"Selected","QuestionIDFromLocator":"QID7","LeftOperand":"q:\/\/QID7\/SelectableChoice\/Group\/x10\/2","Type":"Expression","Description":"<span class=\"ConjDesc\">Or<\/span> <span class=\"QuestionDesc\">On the left, you see the actions you have named on the previous page. Think about each action. Ca...<\/span> <span class=\"LeftOpDesc\">Action 10 - Never acceptable<\/span> <span class=\"OpDesc\">Is Selected<\/span> ","Conjuction":"Or"},"Type":"If"},"Type":"BooleanExpression"},"Flow":[{"Type":"EndSurvey","FlowID":"FL_37"}]}]}]},{"Type":"Block","ID":"BL_enyXzeru6UsfI0J","FlowID":"FL_39"},{"Type":"Block","ID":"BL_ekDbRde0xZ9MhrD","FlowID":"FL_40"},{"Type":"Branch","FlowID":"FL_41","Description":"New Branch","ExcludeFromProgressBar":"true","Options":{"excludeFromProgressBar":"true"},"BranchLogic":{"0":{"0":{"LogicType":"Question","QuestionID":"QID7","QuestionIsInLoop":"no","ChoiceLocator":"q:\/\/QID7\/SelectableChoice\/Group\/x1\/0","Operator":"Selected","QuestionIDFromLocator":"QID7","LeftOperand":"q:\/\/QID7\/SelectableChoice\/Group\/x1\/0","Type":"Expression","Description":"<span class=\"ConjDesc\">If<\/span> <span class=\"QuestionDesc\">On the left, you see the actions you have named on the previous page. Think about each action. Ca...<\/span> <span class=\"LeftOpDesc\">Action 1 - Always acceptable<\/span> <span class=\"OpDesc\">Is Selected<\/span> "},"1":{"LogicType":"Question","QuestionID":"QID7","QuestionIsInLoop":"no","ChoiceLocator":"q:\/\/QID7\/SelectableChoice\/Group\/x2\/0","Operator":"Selected","QuestionIDFromLocator":"QID7","LeftOperand":"q:\/\/QID7\/SelectableChoice\/Group\/x2\/0","Type":"Expression","Description":"<span class=\"ConjDesc\">Or<\/span> <span class=\"QuestionDesc\">On the left, you see the actions you have named on the previous page. Think about each action. Ca...<\/span> <span class=\"LeftOpDesc\">Action 2 - Always acceptable<\/span> <span class=\"OpDesc\">Is Selected<\/span> ","Conjuction":"Or"},"2":{"LogicType":"Question","QuestionID":"QID7","QuestionIsInLoop":"no","ChoiceLocator":"q:\/\/QID7\/SelectableChoice\/Group\/x3\/0","Operator":"Selected","QuestionIDFromLocator":"QID7","LeftOperand":"q:\/\/QID7\/SelectableChoice\/Group\/x3\/0","Type":"Expression","Description":"<span class=\"ConjDesc\">Or<\/span> <span class=\"QuestionDesc\">On the left, you see the actions you have named on the previous page. Think about each action. Ca...<\/span> <span class=\"LeftOpDesc\">Action 3 - Always acceptable<\/span> <span class=\"OpDesc\">Is Selected<\/span> ","Conjuction":"Or"},"3":{"LogicType":"Question","QuestionID":"QID7","QuestionIsInLoop":"no","ChoiceLocator":"q:\/\/QID7\/SelectableChoice\/Group\/x4\/0","Operator":"Selected","QuestionIDFromLocator":"QID7","LeftOperand":"q:\/\/QID7\/SelectableChoice\/Group\/x4\/0","Type":"Expression","Description":"<span class=\"ConjDesc\">Or<\/span> <span class=\"QuestionDesc\">On the left, you see the actions you have named on the previous page. Think about each action. Ca...<\/span> <span class=\"LeftOpDesc\">Action 4 - Always acceptable<\/span> <span class=\"OpDesc\">Is Selected<\/span> ","Conjuction":"Or"},"4":{"LogicType":"Question","QuestionID":"QID7","QuestionIsInLoop":"no","ChoiceLocator":"q:\/\/QID7\/SelectableChoice\/Group\/x5\/0","Operator":"Selected","QuestionIDFromLocator":"QID7","LeftOperand":"q:\/\/QID7\/SelectableChoice\/Group\/x5\/0","Type":"Expression","Description":"<span class=\"ConjDesc\">Or<\/span> <span class=\"QuestionDesc\">On the left, you see the actions you have named on the previous page. Think about each action. Ca...<\/span> <span class=\"LeftOpDesc\">Action 5 - Always acceptable<\/span> <span class=\"OpDesc\">Is Selected<\/span> ","Conjuction":"Or"},"5":{"LogicType":"Question","QuestionID":"QID7","QuestionIsInLoop":"no","ChoiceLocator":"q:\/\/QID7\/SelectableChoice\/Group\/x6\/0","Operator":"Selected","QuestionIDFromLocator":"QID7","LeftOperand":"q:\/\/QID7\/SelectableChoice\/Group\/x6\/0","Type":"Expression","Description":"<span class=\"ConjDesc\">Or<\/span> <span class=\"QuestionDesc\">On the left, you see the actions you have named on the previous page. Think about each action. Ca...<\/span> <span class=\"LeftOpDesc\">Action 6 - Always acceptable<\/span> <span class=\"OpDesc\">Is Selected<\/span> ","Conjuction":"Or"},"6":{"LogicType":"Question","QuestionID":"QID7","QuestionIsInLoop":"no","ChoiceLocator":"q:\/\/QID7\/SelectableChoice\/Group\/x7\/0","Operator":"Selected","QuestionIDFromLocator":"QID7","LeftOperand":"q:\/\/QID7\/SelectableChoice\/Group\/x7\/0","Type":"Expression","Description":"<span class=\"ConjDesc\">Or<\/span> <span class=\"QuestionDesc\">On the left, you see the actions you have named on the previous page. Think about each action. Ca...<\/span> <span class=\"LeftOpDesc\">Action 7 - Always acceptable<\/span> <span class=\"OpDesc\">Is Selected<\/span> ","Conjuction":"Or"},"7":{"LogicType":"Question","QuestionID":"QID7","QuestionIsInLoop":"no","ChoiceLocator":"q:\/\/QID7\/SelectableChoice\/Group\/x8\/0","Operator":"Selected","QuestionIDFromLocator":"QID7","LeftOperand":"q:\/\/QID7\/SelectableChoice\/Group\/x8\/0","Type":"Expression","Description":"<span class=\"ConjDesc\">Or<\/span> <span class=\"QuestionDesc\">On the left, you see the actions you have named on the previous page. Think about each action. Ca...<\/span> <span class=\"LeftOpDesc\">Action 8 - Always acceptable<\/span> <span class=\"OpDesc\">Is Selected<\/span> ","Conjuction":"Or"},"8":{"LogicType":"Question","QuestionID":"QID7","QuestionIsInLoop":"no","ChoiceLocator":"q:\/\/QID7\/SelectableChoice\/Group\/x9\/0","Operator":"Selected","QuestionIDFromLocator":"QID7","LeftOperand":"q:\/\/QID7\/SelectableChoice\/Group\/x9\/0","Type":"Expression","Description":"<span class=\"ConjDesc\">Or<\/span> <span class=\"QuestionDesc\">On the left, you see the actions you have named on the previous page. Think about each action. Ca...<\/span> <span class=\"LeftOpDesc\">Action 9 - Always acceptable<\/span> <span class=\"OpDesc\">Is Selected<\/span> ","Conjuction":"Or"},"9":{"LogicType":"Question","QuestionID":"QID7","QuestionIsInLoop":"no","ChoiceLocator":"q:\/\/QID7\/SelectableChoice\/Group\/x10\/0","Operator":"Selected","QuestionIDFromLocator":"QID7","LeftOperand":"q:\/\/QID7\/SelectableChoice\/Group\/x10\/0","Type":"Expression","Description":"<span class=\"ConjDesc\">Or<\/span> <span class=\"QuestionDesc\">On the left, you see the actions you have named on the previous page. Think about each action. Ca...<\/span> <span class=\"LeftOpDesc\">Action 10 - Always acceptable<\/span> <span class=\"OpDesc\">Is Selected<\/span> ","Conjuction":"Or"},"Type":"If"},"Type":"BooleanExpression"},"Flow":[{"Type":"Branch","FlowID":"FL_42","Description":"New Branch","ExcludeFromProgressBar":"true","Options":{"excludeFromProgressBar":"true"},"BranchLogic":{"0":{"0":{"LogicType":"Question","QuestionID":"QID7","QuestionIsInLoop":"no","ChoiceLocator":"q:\/\/QID7\/SelectableChoice\/Group\/x1\/1","Operator":"Selected","QuestionIDFromLocator":"QID7","LeftOperand":"q:\/\/QID7\/SelectableChoice\/Group\/x1\/1","Type":"Expression","Description":"<span class=\"ConjDesc\">If<\/span> <span class=\"QuestionDesc\">On the left, you see the actions you have named on the previous page. Think about each action. Ca...<\/span> <span class=\"LeftOpDesc\">Action 1 - Sometimes acceptable<\/span> <span class=\"OpDesc\">Is Selected<\/span> "},"1":{"LogicType":"Question","QuestionID":"QID7","QuestionIsInLoop":"no","ChoiceLocator":"q:\/\/QID7\/SelectableChoice\/Group\/x2\/1","Operator":"Selected","QuestionIDFromLocator":"QID7","LeftOperand":"q:\/\/QID7\/SelectableChoice\/Group\/x2\/1","Type":"Expression","Description":"<span class=\"ConjDesc\">Or<\/span> <span class=\"QuestionDesc\">On the left, you see the actions you have named on the previous page. Think about each action. Ca...<\/span> <span class=\"LeftOpDesc\">Action 2 - Sometimes acceptable<\/span> <span class=\"OpDesc\">Is Selected<\/span> ","Conjuction":"Or"},"2":{"LogicType":"Question","QuestionID":"QID7","QuestionIsInLoop":"no","ChoiceLocator":"q:\/\/QID7\/SelectableChoice\/Group\/x3\/1","Operator":"Selected","QuestionIDFromLocator":"QID7","LeftOperand":"q:\/\/QID7\/SelectableChoice\/Group\/x3\/1","Type":"Expression","Description":"<span class=\"ConjDesc\">Or<\/span> <span class=\"QuestionDesc\">On the left, you see the actions you have named on the previous page. Think about each action. Ca...<\/span> <span class=\"LeftOpDesc\">Action 3 - Sometimes acceptable<\/span> <span class=\"OpDesc\">Is Selected<\/span> ","Conjuction":"Or"},"3":{"LogicType":"Question","QuestionID":"QID7","QuestionIsInLoop":"no","ChoiceLocator":"q:\/\/QID7\/SelectableChoice\/Group\/x4\/1","Operator":"Selected","QuestionIDFromLocator":"QID7","LeftOperand":"q:\/\/QID7\/SelectableChoice\/Group\/x4\/1","Type":"Expression","Description":"<span class=\"ConjDesc\">Or<\/span> <span class=\"QuestionDesc\">On the left, you see the actions you have named on the previous page. Think about each action. Ca...<\/span> <span class=\"LeftOpDesc\">Action 4 - Sometimes acceptable<\/span> <span class=\"OpDesc\">Is Selected<\/span> ","Conjuction":"Or"},"4":{"LogicType":"Question","QuestionID":"QID7","QuestionIsInLoop":"no","ChoiceLocator":"q:\/\/QID7\/SelectableChoice\/Group\/x5\/1","Operator":"Selected","QuestionIDFromLocator":"QID7","LeftOperand":"q:\/\/QID7\/SelectableChoice\/Group\/x5\/1","Type":"Expression","Description":"<span class=\"ConjDesc\">Or<\/span> <span class=\"QuestionDesc\">On the left, you see the actions you have named on the previous page. Think about each action. Ca...<\/span> <span class=\"LeftOpDesc\">Action 5 - Sometimes acceptable<\/span> <span class=\"OpDesc\">Is Selected<\/span> ","Conjuction":"Or"},"5":{"LogicType":"Question","QuestionID":"QID7","QuestionIsInLoop":"no","ChoiceLocator":"q:\/\/QID7\/SelectableChoice\/Group\/x6\/1","Operator":"Selected","QuestionIDFromLocator":"QID7","LeftOperand":"q:\/\/QID7\/SelectableChoice\/Group\/x6\/1","Type":"Expression","Description":"<span class=\"ConjDesc\">Or<\/span> <span class=\"QuestionDesc\">On the left, you see the actions you have named on the previous page. Think about each action. Ca...<\/span> <span class=\"LeftOpDesc\">Action 6 - Sometimes acceptable<\/span> <span class=\"OpDesc\">Is Selected<\/span> ","Conjuction":"Or"},"6":{"LogicType":"Question","QuestionID":"QID7","QuestionIsInLoop":"no","ChoiceLocator":"q:\/\/QID7\/SelectableChoice\/Group\/x7\/1","Operator":"Selected","QuestionIDFromLocator":"QID7","LeftOperand":"q:\/\/QID7\/SelectableChoice\/Group\/x7\/1","Type":"Expression","Description":"<span class=\"ConjDesc\">Or<\/span> <span class=\"QuestionDesc\">On the left, you see the actions you have named on the previous page. Think about each action. Ca...<\/span> <span class=\"LeftOpDesc\">Action 7 - Sometimes acceptable<\/span> <span class=\"OpDesc\">Is Selected<\/span> ","Conjuction":"Or"},"7":{"LogicType":"Question","QuestionID":"QID7","QuestionIsInLoop":"no","ChoiceLocator":"q:\/\/QID7\/SelectableChoice\/Group\/x8\/1","Operator":"Selected","QuestionIDFromLocator":"QID7","LeftOperand":"q:\/\/QID7\/SelectableChoice\/Group\/x8\/1","Type":"Expression","Description":"<span class=\"ConjDesc\">Or<\/span> <span class=\"QuestionDesc\">On the left, you see the actions you have named on the previous page. Think about each action. Ca...<\/span> <span class=\"LeftOpDesc\">Action 8 - Sometimes acceptable<\/span> <span class=\"OpDesc\">Is Selected<\/span> ","Conjuction":"Or"},"8":{"LogicType":"Question","QuestionID":"QID7","QuestionIsInLoop":"no","ChoiceLocator":"q:\/\/QID7\/SelectableChoice\/Group\/x9\/1","Operator":"Selected","QuestionIDFromLocator":"QID7","LeftOperand":"q:\/\/QID7\/SelectableChoice\/Group\/x9\/1","Type":"Expression","Description":"<span class=\"ConjDesc\">Or<\/span> <span class=\"QuestionDesc\">On the left, you see the actions you have named on the previous page. Think about each action. Ca...<\/span> <span class=\"LeftOpDesc\">Action 9 - Sometimes acceptable<\/span> <span class=\"OpDesc\">Is Selected<\/span> ","Conjuction":"Or"},"9":{"LogicType":"Question","QuestionID":"QID7","QuestionIsInLoop":"no","ChoiceLocator":"q:\/\/QID7\/SelectableChoice\/Group\/x10\/1","Operator":"Selected","QuestionIDFromLocator":"QID7","LeftOperand":"q:\/\/QID7\/SelectableChoice\/Group\/x10\/1","Type":"Expression","Description":"<span class=\"ConjDesc\">Or<\/span> <span class=\"QuestionDesc\">On the left, you see the actions you have named on the previous page. Think about each action. Ca...<\/span> <span class=\"LeftOpDesc\">Action 10 - Sometimes acceptable<\/span> <span class=\"OpDesc\">Is Selected<\/span> ","Conjuction":"Or"},"Type":"If"},"Type":"BooleanExpression"},"Flow":[{"Type":"Branch","FlowID":"FL_43","Description":"New Branch","ExcludeFromProgressBar":"true","Options":{"excludeFromProgressBar":"true"},"BranchLogic":{"0":{"0":{"LogicType":"Question","QuestionID":"QID7","QuestionIsInLoop":"no","ChoiceLocator":"q:\/\/QID7\/SelectableChoice\/Group\/x1\/2","Operator":"Selected","QuestionIDFromLocator":"QID7","LeftOperand":"q:\/\/QID7\/SelectableChoice\/Group\/x1\/2","Type":"Expression","Description":"<span class=\"ConjDesc\">If<\/span> <span class=\"QuestionDesc\">On the left, you see the actions you have named on the previous page. Think about each action. Ca...<\/span> <span class=\"LeftOpDesc\">Action 1 - Never acceptable<\/span> <span class=\"OpDesc\">Is Selected<\/span> "},"1":{"LogicType":"Question","QuestionID":"QID7","QuestionIsInLoop":"no","ChoiceLocator":"q:\/\/QID7\/SelectableChoice\/Group\/x2\/2","Operator":"Selected","QuestionIDFromLocator":"QID7","LeftOperand":"q:\/\/QID7\/SelectableChoice\/Group\/x2\/2","Type":"Expression","Description":"<span class=\"ConjDesc\">Or<\/span> <span class=\"QuestionDesc\">On the left, you see the actions you have named on the previous page. Think about each action. Ca...<\/span> <span class=\"LeftOpDesc\">Action 2 - Never acceptable<\/span> <span class=\"OpDesc\">Is Selected<\/span> ","Conjuction":"Or"},"2":{"LogicType":"Question","QuestionID":"QID7","QuestionIsInLoop":"no","ChoiceLocator":"q:\/\/QID7\/SelectableChoice\/Group\/x3\/2","Operator":"Selected","QuestionIDFromLocator":"QID7","LeftOperand":"q:\/\/QID7\/SelectableChoice\/Group\/x3\/2","Type":"Expression","Description":"<span class=\"ConjDesc\">Or<\/span> <span class=\"QuestionDesc\">On the left, you see the actions you have named on the previous page. Think about each action. Ca...<\/span> <span class=\"LeftOpDesc\">Action 3 - Never acceptable<\/span> <span class=\"OpDesc\">Is Selected<\/span> ","Conjuction":"Or"},"3":{"LogicType":"Question","QuestionID":"QID7","QuestionIsInLoop":"no","ChoiceLocator":"q:\/\/QID7\/SelectableChoice\/Group\/x4\/2","Operator":"Selected","QuestionIDFromLocator":"QID7","LeftOperand":"q:\/\/QID7\/SelectableChoice\/Group\/x4\/2","Type":"Expression","Description":"<span class=\"ConjDesc\">Or<\/span> <span class=\"QuestionDesc\">On the left, you see the actions you have named on the previous page. Think about each action. Ca...<\/span> <span class=\"LeftOpDesc\">Action 4 - Never acceptable<\/span> <span class=\"OpDesc\">Is Selected<\/span> ","Conjuction":"Or"},"4":{"LogicType":"Question","QuestionID":"QID7","QuestionIsInLoop":"no","ChoiceLocator":"q:\/\/QID7\/SelectableChoice\/Group\/x5\/2","Operator":"Selected","QuestionIDFromLocator":"QID7","LeftOperand":"q:\/\/QID7\/SelectableChoice\/Group\/x5\/2","Type":"Expression","Description":"<span class=\"ConjDesc\">Or<\/span> <span class=\"QuestionDesc\">On the left, you see the actions you have named on the previous page. Think about each action. Ca...<\/span> <span class=\"LeftOpDesc\">Action 5 - Never acceptable<\/span> <span class=\"OpDesc\">Is Selected<\/span> ","Conjuction":"Or"},"5":{"LogicType":"Question","QuestionID":"QID7","QuestionIsInLoop":"no","ChoiceLocator":"q:\/\/QID7\/SelectableChoice\/Group\/x6\/2","Operator":"Selected","QuestionIDFromLocator":"QID7","LeftOperand":"q:\/\/QID7\/SelectableChoice\/Group\/x6\/2","Type":"Expression","Description":"<span class=\"ConjDesc\">Or<\/span> <span class=\"QuestionDesc\">On the left, you see the actions you have named on the previous page. Think about each action. Ca...<\/span> <span class=\"LeftOpDesc\">Action 6 - Never acceptable<\/span> <span class=\"OpDesc\">Is Selected<\/span> ","Conjuction":"Or"},"6":{"LogicType":"Question","QuestionID":"QID7","QuestionIsInLoop":"no","ChoiceLocator":"q:\/\/QID7\/SelectableChoice\/Group\/x7\/2","Operator":"Selected","QuestionIDFromLocator":"QID7","LeftOperand":"q:\/\/QID7\/SelectableChoice\/Group\/x7\/2","Type":"Expression","Description":"<span class=\"ConjDesc\">Or<\/span> <span class=\"QuestionDesc\">On the left, you see the actions you have named on the previous page. Think about each action. Ca...<\/span> <span class=\"LeftOpDesc\">Action 7 - Never acceptable<\/span> <span class=\"OpDesc\">Is Selected<\/span> ","Conjuction":"Or"},"7":{"LogicType":"Question","QuestionID":"QID7","QuestionIsInLoop":"no","ChoiceLocator":"q:\/\/QID7\/SelectableChoice\/Group\/x8\/2","Operator":"Selected","QuestionIDFromLocator":"QID7","LeftOperand":"q:\/\/QID7\/SelectableChoice\/Group\/x8\/2","Type":"Expression","Description":"<span class=\"ConjDesc\">Or<\/span> <span class=\"QuestionDesc\">On the left, you see the actions you have named on the previous page. Think about each action. Ca...<\/span> <span class=\"LeftOpDesc\">Action 8 - Never acceptable<\/span> <span class=\"OpDesc\">Is Selected<\/span> ","Conjuction":"Or"},"8":{"LogicType":"Question","QuestionID":"QID7","QuestionIsInLoop":"no","ChoiceLocator":"q:\/\/QID7\/SelectableChoice\/Group\/x9\/2","Operator":"Selected","QuestionIDFromLocator":"QID7","LeftOperand":"q:\/\/QID7\/SelectableChoice\/Group\/x9\/2","Type":"Expression","Description":"<span class=\"ConjDesc\">Or<\/span> <span class=\"QuestionDesc\">On the left, you see the actions you have named on the previous page. Think about each action. Ca...<\/span> <span class=\"LeftOpDesc\">Action 9 - Never acceptable<\/span> <span class=\"OpDesc\">Is Selected<\/span> ","Conjuction":"Or"},"9":{"LogicType":"Question","QuestionID":"QID7","QuestionIsInLoop":"no","ChoiceLocator":"q:\/\/QID7\/SelectableChoice\/Group\/x10\/2","Operator":"Selected","QuestionIDFromLocator":"QID7","LeftOperand":"q:\/\/QID7\/SelectableChoice\/Group\/x10\/2","Type":"Expression","Description":"<span class=\"ConjDesc\">Or<\/span> <span class=\"QuestionDesc\">On the left, you see the actions you have named on the previous page. Think about each action. Ca...<\/span> <span class=\"LeftOpDesc\">Action 10 - Never acceptable<\/span> <span class=\"OpDesc\">Is Selected<\/span> ","Conjuction":"Or"},"Type":"If"},"Type":"BooleanExpression"},"Flow":[{"Type":"EndSurvey","FlowID":"FL_44"}]}]}]},{"Type":"Block","ID":"BL_enyXzeru6UsfI0J","FlowID":"FL_46"},{"Type":"Block","ID":"BL_ekDbRde0xZ9MhrD","FlowID":"FL_47"}],"Properties":{"Count":49,"RemovedFieldsets":[]}}},{"SurveyID":"SV_6PttCi67hcWcvvD","Element":"SO","PrimaryAttribute":"Survey Options","SecondaryAttribute":null,"TertiaryAttribute":null,"Payload":{"BackButton":"false","SaveAndContinue":"true","SurveyProtection":"PublicSurvey","BallotBoxStuffingPrevention":"false","NoIndex":"Yes","SecureResponseFiles":"true","SurveyExpiration":null,"SurveyTermination":"Redirect","Header":"","Footer":"","ProgressBarDisplay":"None","PartialData":"+1 week","ValidationMessage":null,"PreviousButton":" &larr; ","NextButton":" &rarr; ","SkinLibrary":"Qualtrics","SkinType":"MQ","Skin":"v4qualtrics1","NewScoring":1,"libraryId":"","nextButtonMid":"","previousButtonMid":"","headerMid":"","footerMid":"","QuestionsPerPage":"","PageTransition":"Slide","ExternalCSS":null,"CustomStyles":{"errorStyles":{"selector":".Skin .ValidationError","styles":{"color":null,"backgroundColor":null,"borderColor":null}},"errorStylesBG":{"selector":".Skin .HeaderValidationError, .Skin .HeaderValidationError li a","styles":{"color":null,"backgroundColor":null}},"pageStyles":{"selector":"#SurveyEngineBody","styles":{"backgroundColor":null}},"textStyles":{"selector":".SkinInner","styles":{"fontFamily":null,"fontSize":null,"fontWeight":null,"fontStyle":null,"textDecoration":null,"color":null}},"questionStyles":{"selector":".Skin .QuestionText","styles":{"fontFamily":null,"fontSize":null,"fontWeight":null,"fontStyle":null,"textDecoration":null,"color":null}},"choiceStyles":{"selector":".Skin .horizontalbar th.ylabel, .Skin .Matrix table td, .Skin .Matrix table th, .Skin .Matrix table thead th, .Skin .Matrix table thead td, .Skin .PGR .DragAndDrop .Items label, .Skin .QuestionBody ul.ChoiceStructure, .Skin .PGR .DragAndDrop .Group ul, .Skin .PGR .DragAndDrop .Group h2, .Skin .PGR .DragAndDrop .Items ul, .Skin .PGR .DragAndDrop .Items h2, .Skin .DD .QuestionBody table.ChoiceStructure, .Skin .PGR .DragAndDrop .NoColumns td.groupsContainerTd div ul, .Skin .PGR .DragAndDrop .NoColumns td.groupsContainerTd div h2, .Skin .SBS thead th, .Skin .SBS td, .Skin .SBS .Answers td, .Skin .SBS .Answers th, .SBS table.ChoiceStructure, .Skin .horizontalbar thead table.LabelDescriptions tr td, .Skin .horizontalbar thead tr td.NotApplicable, .QuestionBody th, .Skin .QuestionBody .MC .MAVR label, .Skin .QuestionBody .MC .SAVR label, .Skin .SBS thead th, .Skin .SBS td, .Skin .RO .DND ul li, .Skin .reg, .SkinInner .ChoiceStructure, .Skin thead, .Skin .GAP .ChoiceStructure thead th, .Skin .GAP .ChoiceStructure .c4, .Skin .GAP .ChoiceStructure th, .Skin .GAP .ChoiceStructure .WhyText, .SkinInner .ChoiceStructure .LightBG, .Skin .QuestionOuter.Highlight .Inner .reg, .Skin .QuestionOuter.Highlight .Inner .alt, .Skin .QuestionOuter.Highlight .Inner .ReadableAlt       ","styles":{"fontFamily":null,"fontSize":null,"fontWeight":null,"fontStyle":null,"textDecoration":null,"color":null}},"headerStyles":{"selector":".Skin div#Header","styles":{"color":null}},"footerStyles":{"selector":".Skin #Footer","styles":{"color":null}},"questionSeparatorStyles":{"selector":".Skin .Separator","styles":{"backgroundColor":null,"display":null}},"highlightStyles":{"selector":".Skin .QuestionOuter.Highlight .Inner, .Skin .QuestionOuter.Highlight .Inner .reg, .Skin .QuestionOuter.Highlight .Inner .alt, .Skin .QuestionOuter.Highlight .Inner .ReadableAlt","styles":{"backgroundColor":null}},"highlightStylesAlt":{"selector":".Skin .QuestionOuter.Highlight .Inner .ReadableAlt, .Skin .QuestionOuter.Highlight .Inner .LightBG","styles":{"backgroundColor":null}},"textEntryStyles":{"selector":".Skin select, .Skin .InputText","styles":{"color":null}},"borderStyles":{"selector":".Skin .CS .horizontalbar table.sliderGrid tr.xlabel th, .Skin .CS .horizontalbar .ylabel, .Skin .CS .horizontalbar table.sliderGrid tr td.value, .Skin .Slider .horizontalbar table.sliderGrid tr.xlabel th, .Skin .BorderColor, .Skin .DarkBorderColor, .Skin .Slider .horizontalbar table.sliderGrid tr td.value, .Skin thead, .Skin .GAP .ChoiceStructure thead th  ","styles":{"borderColor":null}},"altRowStyles":{"selector":".Skin .ReadableAlt, .Skin .LightBG","styles":{"backgroundColor":null}},"customCSS":null},"HighlightQuestions":"off","SpellChecked":0,"EOSMessage":"","ShowExportTags":"false","CollectGeoLocation":"false","SurveyTitle":"Pilot Study 1","SurveyMetaDescription":"What do social groups do to promote their interests?","PasswordProtection":"No","AnonymizeResponse":"No","Password":"","RefererCheck":"No","RefererURL":"http:\/\/","EOSMessageLibrary":"","EOSRedirectURL":"https:\/\/app.prolific.ac\/submissions\/complete?cc=DIFGV4Y9","EmailThankYou":"false","ThankYouEmailMessageLibrary":null,"ThankYouEmailMessage":null,"ValidateMessage":"false","ValidationMessageLibrary":null,"InactiveSurvey":"DefaultMessage","PartialDataCloseAfter":"LastActivity","InactiveMessageLibrary":"","InactiveMessage":"","ActiveResponseSet":null,"AvailableLanguages":{"EN-GB":[]},"ResponseSummary":"No","ProtectSelectionIds":true}},{"SurveyID":"SV_6PttCi67hcWcvvD","Element":"SCO","PrimaryAttribute":"Scoring","SecondaryAttribute":null,"TertiaryAttribute":null,"Payload":{"ScoringCategories":[],"ScoringCategoryGroups":[],"ScoringSummaryCategory":null,"ScoringSummaryAfterQuestions":0,"ScoringSummaryAfterSurvey":0,"DefaultScoringCategory":null,"AutoScoringCategory":null}},{"SurveyID":"SV_6PttCi67hcWcvvD","Element":"STAT","PrimaryAttribute":"Survey Statistics","SecondaryAttribute":null,"TertiaryAttribute":null,"Payload":{"MobileCompatible":true,"ID":"Survey Statistics"}},{"SurveyID":"SV_6PttCi67hcWcvvD","Element":"PROJ","PrimaryAttribute":"CORE","SecondaryAttribute":"1.0.0","TertiaryAttribute":null,"Payload":null},{"SurveyID":"SV_6PttCi67hcWcvvD","Element":"QC","PrimaryAttribute":"Survey Question Count","SecondaryAttribute":"16","TertiaryAttribute":null,"Payload":null},{"SurveyID":"SV_6PttCi67hcWcvvD","Element":"SQ","PrimaryAttribute":"QID14","SecondaryAttribute":"Dear participant, \u00a0 Thank you for your interest in participating in this study! \u00a0 In this study,..","TertiaryAttribute":null,"Payload":{"QuestionText":"<p><span lang=\"EN-US\">Dear participant,<o:p><\/o:p><\/span><\/p>\n\n<p><span lang=\"EN-US\">&nbsp;<\/span><\/p>\n\n<p><span lang=\"EN-US\">Thank you for your interest in participating in this study! <o:p><\/o:p><\/span><\/p>\n\n<p><span lang=\"EN-US\">&nbsp;<\/span><\/p>\n\n<p><span lang=\"EN-US\">In this study, you will be asked to write down a list of as many actions as you can think of that groups of people use to advance a certain cause or promote the interests of their group.&nbsp;<\/span>We anticipate that your involvement will take about <strong>5&nbsp;minutes<\/strong>. You will receive <strong>\u00a30.70&nbsp;<\/strong>as compensation for participating.<\/p>\n\n<p><span lang=\"EN-US\">&nbsp;<\/span><\/p>\n\n<p><strong><span lang=\"EN-US\">Risks and Benefits:<o:p><\/o:p><\/span><\/strong><\/p>\n\n<p><span lang=\"EN-US\">There are no physical risks to participating in this study. However, some questions may make you uncomfortable. Every effort will be made to keep your information confidential. Although this study may not necessarily benefit you personally, we hope that our results will add to current knowledge about social psychological processes and provide an engaging experience. Full information about the goals of this study will be provided at the end of the study.<o:p><\/o:p><\/span><\/p>\n\n<p><span lang=\"EN-US\">&nbsp;<\/span><\/p>\n\n<p><strong><span lang=\"EN-US\">Confidentiality:<o:p><\/o:p><\/span><\/strong><\/p>\n\n<p><em><span lang=\"EN-US\">The researchers will not know your name, and will not ask for, or have access, to any uniquely identifying information about you.<\/span><\/em><span lang=\"EN-US\"> The researchers will have access to your Prolific ID for the purposes of payment and participant management. Prolific will not disclose any of the personal data linked to your account to the researchers. <o:p><\/o:p><\/span><\/p>\n\n<p><span lang=\"EN-US\">&nbsp;<br>\nResults from this study may be published in professional journals of psychological research or presented at professional meetings. We may also share the data with other researchers so they can check the accuracy of our conclusions but will only do so if we are confident that your confidentiality is protected.<o:p><\/o:p><\/span><\/p>\n\n<p><span lang=\"EN-US\">&nbsp;<\/span><\/p>\n\n<p><strong><span lang=\"EN-US\">Voluntary Participation: <\/span><\/strong><strong><span lang=\"EN-US\" style=\"font-size:11.0pt;mso-bidi-font-size:12.0pt\"><o:p><\/o:p><\/span><\/strong><\/p>\n\n<p><span lang=\"EN-US\">Participation in this study is completely voluntary. You are free to decline to participate, to end participation at any time for any reason, or to refuse to answer any individual question without penalty. <o:p><\/o:p><\/span><\/p>\n\n<p><span lang=\"EN-US\">&nbsp;<\/span><\/p>\n\n<p><strong><span lang=\"EN-US\">Questions:<o:p><\/o:p><\/span><\/strong><\/p>\n\n<p><span lang=\"EN-US\">If you have any questions about this study, and\/or if you want to obtain copies of the results of this research upon its completion, you may contact the researchers via <u>jenny.veldman@kuleuven.be<\/u> or <u>colette.vanlaar@kuleuven.be<\/u>.<\/span><\/p>\n\n<p>&nbsp;<\/p>\n\n<p><span lang=\"EN-US\">This study is approved by the Social and Societal Ethics Committee of the University of Leuven in Belgium. In case of questions or comments regarding the ethical aspects of this study, you can contact the ethics committee via <u>SMEC@kuleuven.be<\/u>.<\/span><br>\n&nbsp;<\/p>\n\n<p><strong><span lang=\"EN-US\">If you agree to participate in this study, then you can proceed to the next screen.&nbsp;<\/span><\/strong><span lang=\"EN-US\"><o:p><\/o:p><\/span><\/p>","DefaultChoices":false,"DataExportTag":"IN1","QuestionID":"QID14","QuestionType":"DB","Selector":"TB","Configuration":{"QuestionDescriptionOption":"UseText"},"QuestionDescription":"Dear participant, \u00a0 Thank you for your interest in participating in this study! \u00a0 In this study,...","ChoiceOrder":[],"Validation":{"Settings":{"Type":"None"}},"GradingData":[],"Language":[],"DataVisibility":{"Private":false,"Hidden":false},"NextChoiceId":1,"NextAnswerId":1,"QuestionText_Unsafe":"<p><span lang=\"EN-US\">Dear participant,<o:p><\/o:p><\/span><\/p>\n\n<p><span lang=\"EN-US\">&nbsp;<\/span><\/p>\n\n<p><span lang=\"EN-US\">Thank you for your interest in participating in this study! <o:p><\/o:p><\/span><\/p>\n\n<p><span lang=\"EN-US\">&nbsp;<\/span><\/p>\n\n<p><span lang=\"EN-US\">In this study, you will be asked to write down a list of as many actions as you can think of that groups of people use to advance a certain cause or promote the interests of their group.&nbsp;<\/span>We anticipate that your involvement will take about <strong>5&nbsp;minutes<\/strong>. You will receive <strong>\u00a30.70&nbsp;<\/strong>as compensation for participating.<\/p>\n\n<p><span lang=\"EN-US\">&nbsp;<\/span><\/p>\n\n<p><strong><span lang=\"EN-US\">Risks and Benefits:<o:p><\/o:p><\/span><\/strong><\/p>\n\n<p><span lang=\"EN-US\">There are no physical risks to participating in this study. However, some questions may make you uncomfortable. Every effort will be made to keep your information confidential. Although this study may not necessarily benefit you personally, we hope that our results will add to current knowledge about social psychological processes and provide an engaging experience. Full information about the goals of this study will be provided at the end of the study.<o:p><\/o:p><\/span><\/p>\n\n<p><span lang=\"EN-US\">&nbsp;<\/span><\/p>\n\n<p><strong><span lang=\"EN-US\">Confidentiality:<o:p><\/o:p><\/span><\/strong><\/p>\n\n<p><em><span lang=\"EN-US\">The researchers will not know your name, and will not ask for, or have access, to any uniquely identifying information about you.<\/span><\/em><span lang=\"EN-US\"> The researchers will have access to your Prolific ID for the purposes of payment and participant management. Prolific will not disclose any of the personal data linked to your account to the researchers. <o:p><\/o:p><\/span><\/p>\n\n<p><span lang=\"EN-US\">&nbsp;<br>\nResults from this study may be published in professional journals of psychological research or presented at professional meetings. We may also share the data with other researchers so they can check the accuracy of our conclusions but will only do so if we are confident that your confidentiality is protected.<o:p><\/o:p><\/span><\/p>\n\n<p><span lang=\"EN-US\">&nbsp;<\/span><\/p>\n\n<p><strong><span lang=\"EN-US\">Voluntary Participation: <\/span><\/strong><strong><span lang=\"EN-US\" style=\"font-size:11.0pt;mso-bidi-font-size:12.0pt\"><o:p><\/o:p><\/span><\/strong><\/p>\n\n<p><span lang=\"EN-US\">Participation in this study is completely voluntary. You are free to decline to participate, to end participation at any time for any reason, or to refuse to answer any individual question without penalty. <o:p><\/o:p><\/span><\/p>\n\n<p><span lang=\"EN-US\">&nbsp;<\/span><\/p>\n\n<p><strong><span lang=\"EN-US\">Questions:<o:p><\/o:p><\/span><\/strong><\/p>\n\n<p><span lang=\"EN-US\">If you have any questions about this study, and\/or if you want to obtain copies of the results of this research upon its completion, you may contact the researchers via <u>jenny.veldman@kuleuven.be<\/u> or <u>colette.vanlaar@kuleuven.be<\/u>.<\/span><\/p>\n\n<p>&nbsp;<\/p>\n\n<p><span lang=\"EN-US\">This study is approved by the Social and Societal Ethics Committee of the University of Leuven in Belgium. In case of questions or comments regarding the ethical aspects of this study, you can contact the ethics committee via <u>SMEC@kuleuven.be<\/u>.<\/span><br>\n&nbsp;<\/p>\n\n<p><strong><span lang=\"EN-US\">If you agree to participate in this study, then you can proceed to the next screen.&nbsp;<\/span><\/strong><span lang=\"EN-US\"><o:p><\/o:p><\/span><\/p>"}},{"SurveyID":"SV_6PttCi67hcWcvvD","Element":"RS","PrimaryAttribute":"RS_3dDKrodQiiRUwq9","SecondaryAttribute":"Default Response Set","TertiaryAttribute":null,"Payload":null},{"SurveyID":"SV_6PttCi67hcWcvvD","Element":"SQ","PrimaryAttribute":"QID13","SecondaryAttribute":"It is very important for this\u00a0study that you read the description below. \u00a0 Society is not only ma.","TertiaryAttribute":null,"Payload":{"QuestionText":"<div>\n<div><span style=\"font-size:22px;\"><strong>It is very important for this&nbsp;study that you read the description below.<\/strong><\/span><\/div>\n\n<div>&nbsp;<\/div>\n\n<div>Society is not only made up of individuals, but consists of 'social groups' to which these individuals belong. Each person lives in a place, has a job (or not) at an organisation, is fan of a specific sports club,&nbsp; has a religion, or belongs to any number of other such groups. Individuals often act in ways to promote the interests of the social groups to which they belong.<\/div>\n<\/div>\n\n<div>\n<div>&nbsp;<\/div>\n<\/div>\n\n<div>\n<div>For example, the workers in a factory might want to get paid more. They might go on a strike to reach that goal. Students at a university might want to prevent an increase in tuition fees. They might hand out flyers or occupy a building to reach that goal. Other groups might want to protest against police violence. They might block traffic on a road to make others aware of this issue.<\/div><\/div>","DefaultChoices":false,"DataExportTag":"IN2","QuestionType":"DB","Selector":"TB","Configuration":{"QuestionDescriptionOption":"UseText"},"QuestionDescription":"It is very important for this\u00a0study that you read the description below. \u00a0 Society is not only ma...","ChoiceOrder":[],"Validation":{"Settings":{"Type":"None"}},"GradingData":[],"Language":[],"QuestionID":"QID13","PrivateData":false,"QuestionText_Unsafe":"<div>\n<div>\n<div><strong>It is very important for this&nbsp;study that you read the description below.<\/strong><\/div>\n\n<div>&nbsp;<\/div>\n\n<div>Society is not only made up of individuals, but consists of &#39;social groups&#39; to which these individuals belong. Each person lives in a place, has a job (or not) at an organisation, is fan of a specific sports club,&nbsp; has a religion, or belongs to any number of other such groups. Individuals often act in ways to promote the interests of the social groups to which they belong.<\/div>\n<\/div>\n\n<div>\n<div>&nbsp;<\/div>\n<\/div>\n\n<div>\n<div>For example, the workers in a factory might want to get paid more. They might go on a strike to reach that goal. Students at a university might want to prevent an increase in tuition fees. They might hand out flyers or occupy a building to reach that goal. Other groups might want to protest against police violence. They might block traffic on a road to make others aware of this issue.<\/div>\n<\/div>\n\n<div>\n<div>&nbsp;<\/div>\n<\/div>\n\n<div>\n<div><strong>Please think of other actions that members of a social group (or social groups as a whole) might take to promote their group&#39;s interests or goals.<\/strong><\/div>\n<\/div>\n<\/div>","DataVisibility":{"Private":false,"Hidden":false},"NextChoiceId":1,"NextAnswerId":1,"DisplayLogic":{"0":{"0":{"LogicType":"Question","QuestionID":"QID1","QuestionIsInLoop":"no","ChoiceLocator":"q:\/\/QID1\/ChoiceTextEntryValue\/1","Operator":"Empty","QuestionIDFromLocator":"QID1","LeftOperand":"q:\/\/QID1\/ChoiceTextEntryValue\/1","Type":"Expression","Description":"<span class=\"ConjDesc\">If<\/span> <span class=\"QuestionDesc\">Please name at least 5&amp;nbsp;actions that fit the description above. You can name up to 10 actions if you want to. Please try to think of actions that vary in how acceptable or unacceptable they are...<\/span> <span class=\"LeftOpDesc\">Action 1<\/span> <span class=\"OpDesc\">Is Empty<\/span> "},"Type":"If"},"Type":"BooleanExpression","inPage":false}}},{"SurveyID":"SV_6PttCi67hcWcvvD","Element":"SQ","PrimaryAttribute":"QID7","SecondaryAttribute":"On the left, you see the actions you have named on the previous page. Think about each action. Ca...","TertiaryAttribute":null,"Payload":{"QuestionText":"On the left, you see the actions you have named on the previous page. Think about each action. Can you think of situations in which this action <strong>is an acceptable<\/strong> means to advance a group&#39;s goals or interests? Can you think of situations in which this action <strong>is not an acceptable<\/strong> means to advance a group&#39;s interests?<br \/>\n&nbsp;\n<div>Based on what you think, please sort each action into one of the categories on the right.&nbsp;<\/div>","DefaultChoices":false,"DataExportTag":"Q2","QuestionType":"PGR","Selector":"DragAndDrop","SubSelector":"NoColumns","Configuration":{"QuestionDescriptionOption":"UseText","Stack":false,"StackItemsInGroups":false},"QuestionDescription":"On the left, you see the actions you have named on the previous page. Think about each action. Ca...","Choices":[],"DynamicChoices":{"DynamicType":"ChoiceGroup","Locator":"q:\/\/QID1\/ChoiceGroup\/EnteredChoicesTextEntry","Type":"Dynamic","Description":"Entered Form Fields - Entered Text"},"DynamicChoicesData":[],"ChoiceOrder":[],"Validation":{"Settings":{"ForceResponse":"ON","Type":"None"}},"GradingData":[],"Language":[],"Groups":["Always acceptable","Sometimes acceptable","Never acceptable"],"NumberOfGroups":3,"QuestionID":"QID7","PrivateData":false,"QuestionText_Unsafe":"On the left, you see the actions you have named on the previous page. Think about each action. Can you think of situations in which this action <strong>is an acceptable<\/strong> means to advance a group&#39;s goals or interests? Can you think of situations in which this action <strong>is not an acceptable<\/strong> means to advance a group&#39;s interests?<br \/>\n&nbsp;\n<div>Based on what you think, please sort each action into one of the categories on the right.&nbsp;<\/div>","DataVisibility":{"Private":false,"Hidden":false},"NextChoiceId":1,"NextAnswerId":4}},{"SurveyID":"SV_6PttCi67hcWcvvD","Element":"SQ","PrimaryAttribute":"QID1","SecondaryAttribute":"Please name at least 5\u00a0actions that fit the description above. You can name up to 10 actions if y..","TertiaryAttribute":null,"Payload":{"QuestionText":"Please name <strong>at least 5<\/strong>&nbsp;actions that fit the description above. You can name <strong>up to 10<\/strong> actions if you want to. Please try to think of actions that vary in how <em>acceptable<\/em> or <em>unacceptable<\/em> they are (in your opinion).&nbsp;\n\n<div>&nbsp;<\/div>\n\n<div>Please be as specific as possible when describing these actions. For example, write \"march in protest\" instead of \"protest\", or \"spray political messages in public places\" instead of \"vandalism\".<\/div>","DefaultChoices":false,"DataExportTag":"Q1","QuestionType":"TE","Selector":"FORM","Configuration":{"QuestionDescriptionOption":"UseText"},"QuestionDescription":"Please name at least 5\u00a0actions that fit the description above. You can name up to 10 actions if y...","Validation":{"Settings":{"ForceResponse":"OFF","ForceResponseType":"ON","Type":"None"}},"GradingData":[],"Language":[],"QuestionID":"QID1","PrivateData":false,"Choices":{"1":{"Display":"Action 1","TextEntry":"on","InputHeight":28,"InputWidth":400,"TextEntryLength":"Long","TextEntryValidation":"ForceResponse"},"2":{"Display":"Action 2","TextEntry":"on","InputHeight":28,"InputWidth":400,"TextEntryLength":"Long","TextEntryValidation":"ForceResponse"},"3":{"Display":"Action 3","TextEntry":"on","InputHeight":28,"InputWidth":400,"TextEntryLength":"Long","TextEntryValidation":"ForceResponse"},"4":{"Display":"Action 4","TextEntry":"on","InputHeight":28,"InputWidth":400,"TextEntryLength":"Long","TextEntryValidation":"ForceResponse"},"5":{"Display":"Action 5","TextEntry":"on","InputHeight":28,"InputWidth":400,"TextEntryLength":"Long","TextEntryValidation":"ForceResponse"},"6":{"Display":"Action 6","TextEntry":"on","InputHeight":28,"InputWidth":400,"TextEntryLength":"Long"},"7":{"Display":"Action 7","TextEntry":"on","InputHeight":28,"InputWidth":400,"TextEntryLength":"Long"},"8":{"Display":"Action 8","TextEntry":"on","InputHeight":28,"InputWidth":400,"TextEntryLength":"Long"},"9":{"Display":"Action 9","TextEntry":"on","InputHeight":28,"InputWidth":400,"TextEntryLength":"Long"},"10":{"Display":"Action 10","TextEntry":"on","InputHeight":28,"InputWidth":400,"TextEntryLength":"Long"}},"ChoiceOrder":[1,2,3,4,5,6,7,8,9,10],"QuestionText_Unsafe":"Please name <strong>at least 5<\/strong>&nbsp;actions that fit the description above. You can name <strong>up to 10<\/strong> actions if you want to. Please try to think of actions that vary in how <em>acceptable<\/em> or <em>unacceptable<\/em> they are (in your opinion).&nbsp;\n\n<div>&nbsp;<\/div>\n\n<div>Please be as specific as possible when describing these actions. For example, write &quot;march in protest&quot; instead of &quot;protest&quot;, or &quot;spray political messages in public places&quot; instead of &quot;vandalism&quot;.<\/div>","DataVisibility":{"Private":false,"Hidden":false},"NextChoiceId":11,"NextAnswerId":1,"SearchSource":{"AllowFreeResponse":"false"}}},{"SurveyID":"SV_6PttCi67hcWcvvD","Element":"SQ","PrimaryAttribute":"QID16","SecondaryAttribute":"Please think of other actions that members of a social group (or social groups as a whole) might...","TertiaryAttribute":null,"Payload":{"QuestionText":"<span style=\"font-weight: 700;\">Please think of other actions that members of a social group (or social groups as a whole) might take to promote their group's interests or goals.<\/span>","DefaultChoices":false,"DataExportTag":"IN3","QuestionType":"DB","Selector":"TB","Configuration":{"QuestionDescriptionOption":"UseText"},"QuestionDescription":"Please think of other actions that members of a social group (or social groups as a whole) might...","ChoiceOrder":[],"Validation":{"Settings":{"Type":"None"}},"GradingData":[],"Language":[],"NextChoiceId":4,"NextAnswerId":1,"QuestionID":"QID16"}},{"SurveyID":"SV_6PttCi67hcWcvvD","Element":"SQ","PrimaryAttribute":"QID12","SecondaryAttribute":"Some of the categories were empty. Going back to the list of actions you have named, could you ad...","TertiaryAttribute":null,"Payload":{"QuestionText":"Some of the categories were empty. <strong>Going back to the list of actions you have named, could you add actions so that there is at least one action for each of the three categories*?<\/strong> If you have already used up all 10 fields, please edit one or more of your choices. Please continue to the next page, enter\/change your choices, and then sort them into the three categories.\n\n<div>&nbsp;<\/div>\n\n<div>* always acceptable, sometimes acceptable, never acceptable<\/div>","DefaultChoices":false,"DataExportTag":"IN4","QuestionType":"DB","Selector":"TB","Configuration":{"QuestionDescriptionOption":"UseText"},"QuestionDescription":"Some of the categories were empty. Going back to the list of actions you have named, could you ad...","ChoiceOrder":[],"Validation":{"Settings":{"Type":"None"}},"GradingData":[],"Language":[],"QuestionID":"QID12","QuestionText_Unsafe":"Some of the categories were empty. <strong>Going back to the list of actions you have named, could you add actions so that there is at least one action for each of the three categories*?<\/strong> If you have already used up all 10 fields, please edit one or more of your choices. Please continue to the next page, enter\/change your choices, and then sort them into the three categories.\n\n<div>&nbsp;<\/div>\n\n<div>* always acceptable, sometimes acceptable, never acceptable<\/div>","PrivateData":false,"DataVisibility":{"Private":false,"Hidden":false},"NextChoiceId":1,"NextAnswerId":1}}]}